
Microsoft Visual Studio Solution File, Format Version 12.00
# Visual Studio Version 17
VisualStudioVersion = 17.6.33829.357
MinimumVisualStudioVersion = 10.0.40219.1
Project("{9A19103F-16F7-4668-BE54-9A1E7A4F7556}") = "LiveChartsCore", "src\LiveChartsCore\LiveChartsCore.csproj", "{67871672-BE59-4D1E-A7CF-71765888ED5F}"
EndProject
Project("{9A19103F-16F7-4668-BE54-9A1E7A4F7556}") = "LiveChartsCore.SkiaSharpView", "src\skiasharp\LiveChartsCore.SkiaSharp\LiveChartsCore.SkiaSharpView.csproj", "{2004111E-2110-460F-AED6-A6473A7533E6}"
EndProject
Project("{9A19103F-16F7-4668-BE54-9A1E7A4F7556}") = "LiveChartsCore.SkiaSharpView.Maui", "src\skiasharp\LiveChartsCore.SkiaSharpView.Maui\LiveChartsCore.SkiaSharpView.Maui.csproj", "{288347E2-11DE-447E-ADF7-1C0EC789713B}"
EndProject
Project("{9A19103F-16F7-4668-BE54-9A1E7A4F7556}") = "MauiSample", "samples\MauiSample\MauiSample.csproj", "{0CFF42C6-E143-48DA-A01B-16097E2769FF}"
EndProject
Project("{9A19103F-16F7-4668-BE54-9A1E7A4F7556}") = "ViewModelsSamples", "samples\ViewModelsSamples\ViewModelsSamples.csproj", "{F12F0322-ED2F-48FB-99C2-61B415457443}"
EndProject
Global
	GlobalSection(SolutionConfigurationPlatforms) = preSolution
		Debug|Any CPU = Debug|Any CPU
		Release|Any CPU = Release|Any CPU
	EndGlobalSection
	GlobalSection(ProjectConfigurationPlatforms) = postSolution
		{67871672-BE59-4D1E-A7CF-71765888ED5F}.Debug|Any CPU.ActiveCfg = Debug|Any CPU
		{67871672-BE59-4D1E-A7CF-71765888ED5F}.Debug|Any CPU.Build.0 = Debug|Any CPU
		{67871672-BE59-4D1E-A7CF-71765888ED5F}.Release|Any CPU.ActiveCfg = Release|Any CPU
		{67871672-BE59-4D1E-A7CF-71765888ED5F}.Release|Any CPU.Build.0 = Release|Any CPU
		{2004111E-2110-460F-AED6-A6473A7533E6}.Debug|Any CPU.ActiveCfg = Debug|Any CPU
		{2004111E-2110-460F-AED6-A6473A7533E6}.Debug|Any CPU.Build.0 = Debug|Any CPU
		{2004111E-2110-460F-AED6-A6473A7533E6}.Release|Any CPU.ActiveCfg = Release|Any CPU
		{2004111E-2110-460F-AED6-A6473A7533E6}.Release|Any CPU.Build.0 = Release|Any CPU
		{288347E2-11DE-447E-ADF7-1C0EC789713B}.Debug|Any CPU.ActiveCfg = Debug|Any CPU
		{288347E2-11DE-447E-ADF7-1C0EC789713B}.Debug|Any CPU.Build.0 = Debug|Any CPU
		{288347E2-11DE-447E-ADF7-1C0EC789713B}.Release|Any CPU.ActiveCfg = Release|Any CPU
		{288347E2-11DE-447E-ADF7-1C0EC789713B}.Release|Any CPU.Build.0 = Release|Any CPU
		{0CFF42C6-E143-48DA-A01B-16097E2769FF}.Debug|Any CPU.ActiveCfg = Debug|Any CPU
		{0CFF42C6-E143-48DA-A01B-16097E2769FF}.Debug|Any CPU.Build.0 = Debug|Any CPU
		{0CFF42C6-E143-48DA-A01B-16097E2769FF}.Debug|Any CPU.Deploy.0 = Debug|Any CPU
		{0CFF42C6-E143-48DA-A01B-16097E2769FF}.Release|Any CPU.ActiveCfg = Release|Any CPU
		{0CFF42C6-E143-48DA-A01B-16097E2769FF}.Release|Any CPU.Build.0 = Release|Any CPU
		{0CFF42C6-E143-48DA-A01B-16097E2769FF}.Release|Any CPU.Deploy.0 = Release|Any CPU
		{F12F0322-ED2F-48FB-99C2-61B415457443}.Debug|Any CPU.ActiveCfg = Debug|Any CPU
		{F12F0322-ED2F-48FB-99C2-61B415457443}.Debug|Any CPU.Build.0 = Debug|Any CPU
		{F12F0322-ED2F-48FB-99C2-61B415457443}.Release|Any CPU.ActiveCfg = Release|Any CPU
		{F12F0322-ED2F-48FB-99C2-61B415457443}.Release|Any CPU.Build.0 = Release|Any CPU
	EndGlobalSection
	GlobalSection(SolutionProperties) = preSolution
		HideSolutionNode = FALSE
	EndGlobalSection
	GlobalSection(ExtensibilityGlobals) = postSolution
		SolutionGuid = {DCF23B03-BA09-48DE-A022-F2893D8217D6}
	EndGlobalSection
EndGlobal
