
Microsoft Visual Studio Solution File, Format Version 12.00
# Visual Studio Version 17
VisualStudioVersion = 17.1.31903.286
MinimumVisualStudioVersion = 10.0.40219.1
Project("{9A19103F-16F7-4668-BE54-9A1E7A4F7556}") = "LiveChartsCore", "src\LiveChartsCore\LiveChartsCore.csproj", "{26D2C259-8744-4993-821A-DFC4919CE6EC}"
EndProject
Project("{9A19103F-16F7-4668-BE54-9A1E7A4F7556}") = "LiveChartsCore.SkiaSharpView", "src\skiasharp\LiveChartsCore.SkiaSharp\LiveChartsCore.SkiaSharpView.csproj", "{2707C01E-51C8-4377-A3B0-84581736A1F5}"
EndProject
Project("{9A19103F-16F7-4668-BE54-9A1E7A4F7556}") = "LiveChartsCore.SkiaSharpView.Avalonia", "src\skiasharp\LiveChartsCore.SkiaSharp.Avalonia\LiveChartsCore.SkiaSharpView.Avalonia.csproj", "{95957F12-6097-448C-94C9-A329DC9E0A8C}"
EndProject
Project("{9A19103F-16F7-4668-BE54-9A1E7A4F7556}") = "LiveChartsCore.SkiaSharpView.WinForms", "src\skiasharp\LiveChartsCore.SkiaSharp.WinForms\LiveChartsCore.SkiaSharpView.WinForms.csproj", "{41F42ED4-29A3-4D38-8EF2-D94389F272D5}"
EndProject
Project("{9A19103F-16F7-4668-BE54-9A1E7A4F7556}") = "LiveChartsCore.SkiaSharpView.Xamarin.Forms", "src\skiasharp\LiveChartsCore.SkiaSharp.Xamarin.Forms\LiveChartsCore.SkiaSharpView.Xamarin.Forms.csproj", "{AAFE9BEA-8FA7-4F70-BA04-9BB4BBF57A89}"
EndProject
Project("{9A19103F-16F7-4668-BE54-9A1E7A4F7556}") = "LiveChartsCore.SkiaSharpView.WPF", "src\skiasharp\LiveChartsCore.SkiaSharp.WPF\LiveChartsCore.SkiaSharpView.WPF.csproj", "{D076DDB9-4023-4850-9868-2935AEDA0388}"
EndProject
Project("{9A19103F-16F7-4668-BE54-9A1E7A4F7556}") = "LiveChartsCore.SkiaSharpView.WinUI", "src\skiasharp\LiveChartsCore.SkiaSharpVew.WinUI\LiveChartsCore.SkiaSharpView.WinUI.csproj", "{1DC9FFF1-9566-4E21-ADD0-ECEFCBA9C6D6}"
EndProject
Project("{9A19103F-16F7-4668-BE54-9A1E7A4F7556}") = "LiveChartsCore.SkiaSharpView.Blazor", "src\skiasharp\LiveChartsCore.SkiaSharpView.Blazor\LiveChartsCore.SkiaSharpView.Blazor.csproj", "{3C497B75-FD30-4698-BA6E-CEDB04851ABF}"
EndProject
Project("{FAE04EC0-301F-11D3-BF4B-00C04F79EFBC}") = "LiveChartsCore.SkiaSharpView.UWP", "src\skiasharp\LiveChartsCore.SkiaSharpView.UWP\LiveChartsCore.SkiaSharpView.UWP.csproj", "{087F8DD4-7C9D-4373-8BC6-9AFE054F9953}"
EndProject
Project("{2150E333-8FDC-42A3-9474-1A3956D46DE8}") = "Samples", "Samples", "{43C99AEA-1FEA-4E60-BC0E-B68FFA177B10}"
EndProject
Project("{2150E333-8FDC-42A3-9474-1A3956D46DE8}") = "Tests", "Tests", "{62EBB651-BA58-4381-AE78-3B405480B258}"
EndProject
Project("{9A19103F-16F7-4668-BE54-9A1E7A4F7556}") = "LiveChartsCore.UnitTesting", "tests\LiveChartsCore.UnitTesting\LiveChartsCore.UnitTesting.csproj", "{0D477C33-AAE8-42CE-9F62-4DB7389B39DC}"
EndProject
Project("{2150E333-8FDC-42A3-9474-1A3956D46DE8}") = "Avalonia", "Avalonia", "{E32C8BAD-5124-43A9-A894-1134CBCEF7A8}"
EndProject
Project("{9A19103F-16F7-4668-BE54-9A1E7A4F7556}") = "AvaloniaSample", "samples\AvaloniaSample\AvaloniaSample.csproj", "{DCF1A705-7F96-4324-B070-B4021C8752A8}"
EndProject
Project("{2150E333-8FDC-42A3-9474-1A3956D46DE8}") = "Blazor", "Blazor", "{98289E97-05FA-44F3-A651-686B665E459A}"
EndProject
Project("{9A19103F-16F7-4668-BE54-9A1E7A4F7556}") = "BlazorSample", "samples\BlazorSample\BlazorSample.csproj", "{460E3D10-5032-4F95-85BC-85003522D363}"
EndProject
Project("{2150E333-8FDC-42A3-9474-1A3956D46DE8}") = "Maui", "Maui", "{2F58417C-425A-46C0-8BDA-94328C8535FD}"
EndProject
Project("{9A19103F-16F7-4668-BE54-9A1E7A4F7556}") = "MauiSample", "samples\MauiSample\MauiSample.csproj", "{D3CEEA35-1770-49FC-A126-F8FFB0415A1E}"
EndProject
Project("{2150E333-8FDC-42A3-9474-1A3956D46DE8}") = "UWP", "UWP", "{B974651E-A719-4566-B87E-9754735D1CF3}"
EndProject
Project("{FAE04EC0-301F-11D3-BF4B-00C04F79EFBC}") = "UWPSample", "samples\UWPSample\UWPSample.csproj", "{3EE1E8CC-075A-4E54-9E65-2D0390D6C5A3}"
EndProject
Project("{2150E333-8FDC-42A3-9474-1A3956D46DE8}") = "WinForms", "WinForms", "{0D436BA8-A1AD-482E-A449-D59BA03578D3}"
EndProject
Project("{9A19103F-16F7-4668-BE54-9A1E7A4F7556}") = "WinFormsSample", "samples\WinFormsSample\WinFormsSample.csproj", "{7A1514AF-E40B-40D0-83E2-01EDAAF49E8E}"
EndProject
Project("{2150E333-8FDC-42A3-9474-1A3956D46DE8}") = "WinUI", "WinUI", "{9F0FDCF9-0C73-4B88-BC12-852CF78E8770}"
EndProject
Project("{9A19103F-16F7-4668-BE54-9A1E7A4F7556}") = "WinUISample", "samples\WinUISample\WinUI\WinUI\WinUISample.csproj", "{9C0DBA3C-312C-4BDC-B537-4A173FAB45A8}"
EndProject
Project("{C7167F0D-BC9F-4E6E-AFE1-012C56B48DB5}") = "WinUISample (Package)", "samples\WinUISample\WinUI\WinUI (Package)\WinUISample (Package).wapproj", "{35885ABD-DBDE-4270-A9AD-5EBC4C7229A1}"
EndProject
Project("{2150E333-8FDC-42A3-9474-1A3956D46DE8}") = "WPF", "WPF", "{DF409787-15A0-414E-9C98-DADDFC589A51}"
EndProject
Project("{9A19103F-16F7-4668-BE54-9A1E7A4F7556}") = "WPFSample", "samples\WPFSample\WPFSample.csproj", "{4A145EB5-E6BC-40C9-9C5E-D15D0D1CE8FF}"
EndProject
Project("{2150E333-8FDC-42A3-9474-1A3956D46DE8}") = "Xamarin", "Xamarin", "{0F17E6B0-0689-4438-AE61-1E9A965C9B93}"
EndProject
Project("{9A19103F-16F7-4668-BE54-9A1E7A4F7556}") = "XamarinSample", "samples\XamarinSample\XamarinSample\XamarinSample\XamarinSample.csproj", "{2A7B34AE-A0CE-44BD-8E87-C0DF189FB8F2}"
EndProject
Project("{FAE04EC0-301F-11D3-BF4B-00C04F79EFBC}") = "XamarinSample.Android", "samples\XamarinSample\XamarinSample\XamarinSample.Android\XamarinSample.Android.csproj", "{CF70F46A-6ABC-4D0E-9CC9-4AE459DBFB6B}"
EndProject
Project("{FAE04EC0-301F-11D3-BF4B-00C04F79EFBC}") = "XamarinSample.iOS", "samples\XamarinSample\XamarinSample\XamarinSample.iOS\XamarinSample.iOS.csproj", "{AC5BD0F6-30E3-4400-B3E2-E581CF058846}"
EndProject
Project("{FAE04EC0-301F-11D3-BF4B-00C04F79EFBC}") = "XamarinSample.UWP", "samples\XamarinSample\XamarinSample\XamarinSample.UWP\XamarinSample.UWP.csproj", "{5B951A37-AF5C-48B4-BD77-3D6A7F781297}"
EndProject
Project("{FAE04EC0-301F-11D3-BF4B-00C04F79EFBC}") = "LiveChartsCore.SkiaSharpView.Maui", "src\skiasharp\LiveChartsCore.SkiaSharpView.Maui\LiveChartsCore.SkiaSharpView.Maui.csproj", "{F5F994C8-6BF5-4A06-8C11-33FFC30BB39D}"
EndProject
Project("{9A19103F-16F7-4668-BE54-9A1E7A4F7556}") = "ViewModelsSamples", "samples\ViewModelsSamples\ViewModelsSamples.csproj", "{154A8E1F-CF02-4F52-889A-CCA948547BCD}"
EndProject
Global
	GlobalSection(SolutionConfigurationPlatforms) = preSolution
		Debug|Any CPU = Debug|Any CPU
		Debug|ARM = Debug|ARM
		Debug|ARM64 = Debug|ARM64
		Debug|iPhone = Debug|iPhone
		Debug|iPhoneSimulator = Debug|iPhoneSimulator
		Debug|x64 = Debug|x64
		Debug|x86 = Debug|x86
		Release|Any CPU = Release|Any CPU
		Release|ARM = Release|ARM
		Release|ARM64 = Release|ARM64
		Release|iPhone = Release|iPhone
		Release|iPhoneSimulator = Release|iPhoneSimulator
		Release|x64 = Release|x64
		Release|x86 = Release|x86
	EndGlobalSection
	GlobalSection(ProjectConfigurationPlatforms) = postSolution
		{26D2C259-8744-4993-821A-DFC4919CE6EC}.Debug|Any CPU.ActiveCfg = Debug|Any CPU
		{26D2C259-8744-4993-821A-DFC4919CE6EC}.Debug|Any CPU.Build.0 = Debug|Any CPU
		{26D2C259-8744-4993-821A-DFC4919CE6EC}.Debug|ARM.ActiveCfg = Debug|Any CPU
		{26D2C259-8744-4993-821A-DFC4919CE6EC}.Debug|ARM.Build.0 = Debug|Any CPU
		{26D2C259-8744-4993-821A-DFC4919CE6EC}.Debug|ARM64.ActiveCfg = Debug|Any CPU
		{26D2C259-8744-4993-821A-DFC4919CE6EC}.Debug|ARM64.Build.0 = Debug|Any CPU
		{26D2C259-8744-4993-821A-DFC4919CE6EC}.Debug|iPhone.ActiveCfg = Debug|Any CPU
		{26D2C259-8744-4993-821A-DFC4919CE6EC}.Debug|iPhone.Build.0 = Debug|Any CPU
		{26D2C259-8744-4993-821A-DFC4919CE6EC}.Debug|iPhoneSimulator.ActiveCfg = Debug|Any CPU
		{26D2C259-8744-4993-821A-DFC4919CE6EC}.Debug|iPhoneSimulator.Build.0 = Debug|Any CPU
		{26D2C259-8744-4993-821A-DFC4919CE6EC}.Debug|x64.ActiveCfg = Debug|Any CPU
		{26D2C259-8744-4993-821A-DFC4919CE6EC}.Debug|x64.Build.0 = Debug|Any CPU
		{26D2C259-8744-4993-821A-DFC4919CE6EC}.Debug|x86.ActiveCfg = Debug|Any CPU
		{26D2C259-8744-4993-821A-DFC4919CE6EC}.Debug|x86.Build.0 = Debug|Any CPU
		{26D2C259-8744-4993-821A-DFC4919CE6EC}.Release|Any CPU.ActiveCfg = Release|Any CPU
		{26D2C259-8744-4993-821A-DFC4919CE6EC}.Release|Any CPU.Build.0 = Release|Any CPU
		{26D2C259-8744-4993-821A-DFC4919CE6EC}.Release|ARM.ActiveCfg = Release|Any CPU
		{26D2C259-8744-4993-821A-DFC4919CE6EC}.Release|ARM.Build.0 = Release|Any CPU
		{26D2C259-8744-4993-821A-DFC4919CE6EC}.Release|ARM64.ActiveCfg = Release|Any CPU
		{26D2C259-8744-4993-821A-DFC4919CE6EC}.Release|ARM64.Build.0 = Release|Any CPU
		{26D2C259-8744-4993-821A-DFC4919CE6EC}.Release|iPhone.ActiveCfg = Release|Any CPU
		{26D2C259-8744-4993-821A-DFC4919CE6EC}.Release|iPhone.Build.0 = Release|Any CPU
		{26D2C259-8744-4993-821A-DFC4919CE6EC}.Release|iPhoneSimulator.ActiveCfg = Release|Any CPU
		{26D2C259-8744-4993-821A-DFC4919CE6EC}.Release|iPhoneSimulator.Build.0 = Release|Any CPU
		{26D2C259-8744-4993-821A-DFC4919CE6EC}.Release|x64.ActiveCfg = Release|Any CPU
		{26D2C259-8744-4993-821A-DFC4919CE6EC}.Release|x64.Build.0 = Release|Any CPU
		{26D2C259-8744-4993-821A-DFC4919CE6EC}.Release|x86.ActiveCfg = Release|Any CPU
		{26D2C259-8744-4993-821A-DFC4919CE6EC}.Release|x86.Build.0 = Release|Any CPU
		{2707C01E-51C8-4377-A3B0-84581736A1F5}.Debug|Any CPU.ActiveCfg = Debug|Any CPU
		{2707C01E-51C8-4377-A3B0-84581736A1F5}.Debug|Any CPU.Build.0 = Debug|Any CPU
		{2707C01E-51C8-4377-A3B0-84581736A1F5}.Debug|ARM.ActiveCfg = Debug|Any CPU
		{2707C01E-51C8-4377-A3B0-84581736A1F5}.Debug|ARM.Build.0 = Debug|Any CPU
		{2707C01E-51C8-4377-A3B0-84581736A1F5}.Debug|ARM64.ActiveCfg = Debug|Any CPU
		{2707C01E-51C8-4377-A3B0-84581736A1F5}.Debug|ARM64.Build.0 = Debug|Any CPU
		{2707C01E-51C8-4377-A3B0-84581736A1F5}.Debug|iPhone.ActiveCfg = Debug|Any CPU
		{2707C01E-51C8-4377-A3B0-84581736A1F5}.Debug|iPhone.Build.0 = Debug|Any CPU
		{2707C01E-51C8-4377-A3B0-84581736A1F5}.Debug|iPhoneSimulator.ActiveCfg = Debug|Any CPU
		{2707C01E-51C8-4377-A3B0-84581736A1F5}.Debug|iPhoneSimulator.Build.0 = Debug|Any CPU
		{2707C01E-51C8-4377-A3B0-84581736A1F5}.Debug|x64.ActiveCfg = Debug|Any CPU
		{2707C01E-51C8-4377-A3B0-84581736A1F5}.Debug|x64.Build.0 = Debug|Any CPU
		{2707C01E-51C8-4377-A3B0-84581736A1F5}.Debug|x86.ActiveCfg = Debug|Any CPU
		{2707C01E-51C8-4377-A3B0-84581736A1F5}.Debug|x86.Build.0 = Debug|Any CPU
		{2707C01E-51C8-4377-A3B0-84581736A1F5}.Release|Any CPU.ActiveCfg = Release|Any CPU
		{2707C01E-51C8-4377-A3B0-84581736A1F5}.Release|Any CPU.Build.0 = Release|Any CPU
		{2707C01E-51C8-4377-A3B0-84581736A1F5}.Release|ARM.ActiveCfg = Release|Any CPU
		{2707C01E-51C8-4377-A3B0-84581736A1F5}.Release|ARM.Build.0 = Release|Any CPU
		{2707C01E-51C8-4377-A3B0-84581736A1F5}.Release|ARM64.ActiveCfg = Release|Any CPU
		{2707C01E-51C8-4377-A3B0-84581736A1F5}.Release|ARM64.Build.0 = Release|Any CPU
		{2707C01E-51C8-4377-A3B0-84581736A1F5}.Release|iPhone.ActiveCfg = Release|Any CPU
		{2707C01E-51C8-4377-A3B0-84581736A1F5}.Release|iPhone.Build.0 = Release|Any CPU
		{2707C01E-51C8-4377-A3B0-84581736A1F5}.Release|iPhoneSimulator.ActiveCfg = Release|Any CPU
		{2707C01E-51C8-4377-A3B0-84581736A1F5}.Release|iPhoneSimulator.Build.0 = Release|Any CPU
		{2707C01E-51C8-4377-A3B0-84581736A1F5}.Release|x64.ActiveCfg = Release|Any CPU
		{2707C01E-51C8-4377-A3B0-84581736A1F5}.Release|x64.Build.0 = Release|Any CPU
		{2707C01E-51C8-4377-A3B0-84581736A1F5}.Release|x86.ActiveCfg = Release|Any CPU
		{2707C01E-51C8-4377-A3B0-84581736A1F5}.Release|x86.Build.0 = Release|Any CPU
		{95957F12-6097-448C-94C9-A329DC9E0A8C}.Debug|Any CPU.ActiveCfg = Debug|Any CPU
		{95957F12-6097-448C-94C9-A329DC9E0A8C}.Debug|Any CPU.Build.0 = Debug|Any CPU
		{95957F12-6097-448C-94C9-A329DC9E0A8C}.Debug|ARM.ActiveCfg = Debug|Any CPU
		{95957F12-6097-448C-94C9-A329DC9E0A8C}.Debug|ARM.Build.0 = Debug|Any CPU
		{95957F12-6097-448C-94C9-A329DC9E0A8C}.Debug|ARM64.ActiveCfg = Debug|Any CPU
		{95957F12-6097-448C-94C9-A329DC9E0A8C}.Debug|ARM64.Build.0 = Debug|Any CPU
		{95957F12-6097-448C-94C9-A329DC9E0A8C}.Debug|iPhone.ActiveCfg = Debug|Any CPU
		{95957F12-6097-448C-94C9-A329DC9E0A8C}.Debug|iPhone.Build.0 = Debug|Any CPU
		{95957F12-6097-448C-94C9-A329DC9E0A8C}.Debug|iPhoneSimulator.ActiveCfg = Debug|Any CPU
		{95957F12-6097-448C-94C9-A329DC9E0A8C}.Debug|iPhoneSimulator.Build.0 = Debug|Any CPU
		{95957F12-6097-448C-94C9-A329DC9E0A8C}.Debug|x64.ActiveCfg = Debug|Any CPU
		{95957F12-6097-448C-94C9-A329DC9E0A8C}.Debug|x64.Build.0 = Debug|Any CPU
		{95957F12-6097-448C-94C9-A329DC9E0A8C}.Debug|x86.ActiveCfg = Debug|Any CPU
		{95957F12-6097-448C-94C9-A329DC9E0A8C}.Debug|x86.Build.0 = Debug|Any CPU
		{95957F12-6097-448C-94C9-A329DC9E0A8C}.Release|Any CPU.ActiveCfg = Release|Any CPU
		{95957F12-6097-448C-94C9-A329DC9E0A8C}.Release|Any CPU.Build.0 = Release|Any CPU
		{95957F12-6097-448C-94C9-A329DC9E0A8C}.Release|ARM.ActiveCfg = Release|Any CPU
		{95957F12-6097-448C-94C9-A329DC9E0A8C}.Release|ARM.Build.0 = Release|Any CPU
		{95957F12-6097-448C-94C9-A329DC9E0A8C}.Release|ARM64.ActiveCfg = Release|Any CPU
		{95957F12-6097-448C-94C9-A329DC9E0A8C}.Release|ARM64.Build.0 = Release|Any CPU
		{95957F12-6097-448C-94C9-A329DC9E0A8C}.Release|iPhone.ActiveCfg = Release|Any CPU
		{95957F12-6097-448C-94C9-A329DC9E0A8C}.Release|iPhone.Build.0 = Release|Any CPU
		{95957F12-6097-448C-94C9-A329DC9E0A8C}.Release|iPhoneSimulator.ActiveCfg = Release|Any CPU
		{95957F12-6097-448C-94C9-A329DC9E0A8C}.Release|iPhoneSimulator.Build.0 = Release|Any CPU
		{95957F12-6097-448C-94C9-A329DC9E0A8C}.Release|x64.ActiveCfg = Release|Any CPU
		{95957F12-6097-448C-94C9-A329DC9E0A8C}.Release|x64.Build.0 = Release|Any CPU
		{95957F12-6097-448C-94C9-A329DC9E0A8C}.Release|x86.ActiveCfg = Release|Any CPU
		{95957F12-6097-448C-94C9-A329DC9E0A8C}.Release|x86.Build.0 = Release|Any CPU
		{41F42ED4-29A3-4D38-8EF2-D94389F272D5}.Debug|Any CPU.ActiveCfg = Debug|Any CPU
		{41F42ED4-29A3-4D38-8EF2-D94389F272D5}.Debug|Any CPU.Build.0 = Debug|Any CPU
		{41F42ED4-29A3-4D38-8EF2-D94389F272D5}.Debug|ARM.ActiveCfg = Debug|Any CPU
		{41F42ED4-29A3-4D38-8EF2-D94389F272D5}.Debug|ARM.Build.0 = Debug|Any CPU
		{41F42ED4-29A3-4D38-8EF2-D94389F272D5}.Debug|ARM64.ActiveCfg = Debug|Any CPU
		{41F42ED4-29A3-4D38-8EF2-D94389F272D5}.Debug|ARM64.Build.0 = Debug|Any CPU
		{41F42ED4-29A3-4D38-8EF2-D94389F272D5}.Debug|iPhone.ActiveCfg = Debug|Any CPU
		{41F42ED4-29A3-4D38-8EF2-D94389F272D5}.Debug|iPhone.Build.0 = Debug|Any CPU
		{41F42ED4-29A3-4D38-8EF2-D94389F272D5}.Debug|iPhoneSimulator.ActiveCfg = Debug|Any CPU
		{41F42ED4-29A3-4D38-8EF2-D94389F272D5}.Debug|iPhoneSimulator.Build.0 = Debug|Any CPU
		{41F42ED4-29A3-4D38-8EF2-D94389F272D5}.Debug|x64.ActiveCfg = Debug|Any CPU
		{41F42ED4-29A3-4D38-8EF2-D94389F272D5}.Debug|x64.Build.0 = Debug|Any CPU
		{41F42ED4-29A3-4D38-8EF2-D94389F272D5}.Debug|x86.ActiveCfg = Debug|Any CPU
		{41F42ED4-29A3-4D38-8EF2-D94389F272D5}.Debug|x86.Build.0 = Debug|Any CPU
		{41F42ED4-29A3-4D38-8EF2-D94389F272D5}.Release|Any CPU.ActiveCfg = Release|Any CPU
		{41F42ED4-29A3-4D38-8EF2-D94389F272D5}.Release|Any CPU.Build.0 = Release|Any CPU
		{41F42ED4-29A3-4D38-8EF2-D94389F272D5}.Release|ARM.ActiveCfg = Release|Any CPU
		{41F42ED4-29A3-4D38-8EF2-D94389F272D5}.Release|ARM.Build.0 = Release|Any CPU
		{41F42ED4-29A3-4D38-8EF2-D94389F272D5}.Release|ARM64.ActiveCfg = Release|Any CPU
		{41F42ED4-29A3-4D38-8EF2-D94389F272D5}.Release|ARM64.Build.0 = Release|Any CPU
		{41F42ED4-29A3-4D38-8EF2-D94389F272D5}.Release|iPhone.ActiveCfg = Release|Any CPU
		{41F42ED4-29A3-4D38-8EF2-D94389F272D5}.Release|iPhone.Build.0 = Release|Any CPU
		{41F42ED4-29A3-4D38-8EF2-D94389F272D5}.Release|iPhoneSimulator.ActiveCfg = Release|Any CPU
		{41F42ED4-29A3-4D38-8EF2-D94389F272D5}.Release|iPhoneSimulator.Build.0 = Release|Any CPU
		{41F42ED4-29A3-4D38-8EF2-D94389F272D5}.Release|x64.ActiveCfg = Release|Any CPU
		{41F42ED4-29A3-4D38-8EF2-D94389F272D5}.Release|x64.Build.0 = Release|Any CPU
		{41F42ED4-29A3-4D38-8EF2-D94389F272D5}.Release|x86.ActiveCfg = Release|Any CPU
		{41F42ED4-29A3-4D38-8EF2-D94389F272D5}.Release|x86.Build.0 = Release|Any CPU
		{AAFE9BEA-8FA7-4F70-BA04-9BB4BBF57A89}.Debug|Any CPU.ActiveCfg = Debug|Any CPU
		{AAFE9BEA-8FA7-4F70-BA04-9BB4BBF57A89}.Debug|Any CPU.Build.0 = Debug|Any CPU
		{AAFE9BEA-8FA7-4F70-BA04-9BB4BBF57A89}.Debug|ARM.ActiveCfg = Debug|Any CPU
		{AAFE9BEA-8FA7-4F70-BA04-9BB4BBF57A89}.Debug|ARM.Build.0 = Debug|Any CPU
		{AAFE9BEA-8FA7-4F70-BA04-9BB4BBF57A89}.Debug|ARM64.ActiveCfg = Debug|Any CPU
		{AAFE9BEA-8FA7-4F70-BA04-9BB4BBF57A89}.Debug|ARM64.Build.0 = Debug|Any CPU
		{AAFE9BEA-8FA7-4F70-BA04-9BB4BBF57A89}.Debug|iPhone.ActiveCfg = Debug|Any CPU
		{AAFE9BEA-8FA7-4F70-BA04-9BB4BBF57A89}.Debug|iPhone.Build.0 = Debug|Any CPU
		{AAFE9BEA-8FA7-4F70-BA04-9BB4BBF57A89}.Debug|iPhoneSimulator.ActiveCfg = Debug|Any CPU
		{AAFE9BEA-8FA7-4F70-BA04-9BB4BBF57A89}.Debug|iPhoneSimulator.Build.0 = Debug|Any CPU
		{AAFE9BEA-8FA7-4F70-BA04-9BB4BBF57A89}.Debug|x64.ActiveCfg = Debug|Any CPU
		{AAFE9BEA-8FA7-4F70-BA04-9BB4BBF57A89}.Debug|x64.Build.0 = Debug|Any CPU
		{AAFE9BEA-8FA7-4F70-BA04-9BB4BBF57A89}.Debug|x86.ActiveCfg = Debug|Any CPU
		{AAFE9BEA-8FA7-4F70-BA04-9BB4BBF57A89}.Debug|x86.Build.0 = Debug|Any CPU
		{AAFE9BEA-8FA7-4F70-BA04-9BB4BBF57A89}.Release|Any CPU.ActiveCfg = Release|Any CPU
		{AAFE9BEA-8FA7-4F70-BA04-9BB4BBF57A89}.Release|Any CPU.Build.0 = Release|Any CPU
		{AAFE9BEA-8FA7-4F70-BA04-9BB4BBF57A89}.Release|ARM.ActiveCfg = Release|Any CPU
		{AAFE9BEA-8FA7-4F70-BA04-9BB4BBF57A89}.Release|ARM.Build.0 = Release|Any CPU
		{AAFE9BEA-8FA7-4F70-BA04-9BB4BBF57A89}.Release|ARM64.ActiveCfg = Release|Any CPU
		{AAFE9BEA-8FA7-4F70-BA04-9BB4BBF57A89}.Release|ARM64.Build.0 = Release|Any CPU
		{AAFE9BEA-8FA7-4F70-BA04-9BB4BBF57A89}.Release|iPhone.ActiveCfg = Release|Any CPU
		{AAFE9BEA-8FA7-4F70-BA04-9BB4BBF57A89}.Release|iPhone.Build.0 = Release|Any CPU
		{AAFE9BEA-8FA7-4F70-BA04-9BB4BBF57A89}.Release|iPhoneSimulator.ActiveCfg = Release|Any CPU
		{AAFE9BEA-8FA7-4F70-BA04-9BB4BBF57A89}.Release|iPhoneSimulator.Build.0 = Release|Any CPU
		{AAFE9BEA-8FA7-4F70-BA04-9BB4BBF57A89}.Release|x64.ActiveCfg = Release|Any CPU
		{AAFE9BEA-8FA7-4F70-BA04-9BB4BBF57A89}.Release|x64.Build.0 = Release|Any CPU
		{AAFE9BEA-8FA7-4F70-BA04-9BB4BBF57A89}.Release|x86.ActiveCfg = Release|Any CPU
		{AAFE9BEA-8FA7-4F70-BA04-9BB4BBF57A89}.Release|x86.Build.0 = Release|Any CPU
		{D076DDB9-4023-4850-9868-2935AEDA0388}.Debug|Any CPU.ActiveCfg = Debug|Any CPU
		{D076DDB9-4023-4850-9868-2935AEDA0388}.Debug|Any CPU.Build.0 = Debug|Any CPU
		{D076DDB9-4023-4850-9868-2935AEDA0388}.Debug|ARM.ActiveCfg = Debug|Any CPU
		{D076DDB9-4023-4850-9868-2935AEDA0388}.Debug|ARM.Build.0 = Debug|Any CPU
		{D076DDB9-4023-4850-9868-2935AEDA0388}.Debug|ARM64.ActiveCfg = Debug|Any CPU
		{D076DDB9-4023-4850-9868-2935AEDA0388}.Debug|ARM64.Build.0 = Debug|Any CPU
		{D076DDB9-4023-4850-9868-2935AEDA0388}.Debug|iPhone.ActiveCfg = Debug|Any CPU
		{D076DDB9-4023-4850-9868-2935AEDA0388}.Debug|iPhone.Build.0 = Debug|Any CPU
		{D076DDB9-4023-4850-9868-2935AEDA0388}.Debug|iPhoneSimulator.ActiveCfg = Debug|Any CPU
		{D076DDB9-4023-4850-9868-2935AEDA0388}.Debug|iPhoneSimulator.Build.0 = Debug|Any CPU
		{D076DDB9-4023-4850-9868-2935AEDA0388}.Debug|x64.ActiveCfg = Debug|Any CPU
		{D076DDB9-4023-4850-9868-2935AEDA0388}.Debug|x64.Build.0 = Debug|Any CPU
		{D076DDB9-4023-4850-9868-2935AEDA0388}.Debug|x86.ActiveCfg = Debug|Any CPU
		{D076DDB9-4023-4850-9868-2935AEDA0388}.Debug|x86.Build.0 = Debug|Any CPU
		{D076DDB9-4023-4850-9868-2935AEDA0388}.Release|Any CPU.ActiveCfg = Release|Any CPU
		{D076DDB9-4023-4850-9868-2935AEDA0388}.Release|Any CPU.Build.0 = Release|Any CPU
		{D076DDB9-4023-4850-9868-2935AEDA0388}.Release|ARM.ActiveCfg = Release|Any CPU
		{D076DDB9-4023-4850-9868-2935AEDA0388}.Release|ARM.Build.0 = Release|Any CPU
		{D076DDB9-4023-4850-9868-2935AEDA0388}.Release|ARM64.ActiveCfg = Release|Any CPU
		{D076DDB9-4023-4850-9868-2935AEDA0388}.Release|ARM64.Build.0 = Release|Any CPU
		{D076DDB9-4023-4850-9868-2935AEDA0388}.Release|iPhone.ActiveCfg = Release|Any CPU
		{D076DDB9-4023-4850-9868-2935AEDA0388}.Release|iPhone.Build.0 = Release|Any CPU
		{D076DDB9-4023-4850-9868-2935AEDA0388}.Release|iPhoneSimulator.ActiveCfg = Release|Any CPU
		{D076DDB9-4023-4850-9868-2935AEDA0388}.Release|iPhoneSimulator.Build.0 = Release|Any CPU
		{D076DDB9-4023-4850-9868-2935AEDA0388}.Release|x64.ActiveCfg = Release|Any CPU
		{D076DDB9-4023-4850-9868-2935AEDA0388}.Release|x64.Build.0 = Release|Any CPU
		{D076DDB9-4023-4850-9868-2935AEDA0388}.Release|x86.ActiveCfg = Release|Any CPU
		{D076DDB9-4023-4850-9868-2935AEDA0388}.Release|x86.Build.0 = Release|Any CPU
		{1DC9FFF1-9566-4E21-ADD0-ECEFCBA9C6D6}.Debug|Any CPU.ActiveCfg = Debug|Any CPU
		{1DC9FFF1-9566-4E21-ADD0-ECEFCBA9C6D6}.Debug|Any CPU.Build.0 = Debug|Any CPU
		{1DC9FFF1-9566-4E21-ADD0-ECEFCBA9C6D6}.Debug|ARM.ActiveCfg = Debug|Any CPU
		{1DC9FFF1-9566-4E21-ADD0-ECEFCBA9C6D6}.Debug|ARM.Build.0 = Debug|Any CPU
		{1DC9FFF1-9566-4E21-ADD0-ECEFCBA9C6D6}.Debug|ARM64.ActiveCfg = Debug|Any CPU
		{1DC9FFF1-9566-4E21-ADD0-ECEFCBA9C6D6}.Debug|ARM64.Build.0 = Debug|Any CPU
		{1DC9FFF1-9566-4E21-ADD0-ECEFCBA9C6D6}.Debug|iPhone.ActiveCfg = Debug|Any CPU
		{1DC9FFF1-9566-4E21-ADD0-ECEFCBA9C6D6}.Debug|iPhone.Build.0 = Debug|Any CPU
		{1DC9FFF1-9566-4E21-ADD0-ECEFCBA9C6D6}.Debug|iPhoneSimulator.ActiveCfg = Debug|Any CPU
		{1DC9FFF1-9566-4E21-ADD0-ECEFCBA9C6D6}.Debug|iPhoneSimulator.Build.0 = Debug|Any CPU
		{1DC9FFF1-9566-4E21-ADD0-ECEFCBA9C6D6}.Debug|x64.ActiveCfg = Debug|Any CPU
		{1DC9FFF1-9566-4E21-ADD0-ECEFCBA9C6D6}.Debug|x64.Build.0 = Debug|Any CPU
		{1DC9FFF1-9566-4E21-ADD0-ECEFCBA9C6D6}.Debug|x86.ActiveCfg = Debug|Any CPU
		{1DC9FFF1-9566-4E21-ADD0-ECEFCBA9C6D6}.Debug|x86.Build.0 = Debug|Any CPU
		{1DC9FFF1-9566-4E21-ADD0-ECEFCBA9C6D6}.Release|Any CPU.ActiveCfg = Release|Any CPU
		{1DC9FFF1-9566-4E21-ADD0-ECEFCBA9C6D6}.Release|Any CPU.Build.0 = Release|Any CPU
		{1DC9FFF1-9566-4E21-ADD0-ECEFCBA9C6D6}.Release|ARM.ActiveCfg = Release|Any CPU
		{1DC9FFF1-9566-4E21-ADD0-ECEFCBA9C6D6}.Release|ARM.Build.0 = Release|Any CPU
		{1DC9FFF1-9566-4E21-ADD0-ECEFCBA9C6D6}.Release|ARM64.ActiveCfg = Release|Any CPU
		{1DC9FFF1-9566-4E21-ADD0-ECEFCBA9C6D6}.Release|ARM64.Build.0 = Release|Any CPU
		{1DC9FFF1-9566-4E21-ADD0-ECEFCBA9C6D6}.Release|iPhone.ActiveCfg = Release|Any CPU
		{1DC9FFF1-9566-4E21-ADD0-ECEFCBA9C6D6}.Release|iPhone.Build.0 = Release|Any CPU
		{1DC9FFF1-9566-4E21-ADD0-ECEFCBA9C6D6}.Release|iPhoneSimulator.ActiveCfg = Release|Any CPU
		{1DC9FFF1-9566-4E21-ADD0-ECEFCBA9C6D6}.Release|iPhoneSimulator.Build.0 = Release|Any CPU
		{1DC9FFF1-9566-4E21-ADD0-ECEFCBA9C6D6}.Release|x64.ActiveCfg = Release|Any CPU
		{1DC9FFF1-9566-4E21-ADD0-ECEFCBA9C6D6}.Release|x64.Build.0 = Release|Any CPU
		{1DC9FFF1-9566-4E21-ADD0-ECEFCBA9C6D6}.Release|x86.ActiveCfg = Release|Any CPU
		{1DC9FFF1-9566-4E21-ADD0-ECEFCBA9C6D6}.Release|x86.Build.0 = Release|Any CPU
		{3C497B75-FD30-4698-BA6E-CEDB04851ABF}.Debug|Any CPU.ActiveCfg = Debug|Any CPU
		{3C497B75-FD30-4698-BA6E-CEDB04851ABF}.Debug|Any CPU.Build.0 = Debug|Any CPU
		{3C497B75-FD30-4698-BA6E-CEDB04851ABF}.Debug|ARM.ActiveCfg = Debug|Any CPU
		{3C497B75-FD30-4698-BA6E-CEDB04851ABF}.Debug|ARM.Build.0 = Debug|Any CPU
		{3C497B75-FD30-4698-BA6E-CEDB04851ABF}.Debug|ARM64.ActiveCfg = Debug|Any CPU
		{3C497B75-FD30-4698-BA6E-CEDB04851ABF}.Debug|ARM64.Build.0 = Debug|Any CPU
		{3C497B75-FD30-4698-BA6E-CEDB04851ABF}.Debug|iPhone.ActiveCfg = Debug|Any CPU
		{3C497B75-FD30-4698-BA6E-CEDB04851ABF}.Debug|iPhone.Build.0 = Debug|Any CPU
		{3C497B75-FD30-4698-BA6E-CEDB04851ABF}.Debug|iPhoneSimulator.ActiveCfg = Debug|Any CPU
		{3C497B75-FD30-4698-BA6E-CEDB04851ABF}.Debug|iPhoneSimulator.Build.0 = Debug|Any CPU
		{3C497B75-FD30-4698-BA6E-CEDB04851ABF}.Debug|x64.ActiveCfg = Debug|Any CPU
		{3C497B75-FD30-4698-BA6E-CEDB04851ABF}.Debug|x64.Build.0 = Debug|Any CPU
		{3C497B75-FD30-4698-BA6E-CEDB04851ABF}.Debug|x86.ActiveCfg = Debug|Any CPU
		{3C497B75-FD30-4698-BA6E-CEDB04851ABF}.Debug|x86.Build.0 = Debug|Any CPU
		{3C497B75-FD30-4698-BA6E-CEDB04851ABF}.Release|Any CPU.ActiveCfg = Release|Any CPU
		{3C497B75-FD30-4698-BA6E-CEDB04851ABF}.Release|Any CPU.Build.0 = Release|Any CPU
		{3C497B75-FD30-4698-BA6E-CEDB04851ABF}.Release|ARM.ActiveCfg = Release|Any CPU
		{3C497B75-FD30-4698-BA6E-CEDB04851ABF}.Release|ARM.Build.0 = Release|Any CPU
		{3C497B75-FD30-4698-BA6E-CEDB04851ABF}.Release|ARM64.ActiveCfg = Release|Any CPU
		{3C497B75-FD30-4698-BA6E-CEDB04851ABF}.Release|ARM64.Build.0 = Release|Any CPU
		{3C497B75-FD30-4698-BA6E-CEDB04851ABF}.Release|iPhone.ActiveCfg = Release|Any CPU
		{3C497B75-FD30-4698-BA6E-CEDB04851ABF}.Release|iPhone.Build.0 = Release|Any CPU
		{3C497B75-FD30-4698-BA6E-CEDB04851ABF}.Release|iPhoneSimulator.ActiveCfg = Release|Any CPU
		{3C497B75-FD30-4698-BA6E-CEDB04851ABF}.Release|iPhoneSimulator.Build.0 = Release|Any CPU
		{3C497B75-FD30-4698-BA6E-CEDB04851ABF}.Release|x64.ActiveCfg = Release|Any CPU
		{3C497B75-FD30-4698-BA6E-CEDB04851ABF}.Release|x64.Build.0 = Release|Any CPU
		{3C497B75-FD30-4698-BA6E-CEDB04851ABF}.Release|x86.ActiveCfg = Release|Any CPU
		{3C497B75-FD30-4698-BA6E-CEDB04851ABF}.Release|x86.Build.0 = Release|Any CPU
		{087F8DD4-7C9D-4373-8BC6-9AFE054F9953}.Debug|Any CPU.ActiveCfg = Debug|Any CPU
		{087F8DD4-7C9D-4373-8BC6-9AFE054F9953}.Debug|Any CPU.Build.0 = Debug|Any CPU
		{087F8DD4-7C9D-4373-8BC6-9AFE054F9953}.Debug|ARM.ActiveCfg = Debug|ARM
		{087F8DD4-7C9D-4373-8BC6-9AFE054F9953}.Debug|ARM.Build.0 = Debug|ARM
		{087F8DD4-7C9D-4373-8BC6-9AFE054F9953}.Debug|ARM64.ActiveCfg = Debug|ARM64
		{087F8DD4-7C9D-4373-8BC6-9AFE054F9953}.Debug|ARM64.Build.0 = Debug|ARM64
		{087F8DD4-7C9D-4373-8BC6-9AFE054F9953}.Debug|iPhone.ActiveCfg = Debug|Any CPU
		{087F8DD4-7C9D-4373-8BC6-9AFE054F9953}.Debug|iPhone.Build.0 = Debug|Any CPU
		{087F8DD4-7C9D-4373-8BC6-9AFE054F9953}.Debug|iPhoneSimulator.ActiveCfg = Debug|Any CPU
		{087F8DD4-7C9D-4373-8BC6-9AFE054F9953}.Debug|iPhoneSimulator.Build.0 = Debug|Any CPU
		{087F8DD4-7C9D-4373-8BC6-9AFE054F9953}.Debug|x64.ActiveCfg = Debug|x64
		{087F8DD4-7C9D-4373-8BC6-9AFE054F9953}.Debug|x64.Build.0 = Debug|x64
		{087F8DD4-7C9D-4373-8BC6-9AFE054F9953}.Debug|x86.ActiveCfg = Debug|x86
		{087F8DD4-7C9D-4373-8BC6-9AFE054F9953}.Debug|x86.Build.0 = Debug|x86
		{087F8DD4-7C9D-4373-8BC6-9AFE054F9953}.Release|Any CPU.ActiveCfg = Release|Any CPU
		{087F8DD4-7C9D-4373-8BC6-9AFE054F9953}.Release|Any CPU.Build.0 = Release|Any CPU
		{087F8DD4-7C9D-4373-8BC6-9AFE054F9953}.Release|ARM.ActiveCfg = Release|ARM
		{087F8DD4-7C9D-4373-8BC6-9AFE054F9953}.Release|ARM.Build.0 = Release|ARM
		{087F8DD4-7C9D-4373-8BC6-9AFE054F9953}.Release|ARM64.ActiveCfg = Release|ARM64
		{087F8DD4-7C9D-4373-8BC6-9AFE054F9953}.Release|ARM64.Build.0 = Release|ARM64
		{087F8DD4-7C9D-4373-8BC6-9AFE054F9953}.Release|iPhone.ActiveCfg = Release|Any CPU
		{087F8DD4-7C9D-4373-8BC6-9AFE054F9953}.Release|iPhone.Build.0 = Release|Any CPU
		{087F8DD4-7C9D-4373-8BC6-9AFE054F9953}.Release|iPhoneSimulator.ActiveCfg = Release|Any CPU
		{087F8DD4-7C9D-4373-8BC6-9AFE054F9953}.Release|iPhoneSimulator.Build.0 = Release|Any CPU
		{087F8DD4-7C9D-4373-8BC6-9AFE054F9953}.Release|x64.ActiveCfg = Release|x64
		{087F8DD4-7C9D-4373-8BC6-9AFE054F9953}.Release|x64.Build.0 = Release|x64
		{087F8DD4-7C9D-4373-8BC6-9AFE054F9953}.Release|x86.ActiveCfg = Release|x86
		{087F8DD4-7C9D-4373-8BC6-9AFE054F9953}.Release|x86.Build.0 = Release|x86
		{0D477C33-AAE8-42CE-9F62-4DB7389B39DC}.Debug|Any CPU.ActiveCfg = Debug|Any CPU
		{0D477C33-AAE8-42CE-9F62-4DB7389B39DC}.Debug|Any CPU.Build.0 = Debug|Any CPU
		{0D477C33-AAE8-42CE-9F62-4DB7389B39DC}.Debug|ARM.ActiveCfg = Debug|Any CPU
		{0D477C33-AAE8-42CE-9F62-4DB7389B39DC}.Debug|ARM.Build.0 = Debug|Any CPU
		{0D477C33-AAE8-42CE-9F62-4DB7389B39DC}.Debug|ARM64.ActiveCfg = Debug|Any CPU
		{0D477C33-AAE8-42CE-9F62-4DB7389B39DC}.Debug|ARM64.Build.0 = Debug|Any CPU
		{0D477C33-AAE8-42CE-9F62-4DB7389B39DC}.Debug|iPhone.ActiveCfg = Debug|Any CPU
		{0D477C33-AAE8-42CE-9F62-4DB7389B39DC}.Debug|iPhone.Build.0 = Debug|Any CPU
		{0D477C33-AAE8-42CE-9F62-4DB7389B39DC}.Debug|iPhoneSimulator.ActiveCfg = Debug|Any CPU
		{0D477C33-AAE8-42CE-9F62-4DB7389B39DC}.Debug|iPhoneSimulator.Build.0 = Debug|Any CPU
		{0D477C33-AAE8-42CE-9F62-4DB7389B39DC}.Debug|x64.ActiveCfg = Debug|Any CPU
		{0D477C33-AAE8-42CE-9F62-4DB7389B39DC}.Debug|x64.Build.0 = Debug|Any CPU
		{0D477C33-AAE8-42CE-9F62-4DB7389B39DC}.Debug|x86.ActiveCfg = Debug|Any CPU
		{0D477C33-AAE8-42CE-9F62-4DB7389B39DC}.Debug|x86.Build.0 = Debug|Any CPU
		{0D477C33-AAE8-42CE-9F62-4DB7389B39DC}.Release|Any CPU.ActiveCfg = Release|Any CPU
		{0D477C33-AAE8-42CE-9F62-4DB7389B39DC}.Release|Any CPU.Build.0 = Release|Any CPU
		{0D477C33-AAE8-42CE-9F62-4DB7389B39DC}.Release|ARM.ActiveCfg = Release|Any CPU
		{0D477C33-AAE8-42CE-9F62-4DB7389B39DC}.Release|ARM.Build.0 = Release|Any CPU
		{0D477C33-AAE8-42CE-9F62-4DB7389B39DC}.Release|ARM64.ActiveCfg = Release|Any CPU
		{0D477C33-AAE8-42CE-9F62-4DB7389B39DC}.Release|ARM64.Build.0 = Release|Any CPU
		{0D477C33-AAE8-42CE-9F62-4DB7389B39DC}.Release|iPhone.ActiveCfg = Release|Any CPU
		{0D477C33-AAE8-42CE-9F62-4DB7389B39DC}.Release|iPhone.Build.0 = Release|Any CPU
		{0D477C33-AAE8-42CE-9F62-4DB7389B39DC}.Release|iPhoneSimulator.ActiveCfg = Release|Any CPU
		{0D477C33-AAE8-42CE-9F62-4DB7389B39DC}.Release|iPhoneSimulator.Build.0 = Release|Any CPU
		{0D477C33-AAE8-42CE-9F62-4DB7389B39DC}.Release|x64.ActiveCfg = Release|Any CPU
		{0D477C33-AAE8-42CE-9F62-4DB7389B39DC}.Release|x64.Build.0 = Release|Any CPU
		{0D477C33-AAE8-42CE-9F62-4DB7389B39DC}.Release|x86.ActiveCfg = Release|Any CPU
		{0D477C33-AAE8-42CE-9F62-4DB7389B39DC}.Release|x86.Build.0 = Release|Any CPU
		{DCF1A705-7F96-4324-B070-B4021C8752A8}.Debug|Any CPU.ActiveCfg = Debug|Any CPU
		{DCF1A705-7F96-4324-B070-B4021C8752A8}.Debug|Any CPU.Build.0 = Debug|Any CPU
		{DCF1A705-7F96-4324-B070-B4021C8752A8}.Debug|ARM.ActiveCfg = Debug|Any CPU
		{DCF1A705-7F96-4324-B070-B4021C8752A8}.Debug|ARM.Build.0 = Debug|Any CPU
		{DCF1A705-7F96-4324-B070-B4021C8752A8}.Debug|ARM64.ActiveCfg = Debug|Any CPU
		{DCF1A705-7F96-4324-B070-B4021C8752A8}.Debug|ARM64.Build.0 = Debug|Any CPU
		{DCF1A705-7F96-4324-B070-B4021C8752A8}.Debug|iPhone.ActiveCfg = Debug|Any CPU
		{DCF1A705-7F96-4324-B070-B4021C8752A8}.Debug|iPhone.Build.0 = Debug|Any CPU
		{DCF1A705-7F96-4324-B070-B4021C8752A8}.Debug|iPhoneSimulator.ActiveCfg = Debug|Any CPU
		{DCF1A705-7F96-4324-B070-B4021C8752A8}.Debug|iPhoneSimulator.Build.0 = Debug|Any CPU
		{DCF1A705-7F96-4324-B070-B4021C8752A8}.Debug|x64.ActiveCfg = Debug|Any CPU
		{DCF1A705-7F96-4324-B070-B4021C8752A8}.Debug|x64.Build.0 = Debug|Any CPU
		{DCF1A705-7F96-4324-B070-B4021C8752A8}.Debug|x86.ActiveCfg = Debug|Any CPU
		{DCF1A705-7F96-4324-B070-B4021C8752A8}.Debug|x86.Build.0 = Debug|Any CPU
		{DCF1A705-7F96-4324-B070-B4021C8752A8}.Release|Any CPU.ActiveCfg = Release|Any CPU
		{DCF1A705-7F96-4324-B070-B4021C8752A8}.Release|Any CPU.Build.0 = Release|Any CPU
		{DCF1A705-7F96-4324-B070-B4021C8752A8}.Release|ARM.ActiveCfg = Release|Any CPU
		{DCF1A705-7F96-4324-B070-B4021C8752A8}.Release|ARM.Build.0 = Release|Any CPU
		{DCF1A705-7F96-4324-B070-B4021C8752A8}.Release|ARM64.ActiveCfg = Release|Any CPU
		{DCF1A705-7F96-4324-B070-B4021C8752A8}.Release|ARM64.Build.0 = Release|Any CPU
		{DCF1A705-7F96-4324-B070-B4021C8752A8}.Release|iPhone.ActiveCfg = Release|Any CPU
		{DCF1A705-7F96-4324-B070-B4021C8752A8}.Release|iPhone.Build.0 = Release|Any CPU
		{DCF1A705-7F96-4324-B070-B4021C8752A8}.Release|iPhoneSimulator.ActiveCfg = Release|Any CPU
		{DCF1A705-7F96-4324-B070-B4021C8752A8}.Release|iPhoneSimulator.Build.0 = Release|Any CPU
		{DCF1A705-7F96-4324-B070-B4021C8752A8}.Release|x64.ActiveCfg = Release|Any CPU
		{DCF1A705-7F96-4324-B070-B4021C8752A8}.Release|x64.Build.0 = Release|Any CPU
		{DCF1A705-7F96-4324-B070-B4021C8752A8}.Release|x86.ActiveCfg = Release|Any CPU
		{DCF1A705-7F96-4324-B070-B4021C8752A8}.Release|x86.Build.0 = Release|Any CPU
		{460E3D10-5032-4F95-85BC-85003522D363}.Debug|Any CPU.ActiveCfg = Debug|Any CPU
		{460E3D10-5032-4F95-85BC-85003522D363}.Debug|Any CPU.Build.0 = Debug|Any CPU
		{460E3D10-5032-4F95-85BC-85003522D363}.Debug|ARM.ActiveCfg = Debug|Any CPU
		{460E3D10-5032-4F95-85BC-85003522D363}.Debug|ARM.Build.0 = Debug|Any CPU
		{460E3D10-5032-4F95-85BC-85003522D363}.Debug|ARM64.ActiveCfg = Debug|Any CPU
		{460E3D10-5032-4F95-85BC-85003522D363}.Debug|ARM64.Build.0 = Debug|Any CPU
		{460E3D10-5032-4F95-85BC-85003522D363}.Debug|iPhone.ActiveCfg = Debug|Any CPU
		{460E3D10-5032-4F95-85BC-85003522D363}.Debug|iPhone.Build.0 = Debug|Any CPU
		{460E3D10-5032-4F95-85BC-85003522D363}.Debug|iPhoneSimulator.ActiveCfg = Debug|Any CPU
		{460E3D10-5032-4F95-85BC-85003522D363}.Debug|iPhoneSimulator.Build.0 = Debug|Any CPU
		{460E3D10-5032-4F95-85BC-85003522D363}.Debug|x64.ActiveCfg = Debug|Any CPU
		{460E3D10-5032-4F95-85BC-85003522D363}.Debug|x64.Build.0 = Debug|Any CPU
		{460E3D10-5032-4F95-85BC-85003522D363}.Debug|x86.ActiveCfg = Debug|Any CPU
		{460E3D10-5032-4F95-85BC-85003522D363}.Debug|x86.Build.0 = Debug|Any CPU
		{460E3D10-5032-4F95-85BC-85003522D363}.Release|Any CPU.ActiveCfg = Release|Any CPU
		{460E3D10-5032-4F95-85BC-85003522D363}.Release|Any CPU.Build.0 = Release|Any CPU
		{460E3D10-5032-4F95-85BC-85003522D363}.Release|ARM.ActiveCfg = Release|Any CPU
		{460E3D10-5032-4F95-85BC-85003522D363}.Release|ARM.Build.0 = Release|Any CPU
		{460E3D10-5032-4F95-85BC-85003522D363}.Release|ARM64.ActiveCfg = Release|Any CPU
		{460E3D10-5032-4F95-85BC-85003522D363}.Release|ARM64.Build.0 = Release|Any CPU
		{460E3D10-5032-4F95-85BC-85003522D363}.Release|iPhone.ActiveCfg = Release|Any CPU
		{460E3D10-5032-4F95-85BC-85003522D363}.Release|iPhone.Build.0 = Release|Any CPU
		{460E3D10-5032-4F95-85BC-85003522D363}.Release|iPhoneSimulator.ActiveCfg = Release|Any CPU
		{460E3D10-5032-4F95-85BC-85003522D363}.Release|iPhoneSimulator.Build.0 = Release|Any CPU
		{460E3D10-5032-4F95-85BC-85003522D363}.Release|x64.ActiveCfg = Release|Any CPU
		{460E3D10-5032-4F95-85BC-85003522D363}.Release|x64.Build.0 = Release|Any CPU
		{460E3D10-5032-4F95-85BC-85003522D363}.Release|x86.ActiveCfg = Release|Any CPU
		{460E3D10-5032-4F95-85BC-85003522D363}.Release|x86.Build.0 = Release|Any CPU
		{D3CEEA35-1770-49FC-A126-F8FFB0415A1E}.Debug|Any CPU.ActiveCfg = Debug|Any CPU
		{D3CEEA35-1770-49FC-A126-F8FFB0415A1E}.Debug|Any CPU.Build.0 = Debug|Any CPU
		{D3CEEA35-1770-49FC-A126-F8FFB0415A1E}.Debug|Any CPU.Deploy.0 = Debug|Any CPU
		{D3CEEA35-1770-49FC-A126-F8FFB0415A1E}.Debug|ARM.ActiveCfg = Debug|Any CPU
		{D3CEEA35-1770-49FC-A126-F8FFB0415A1E}.Debug|ARM.Build.0 = Debug|Any CPU
		{D3CEEA35-1770-49FC-A126-F8FFB0415A1E}.Debug|ARM.Deploy.0 = Debug|Any CPU
		{D3CEEA35-1770-49FC-A126-F8FFB0415A1E}.Debug|ARM64.ActiveCfg = Debug|Any CPU
		{D3CEEA35-1770-49FC-A126-F8FFB0415A1E}.Debug|ARM64.Build.0 = Debug|Any CPU
		{D3CEEA35-1770-49FC-A126-F8FFB0415A1E}.Debug|ARM64.Deploy.0 = Debug|Any CPU
		{D3CEEA35-1770-49FC-A126-F8FFB0415A1E}.Debug|iPhone.ActiveCfg = Debug|Any CPU
		{D3CEEA35-1770-49FC-A126-F8FFB0415A1E}.Debug|iPhone.Build.0 = Debug|Any CPU
		{D3CEEA35-1770-49FC-A126-F8FFB0415A1E}.Debug|iPhone.Deploy.0 = Debug|Any CPU
		{D3CEEA35-1770-49FC-A126-F8FFB0415A1E}.Debug|iPhoneSimulator.ActiveCfg = Debug|Any CPU
		{D3CEEA35-1770-49FC-A126-F8FFB0415A1E}.Debug|iPhoneSimulator.Build.0 = Debug|Any CPU
		{D3CEEA35-1770-49FC-A126-F8FFB0415A1E}.Debug|iPhoneSimulator.Deploy.0 = Debug|Any CPU
		{D3CEEA35-1770-49FC-A126-F8FFB0415A1E}.Debug|x64.ActiveCfg = Debug|Any CPU
		{D3CEEA35-1770-49FC-A126-F8FFB0415A1E}.Debug|x64.Build.0 = Debug|Any CPU
		{D3CEEA35-1770-49FC-A126-F8FFB0415A1E}.Debug|x64.Deploy.0 = Debug|Any CPU
		{D3CEEA35-1770-49FC-A126-F8FFB0415A1E}.Debug|x86.ActiveCfg = Debug|Any CPU
		{D3CEEA35-1770-49FC-A126-F8FFB0415A1E}.Debug|x86.Build.0 = Debug|Any CPU
		{D3CEEA35-1770-49FC-A126-F8FFB0415A1E}.Debug|x86.Deploy.0 = Debug|Any CPU
		{D3CEEA35-1770-49FC-A126-F8FFB0415A1E}.Release|Any CPU.ActiveCfg = Release|Any CPU
		{D3CEEA35-1770-49FC-A126-F8FFB0415A1E}.Release|Any CPU.Build.0 = Release|Any CPU
		{D3CEEA35-1770-49FC-A126-F8FFB0415A1E}.Release|ARM.ActiveCfg = Release|Any CPU
		{D3CEEA35-1770-49FC-A126-F8FFB0415A1E}.Release|ARM.Build.0 = Release|Any CPU
		{D3CEEA35-1770-49FC-A126-F8FFB0415A1E}.Release|ARM64.ActiveCfg = Release|Any CPU
		{D3CEEA35-1770-49FC-A126-F8FFB0415A1E}.Release|ARM64.Build.0 = Release|Any CPU
		{D3CEEA35-1770-49FC-A126-F8FFB0415A1E}.Release|iPhone.ActiveCfg = Release|Any CPU
		{D3CEEA35-1770-49FC-A126-F8FFB0415A1E}.Release|iPhone.Build.0 = Release|Any CPU
		{D3CEEA35-1770-49FC-A126-F8FFB0415A1E}.Release|iPhone.Deploy.0 = Release|Any CPU
		{D3CEEA35-1770-49FC-A126-F8FFB0415A1E}.Release|iPhoneSimulator.ActiveCfg = Release|Any CPU
		{D3CEEA35-1770-49FC-A126-F8FFB0415A1E}.Release|iPhoneSimulator.Build.0 = Release|Any CPU
		{D3CEEA35-1770-49FC-A126-F8FFB0415A1E}.Release|iPhoneSimulator.Deploy.0 = Release|Any CPU
		{D3CEEA35-1770-49FC-A126-F8FFB0415A1E}.Release|x64.ActiveCfg = Release|Any CPU
		{D3CEEA35-1770-49FC-A126-F8FFB0415A1E}.Release|x64.Build.0 = Release|Any CPU
		{D3CEEA35-1770-49FC-A126-F8FFB0415A1E}.Release|x86.ActiveCfg = Release|Any CPU
		{D3CEEA35-1770-49FC-A126-F8FFB0415A1E}.Release|x86.Build.0 = Release|Any CPU
		{3EE1E8CC-075A-4E54-9E65-2D0390D6C5A3}.Debug|Any CPU.ActiveCfg = Debug|x64
		{3EE1E8CC-075A-4E54-9E65-2D0390D6C5A3}.Debug|Any CPU.Build.0 = Debug|x64
		{3EE1E8CC-075A-4E54-9E65-2D0390D6C5A3}.Debug|Any CPU.Deploy.0 = Debug|x64
		{3EE1E8CC-075A-4E54-9E65-2D0390D6C5A3}.Debug|ARM.ActiveCfg = Debug|ARM
		{3EE1E8CC-075A-4E54-9E65-2D0390D6C5A3}.Debug|ARM.Build.0 = Debug|ARM
		{3EE1E8CC-075A-4E54-9E65-2D0390D6C5A3}.Debug|ARM.Deploy.0 = Debug|ARM
		{3EE1E8CC-075A-4E54-9E65-2D0390D6C5A3}.Debug|ARM64.ActiveCfg = Debug|ARM64
		{3EE1E8CC-075A-4E54-9E65-2D0390D6C5A3}.Debug|ARM64.Build.0 = Debug|ARM64
		{3EE1E8CC-075A-4E54-9E65-2D0390D6C5A3}.Debug|ARM64.Deploy.0 = Debug|ARM64
		{3EE1E8CC-075A-4E54-9E65-2D0390D6C5A3}.Debug|iPhone.ActiveCfg = Debug|x64
		{3EE1E8CC-075A-4E54-9E65-2D0390D6C5A3}.Debug|iPhone.Build.0 = Debug|x64
		{3EE1E8CC-075A-4E54-9E65-2D0390D6C5A3}.Debug|iPhone.Deploy.0 = Debug|x64
		{3EE1E8CC-075A-4E54-9E65-2D0390D6C5A3}.Debug|iPhoneSimulator.ActiveCfg = Debug|x64
		{3EE1E8CC-075A-4E54-9E65-2D0390D6C5A3}.Debug|iPhoneSimulator.Build.0 = Debug|x64
		{3EE1E8CC-075A-4E54-9E65-2D0390D6C5A3}.Debug|iPhoneSimulator.Deploy.0 = Debug|x64
		{3EE1E8CC-075A-4E54-9E65-2D0390D6C5A3}.Debug|x64.ActiveCfg = Debug|x64
		{3EE1E8CC-075A-4E54-9E65-2D0390D6C5A3}.Debug|x64.Build.0 = Debug|x64
		{3EE1E8CC-075A-4E54-9E65-2D0390D6C5A3}.Debug|x64.Deploy.0 = Debug|x64
		{3EE1E8CC-075A-4E54-9E65-2D0390D6C5A3}.Debug|x86.ActiveCfg = Debug|x86
		{3EE1E8CC-075A-4E54-9E65-2D0390D6C5A3}.Debug|x86.Build.0 = Debug|x86
		{3EE1E8CC-075A-4E54-9E65-2D0390D6C5A3}.Debug|x86.Deploy.0 = Debug|x86
		{3EE1E8CC-075A-4E54-9E65-2D0390D6C5A3}.Release|Any CPU.ActiveCfg = Release|x64
		{3EE1E8CC-075A-4E54-9E65-2D0390D6C5A3}.Release|Any CPU.Build.0 = Release|x64
		{3EE1E8CC-075A-4E54-9E65-2D0390D6C5A3}.Release|Any CPU.Deploy.0 = Release|x64
		{3EE1E8CC-075A-4E54-9E65-2D0390D6C5A3}.Release|ARM.ActiveCfg = Release|ARM
		{3EE1E8CC-075A-4E54-9E65-2D0390D6C5A3}.Release|ARM.Build.0 = Release|ARM
		{3EE1E8CC-075A-4E54-9E65-2D0390D6C5A3}.Release|ARM.Deploy.0 = Release|ARM
		{3EE1E8CC-075A-4E54-9E65-2D0390D6C5A3}.Release|ARM64.ActiveCfg = Release|ARM64
		{3EE1E8CC-075A-4E54-9E65-2D0390D6C5A3}.Release|ARM64.Build.0 = Release|ARM64
		{3EE1E8CC-075A-4E54-9E65-2D0390D6C5A3}.Release|ARM64.Deploy.0 = Release|ARM64
		{3EE1E8CC-075A-4E54-9E65-2D0390D6C5A3}.Release|iPhone.ActiveCfg = Release|x64
		{3EE1E8CC-075A-4E54-9E65-2D0390D6C5A3}.Release|iPhone.Build.0 = Release|x64
		{3EE1E8CC-075A-4E54-9E65-2D0390D6C5A3}.Release|iPhone.Deploy.0 = Release|x64
		{3EE1E8CC-075A-4E54-9E65-2D0390D6C5A3}.Release|iPhoneSimulator.ActiveCfg = Release|x64
		{3EE1E8CC-075A-4E54-9E65-2D0390D6C5A3}.Release|iPhoneSimulator.Build.0 = Release|x64
		{3EE1E8CC-075A-4E54-9E65-2D0390D6C5A3}.Release|iPhoneSimulator.Deploy.0 = Release|x64
		{3EE1E8CC-075A-4E54-9E65-2D0390D6C5A3}.Release|x64.ActiveCfg = Release|x64
		{3EE1E8CC-075A-4E54-9E65-2D0390D6C5A3}.Release|x64.Build.0 = Release|x64
		{3EE1E8CC-075A-4E54-9E65-2D0390D6C5A3}.Release|x64.Deploy.0 = Release|x64
		{3EE1E8CC-075A-4E54-9E65-2D0390D6C5A3}.Release|x86.ActiveCfg = Release|x86
		{3EE1E8CC-075A-4E54-9E65-2D0390D6C5A3}.Release|x86.Build.0 = Release|x86
		{3EE1E8CC-075A-4E54-9E65-2D0390D6C5A3}.Release|x86.Deploy.0 = Release|x86
		{7A1514AF-E40B-40D0-83E2-01EDAAF49E8E}.Debug|Any CPU.ActiveCfg = Debug|Any CPU
		{7A1514AF-E40B-40D0-83E2-01EDAAF49E8E}.Debug|Any CPU.Build.0 = Debug|Any CPU
		{7A1514AF-E40B-40D0-83E2-01EDAAF49E8E}.Debug|ARM.ActiveCfg = Debug|Any CPU
		{7A1514AF-E40B-40D0-83E2-01EDAAF49E8E}.Debug|ARM.Build.0 = Debug|Any CPU
		{7A1514AF-E40B-40D0-83E2-01EDAAF49E8E}.Debug|ARM64.ActiveCfg = Debug|Any CPU
		{7A1514AF-E40B-40D0-83E2-01EDAAF49E8E}.Debug|ARM64.Build.0 = Debug|Any CPU
		{7A1514AF-E40B-40D0-83E2-01EDAAF49E8E}.Debug|iPhone.ActiveCfg = Debug|Any CPU
		{7A1514AF-E40B-40D0-83E2-01EDAAF49E8E}.Debug|iPhone.Build.0 = Debug|Any CPU
		{7A1514AF-E40B-40D0-83E2-01EDAAF49E8E}.Debug|iPhoneSimulator.ActiveCfg = Debug|Any CPU
		{7A1514AF-E40B-40D0-83E2-01EDAAF49E8E}.Debug|iPhoneSimulator.Build.0 = Debug|Any CPU
		{7A1514AF-E40B-40D0-83E2-01EDAAF49E8E}.Debug|x64.ActiveCfg = Debug|Any CPU
		{7A1514AF-E40B-40D0-83E2-01EDAAF49E8E}.Debug|x64.Build.0 = Debug|Any CPU
		{7A1514AF-E40B-40D0-83E2-01EDAAF49E8E}.Debug|x86.ActiveCfg = Debug|Any CPU
		{7A1514AF-E40B-40D0-83E2-01EDAAF49E8E}.Debug|x86.Build.0 = Debug|Any CPU
		{7A1514AF-E40B-40D0-83E2-01EDAAF49E8E}.Release|Any CPU.ActiveCfg = Release|Any CPU
		{7A1514AF-E40B-40D0-83E2-01EDAAF49E8E}.Release|Any CPU.Build.0 = Release|Any CPU
		{7A1514AF-E40B-40D0-83E2-01EDAAF49E8E}.Release|ARM.ActiveCfg = Release|Any CPU
		{7A1514AF-E40B-40D0-83E2-01EDAAF49E8E}.Release|ARM.Build.0 = Release|Any CPU
		{7A1514AF-E40B-40D0-83E2-01EDAAF49E8E}.Release|ARM64.ActiveCfg = Release|Any CPU
		{7A1514AF-E40B-40D0-83E2-01EDAAF49E8E}.Release|ARM64.Build.0 = Release|Any CPU
		{7A1514AF-E40B-40D0-83E2-01EDAAF49E8E}.Release|iPhone.ActiveCfg = Release|Any CPU
		{7A1514AF-E40B-40D0-83E2-01EDAAF49E8E}.Release|iPhone.Build.0 = Release|Any CPU
		{7A1514AF-E40B-40D0-83E2-01EDAAF49E8E}.Release|iPhoneSimulator.ActiveCfg = Release|Any CPU
		{7A1514AF-E40B-40D0-83E2-01EDAAF49E8E}.Release|iPhoneSimulator.Build.0 = Release|Any CPU
		{7A1514AF-E40B-40D0-83E2-01EDAAF49E8E}.Release|x64.ActiveCfg = Release|Any CPU
		{7A1514AF-E40B-40D0-83E2-01EDAAF49E8E}.Release|x64.Build.0 = Release|Any CPU
		{7A1514AF-E40B-40D0-83E2-01EDAAF49E8E}.Release|x86.ActiveCfg = Release|Any CPU
		{7A1514AF-E40B-40D0-83E2-01EDAAF49E8E}.Release|x86.Build.0 = Release|Any CPU
		{9C0DBA3C-312C-4BDC-B537-4A173FAB45A8}.Debug|Any CPU.ActiveCfg = Debug|x64
		{9C0DBA3C-312C-4BDC-B537-4A173FAB45A8}.Debug|Any CPU.Build.0 = Debug|x64
		{9C0DBA3C-312C-4BDC-B537-4A173FAB45A8}.Debug|ARM.ActiveCfg = Debug|x64
		{9C0DBA3C-312C-4BDC-B537-4A173FAB45A8}.Debug|ARM.Build.0 = Debug|x64
		{9C0DBA3C-312C-4BDC-B537-4A173FAB45A8}.Debug|ARM64.ActiveCfg = Debug|arm64
		{9C0DBA3C-312C-4BDC-B537-4A173FAB45A8}.Debug|ARM64.Build.0 = Debug|arm64
		{9C0DBA3C-312C-4BDC-B537-4A173FAB45A8}.Debug|iPhone.ActiveCfg = Debug|x64
		{9C0DBA3C-312C-4BDC-B537-4A173FAB45A8}.Debug|iPhone.Build.0 = Debug|x64
		{9C0DBA3C-312C-4BDC-B537-4A173FAB45A8}.Debug|iPhoneSimulator.ActiveCfg = Debug|x64
		{9C0DBA3C-312C-4BDC-B537-4A173FAB45A8}.Debug|iPhoneSimulator.Build.0 = Debug|x64
		{9C0DBA3C-312C-4BDC-B537-4A173FAB45A8}.Debug|x64.ActiveCfg = Debug|x64
		{9C0DBA3C-312C-4BDC-B537-4A173FAB45A8}.Debug|x64.Build.0 = Debug|x64
		{9C0DBA3C-312C-4BDC-B537-4A173FAB45A8}.Debug|x86.ActiveCfg = Debug|x86
		{9C0DBA3C-312C-4BDC-B537-4A173FAB45A8}.Debug|x86.Build.0 = Debug|x86
		{9C0DBA3C-312C-4BDC-B537-4A173FAB45A8}.Release|Any CPU.ActiveCfg = Release|x64
		{9C0DBA3C-312C-4BDC-B537-4A173FAB45A8}.Release|Any CPU.Build.0 = Release|x64
		{9C0DBA3C-312C-4BDC-B537-4A173FAB45A8}.Release|ARM.ActiveCfg = Release|x64
		{9C0DBA3C-312C-4BDC-B537-4A173FAB45A8}.Release|ARM.Build.0 = Release|x64
		{9C0DBA3C-312C-4BDC-B537-4A173FAB45A8}.Release|ARM64.ActiveCfg = Release|arm64
		{9C0DBA3C-312C-4BDC-B537-4A173FAB45A8}.Release|ARM64.Build.0 = Release|arm64
		{9C0DBA3C-312C-4BDC-B537-4A173FAB45A8}.Release|iPhone.ActiveCfg = Release|x64
		{9C0DBA3C-312C-4BDC-B537-4A173FAB45A8}.Release|iPhone.Build.0 = Release|x64
		{9C0DBA3C-312C-4BDC-B537-4A173FAB45A8}.Release|iPhoneSimulator.ActiveCfg = Release|x64
		{9C0DBA3C-312C-4BDC-B537-4A173FAB45A8}.Release|iPhoneSimulator.Build.0 = Release|x64
		{9C0DBA3C-312C-4BDC-B537-4A173FAB45A8}.Release|x64.ActiveCfg = Release|x64
		{9C0DBA3C-312C-4BDC-B537-4A173FAB45A8}.Release|x64.Build.0 = Release|x64
		{9C0DBA3C-312C-4BDC-B537-4A173FAB45A8}.Release|x86.ActiveCfg = Release|x86
		{9C0DBA3C-312C-4BDC-B537-4A173FAB45A8}.Release|x86.Build.0 = Release|x86
		{35885ABD-DBDE-4270-A9AD-5EBC4C7229A1}.Debug|Any CPU.ActiveCfg = Debug|x64
		{35885ABD-DBDE-4270-A9AD-5EBC4C7229A1}.Debug|Any CPU.Build.0 = Debug|x64
		{35885ABD-DBDE-4270-A9AD-5EBC4C7229A1}.Debug|Any CPU.Deploy.0 = Debug|x64
		{35885ABD-DBDE-4270-A9AD-5EBC4C7229A1}.Debug|ARM.ActiveCfg = Debug|x64
		{35885ABD-DBDE-4270-A9AD-5EBC4C7229A1}.Debug|ARM.Build.0 = Debug|x64
		{35885ABD-DBDE-4270-A9AD-5EBC4C7229A1}.Debug|ARM.Deploy.0 = Debug|x64
		{35885ABD-DBDE-4270-A9AD-5EBC4C7229A1}.Debug|ARM64.ActiveCfg = Debug|arm64
		{35885ABD-DBDE-4270-A9AD-5EBC4C7229A1}.Debug|ARM64.Build.0 = Debug|arm64
		{35885ABD-DBDE-4270-A9AD-5EBC4C7229A1}.Debug|ARM64.Deploy.0 = Debug|arm64
		{35885ABD-DBDE-4270-A9AD-5EBC4C7229A1}.Debug|iPhone.ActiveCfg = Debug|x64
		{35885ABD-DBDE-4270-A9AD-5EBC4C7229A1}.Debug|iPhone.Build.0 = Debug|x64
		{35885ABD-DBDE-4270-A9AD-5EBC4C7229A1}.Debug|iPhone.Deploy.0 = Debug|x64
		{35885ABD-DBDE-4270-A9AD-5EBC4C7229A1}.Debug|iPhoneSimulator.ActiveCfg = Debug|x64
		{35885ABD-DBDE-4270-A9AD-5EBC4C7229A1}.Debug|iPhoneSimulator.Build.0 = Debug|x64
		{35885ABD-DBDE-4270-A9AD-5EBC4C7229A1}.Debug|iPhoneSimulator.Deploy.0 = Debug|x64
		{35885ABD-DBDE-4270-A9AD-5EBC4C7229A1}.Debug|x64.ActiveCfg = Debug|x64
		{35885ABD-DBDE-4270-A9AD-5EBC4C7229A1}.Debug|x64.Build.0 = Debug|x64
		{35885ABD-DBDE-4270-A9AD-5EBC4C7229A1}.Debug|x64.Deploy.0 = Debug|x64
		{35885ABD-DBDE-4270-A9AD-5EBC4C7229A1}.Debug|x86.ActiveCfg = Debug|x86
		{35885ABD-DBDE-4270-A9AD-5EBC4C7229A1}.Debug|x86.Build.0 = Debug|x86
		{35885ABD-DBDE-4270-A9AD-5EBC4C7229A1}.Debug|x86.Deploy.0 = Debug|x86
		{35885ABD-DBDE-4270-A9AD-5EBC4C7229A1}.Release|Any CPU.ActiveCfg = Release|x64
		{35885ABD-DBDE-4270-A9AD-5EBC4C7229A1}.Release|Any CPU.Build.0 = Release|x64
		{35885ABD-DBDE-4270-A9AD-5EBC4C7229A1}.Release|Any CPU.Deploy.0 = Release|x64
		{35885ABD-DBDE-4270-A9AD-5EBC4C7229A1}.Release|ARM.ActiveCfg = Release|x64
		{35885ABD-DBDE-4270-A9AD-5EBC4C7229A1}.Release|ARM.Build.0 = Release|x64
		{35885ABD-DBDE-4270-A9AD-5EBC4C7229A1}.Release|ARM.Deploy.0 = Release|x64
		{35885ABD-DBDE-4270-A9AD-5EBC4C7229A1}.Release|ARM64.ActiveCfg = Release|arm64
		{35885ABD-DBDE-4270-A9AD-5EBC4C7229A1}.Release|ARM64.Build.0 = Release|arm64
		{35885ABD-DBDE-4270-A9AD-5EBC4C7229A1}.Release|ARM64.Deploy.0 = Release|arm64
		{35885ABD-DBDE-4270-A9AD-5EBC4C7229A1}.Release|iPhone.ActiveCfg = Release|x64
		{35885ABD-DBDE-4270-A9AD-5EBC4C7229A1}.Release|iPhone.Build.0 = Release|x64
		{35885ABD-DBDE-4270-A9AD-5EBC4C7229A1}.Release|iPhone.Deploy.0 = Release|x64
		{35885ABD-DBDE-4270-A9AD-5EBC4C7229A1}.Release|iPhoneSimulator.ActiveCfg = Release|x64
		{35885ABD-DBDE-4270-A9AD-5EBC4C7229A1}.Release|iPhoneSimulator.Build.0 = Release|x64
		{35885ABD-DBDE-4270-A9AD-5EBC4C7229A1}.Release|iPhoneSimulator.Deploy.0 = Release|x64
		{35885ABD-DBDE-4270-A9AD-5EBC4C7229A1}.Release|x64.ActiveCfg = Release|x64
		{35885ABD-DBDE-4270-A9AD-5EBC4C7229A1}.Release|x64.Build.0 = Release|x64
		{35885ABD-DBDE-4270-A9AD-5EBC4C7229A1}.Release|x64.Deploy.0 = Release|x64
		{35885ABD-DBDE-4270-A9AD-5EBC4C7229A1}.Release|x86.ActiveCfg = Release|x86
		{35885ABD-DBDE-4270-A9AD-5EBC4C7229A1}.Release|x86.Build.0 = Release|x86
		{35885ABD-DBDE-4270-A9AD-5EBC4C7229A1}.Release|x86.Deploy.0 = Release|x86
		{4A145EB5-E6BC-40C9-9C5E-D15D0D1CE8FF}.Debug|Any CPU.ActiveCfg = Debug|Any CPU
		{4A145EB5-E6BC-40C9-9C5E-D15D0D1CE8FF}.Debug|Any CPU.Build.0 = Debug|Any CPU
		{4A145EB5-E6BC-40C9-9C5E-D15D0D1CE8FF}.Debug|ARM.ActiveCfg = Debug|Any CPU
		{4A145EB5-E6BC-40C9-9C5E-D15D0D1CE8FF}.Debug|ARM.Build.0 = Debug|Any CPU
		{4A145EB5-E6BC-40C9-9C5E-D15D0D1CE8FF}.Debug|ARM64.ActiveCfg = Debug|Any CPU
		{4A145EB5-E6BC-40C9-9C5E-D15D0D1CE8FF}.Debug|ARM64.Build.0 = Debug|Any CPU
		{4A145EB5-E6BC-40C9-9C5E-D15D0D1CE8FF}.Debug|iPhone.ActiveCfg = Debug|Any CPU
		{4A145EB5-E6BC-40C9-9C5E-D15D0D1CE8FF}.Debug|iPhone.Build.0 = Debug|Any CPU
		{4A145EB5-E6BC-40C9-9C5E-D15D0D1CE8FF}.Debug|iPhoneSimulator.ActiveCfg = Debug|Any CPU
		{4A145EB5-E6BC-40C9-9C5E-D15D0D1CE8FF}.Debug|iPhoneSimulator.Build.0 = Debug|Any CPU
		{4A145EB5-E6BC-40C9-9C5E-D15D0D1CE8FF}.Debug|x64.ActiveCfg = Debug|Any CPU
		{4A145EB5-E6BC-40C9-9C5E-D15D0D1CE8FF}.Debug|x64.Build.0 = Debug|Any CPU
		{4A145EB5-E6BC-40C9-9C5E-D15D0D1CE8FF}.Debug|x86.ActiveCfg = Debug|Any CPU
		{4A145EB5-E6BC-40C9-9C5E-D15D0D1CE8FF}.Debug|x86.Build.0 = Debug|Any CPU
		{4A145EB5-E6BC-40C9-9C5E-D15D0D1CE8FF}.Release|Any CPU.ActiveCfg = Release|Any CPU
		{4A145EB5-E6BC-40C9-9C5E-D15D0D1CE8FF}.Release|Any CPU.Build.0 = Release|Any CPU
		{4A145EB5-E6BC-40C9-9C5E-D15D0D1CE8FF}.Release|ARM.ActiveCfg = Release|Any CPU
		{4A145EB5-E6BC-40C9-9C5E-D15D0D1CE8FF}.Release|ARM.Build.0 = Release|Any CPU
		{4A145EB5-E6BC-40C9-9C5E-D15D0D1CE8FF}.Release|ARM64.ActiveCfg = Release|Any CPU
		{4A145EB5-E6BC-40C9-9C5E-D15D0D1CE8FF}.Release|ARM64.Build.0 = Release|Any CPU
		{4A145EB5-E6BC-40C9-9C5E-D15D0D1CE8FF}.Release|iPhone.ActiveCfg = Release|Any CPU
		{4A145EB5-E6BC-40C9-9C5E-D15D0D1CE8FF}.Release|iPhone.Build.0 = Release|Any CPU
		{4A145EB5-E6BC-40C9-9C5E-D15D0D1CE8FF}.Release|iPhoneSimulator.ActiveCfg = Release|Any CPU
		{4A145EB5-E6BC-40C9-9C5E-D15D0D1CE8FF}.Release|iPhoneSimulator.Build.0 = Release|Any CPU
		{4A145EB5-E6BC-40C9-9C5E-D15D0D1CE8FF}.Release|x64.ActiveCfg = Release|Any CPU
		{4A145EB5-E6BC-40C9-9C5E-D15D0D1CE8FF}.Release|x64.Build.0 = Release|Any CPU
		{4A145EB5-E6BC-40C9-9C5E-D15D0D1CE8FF}.Release|x86.ActiveCfg = Release|Any CPU
		{4A145EB5-E6BC-40C9-9C5E-D15D0D1CE8FF}.Release|x86.Build.0 = Release|Any CPU
		{2A7B34AE-A0CE-44BD-8E87-C0DF189FB8F2}.Debug|Any CPU.ActiveCfg = Debug|Any CPU
		{2A7B34AE-A0CE-44BD-8E87-C0DF189FB8F2}.Debug|Any CPU.Build.0 = Debug|Any CPU
		{2A7B34AE-A0CE-44BD-8E87-C0DF189FB8F2}.Debug|ARM.ActiveCfg = Debug|Any CPU
		{2A7B34AE-A0CE-44BD-8E87-C0DF189FB8F2}.Debug|ARM.Build.0 = Debug|Any CPU
		{2A7B34AE-A0CE-44BD-8E87-C0DF189FB8F2}.Debug|ARM64.ActiveCfg = Debug|Any CPU
		{2A7B34AE-A0CE-44BD-8E87-C0DF189FB8F2}.Debug|ARM64.Build.0 = Debug|Any CPU
		{2A7B34AE-A0CE-44BD-8E87-C0DF189FB8F2}.Debug|iPhone.ActiveCfg = Debug|Any CPU
		{2A7B34AE-A0CE-44BD-8E87-C0DF189FB8F2}.Debug|iPhone.Build.0 = Debug|Any CPU
		{2A7B34AE-A0CE-44BD-8E87-C0DF189FB8F2}.Debug|iPhoneSimulator.ActiveCfg = Debug|Any CPU
		{2A7B34AE-A0CE-44BD-8E87-C0DF189FB8F2}.Debug|iPhoneSimulator.Build.0 = Debug|Any CPU
		{2A7B34AE-A0CE-44BD-8E87-C0DF189FB8F2}.Debug|x64.ActiveCfg = Debug|Any CPU
		{2A7B34AE-A0CE-44BD-8E87-C0DF189FB8F2}.Debug|x64.Build.0 = Debug|Any CPU
		{2A7B34AE-A0CE-44BD-8E87-C0DF189FB8F2}.Debug|x86.ActiveCfg = Debug|Any CPU
		{2A7B34AE-A0CE-44BD-8E87-C0DF189FB8F2}.Debug|x86.Build.0 = Debug|Any CPU
		{2A7B34AE-A0CE-44BD-8E87-C0DF189FB8F2}.Release|Any CPU.ActiveCfg = Release|Any CPU
		{2A7B34AE-A0CE-44BD-8E87-C0DF189FB8F2}.Release|Any CPU.Build.0 = Release|Any CPU
		{2A7B34AE-A0CE-44BD-8E87-C0DF189FB8F2}.Release|ARM.ActiveCfg = Release|Any CPU
		{2A7B34AE-A0CE-44BD-8E87-C0DF189FB8F2}.Release|ARM.Build.0 = Release|Any CPU
		{2A7B34AE-A0CE-44BD-8E87-C0DF189FB8F2}.Release|ARM64.ActiveCfg = Release|Any CPU
		{2A7B34AE-A0CE-44BD-8E87-C0DF189FB8F2}.Release|ARM64.Build.0 = Release|Any CPU
		{2A7B34AE-A0CE-44BD-8E87-C0DF189FB8F2}.Release|iPhone.ActiveCfg = Release|Any CPU
		{2A7B34AE-A0CE-44BD-8E87-C0DF189FB8F2}.Release|iPhone.Build.0 = Release|Any CPU
		{2A7B34AE-A0CE-44BD-8E87-C0DF189FB8F2}.Release|iPhoneSimulator.ActiveCfg = Release|Any CPU
		{2A7B34AE-A0CE-44BD-8E87-C0DF189FB8F2}.Release|iPhoneSimulator.Build.0 = Release|Any CPU
		{2A7B34AE-A0CE-44BD-8E87-C0DF189FB8F2}.Release|x64.ActiveCfg = Release|Any CPU
		{2A7B34AE-A0CE-44BD-8E87-C0DF189FB8F2}.Release|x64.Build.0 = Release|Any CPU
		{2A7B34AE-A0CE-44BD-8E87-C0DF189FB8F2}.Release|x86.ActiveCfg = Release|Any CPU
		{2A7B34AE-A0CE-44BD-8E87-C0DF189FB8F2}.Release|x86.Build.0 = Release|Any CPU
		{CF70F46A-6ABC-4D0E-9CC9-4AE459DBFB6B}.Debug|Any CPU.ActiveCfg = Debug|Any CPU
		{CF70F46A-6ABC-4D0E-9CC9-4AE459DBFB6B}.Debug|Any CPU.Build.0 = Debug|Any CPU
		{CF70F46A-6ABC-4D0E-9CC9-4AE459DBFB6B}.Debug|Any CPU.Deploy.0 = Debug|Any CPU
		{CF70F46A-6ABC-4D0E-9CC9-4AE459DBFB6B}.Debug|ARM.ActiveCfg = Debug|Any CPU
		{CF70F46A-6ABC-4D0E-9CC9-4AE459DBFB6B}.Debug|ARM.Build.0 = Debug|Any CPU
		{CF70F46A-6ABC-4D0E-9CC9-4AE459DBFB6B}.Debug|ARM.Deploy.0 = Debug|Any CPU
		{CF70F46A-6ABC-4D0E-9CC9-4AE459DBFB6B}.Debug|ARM64.ActiveCfg = Debug|Any CPU
		{CF70F46A-6ABC-4D0E-9CC9-4AE459DBFB6B}.Debug|ARM64.Build.0 = Debug|Any CPU
		{CF70F46A-6ABC-4D0E-9CC9-4AE459DBFB6B}.Debug|ARM64.Deploy.0 = Debug|Any CPU
		{CF70F46A-6ABC-4D0E-9CC9-4AE459DBFB6B}.Debug|iPhone.ActiveCfg = Debug|Any CPU
		{CF70F46A-6ABC-4D0E-9CC9-4AE459DBFB6B}.Debug|iPhone.Build.0 = Debug|Any CPU
		{CF70F46A-6ABC-4D0E-9CC9-4AE459DBFB6B}.Debug|iPhone.Deploy.0 = Debug|Any CPU
		{CF70F46A-6ABC-4D0E-9CC9-4AE459DBFB6B}.Debug|iPhoneSimulator.ActiveCfg = Debug|Any CPU
		{CF70F46A-6ABC-4D0E-9CC9-4AE459DBFB6B}.Debug|iPhoneSimulator.Build.0 = Debug|Any CPU
		{CF70F46A-6ABC-4D0E-9CC9-4AE459DBFB6B}.Debug|iPhoneSimulator.Deploy.0 = Debug|Any CPU
		{CF70F46A-6ABC-4D0E-9CC9-4AE459DBFB6B}.Debug|x64.ActiveCfg = Debug|Any CPU
		{CF70F46A-6ABC-4D0E-9CC9-4AE459DBFB6B}.Debug|x64.Build.0 = Debug|Any CPU
		{CF70F46A-6ABC-4D0E-9CC9-4AE459DBFB6B}.Debug|x64.Deploy.0 = Debug|Any CPU
		{CF70F46A-6ABC-4D0E-9CC9-4AE459DBFB6B}.Debug|x86.ActiveCfg = Debug|Any CPU
		{CF70F46A-6ABC-4D0E-9CC9-4AE459DBFB6B}.Debug|x86.Build.0 = Debug|Any CPU
		{CF70F46A-6ABC-4D0E-9CC9-4AE459DBFB6B}.Debug|x86.Deploy.0 = Debug|Any CPU
		{CF70F46A-6ABC-4D0E-9CC9-4AE459DBFB6B}.Release|Any CPU.ActiveCfg = Release|Any CPU
		{CF70F46A-6ABC-4D0E-9CC9-4AE459DBFB6B}.Release|Any CPU.Build.0 = Release|Any CPU
		{CF70F46A-6ABC-4D0E-9CC9-4AE459DBFB6B}.Release|Any CPU.Deploy.0 = Release|Any CPU
		{CF70F46A-6ABC-4D0E-9CC9-4AE459DBFB6B}.Release|ARM.ActiveCfg = Release|Any CPU
		{CF70F46A-6ABC-4D0E-9CC9-4AE459DBFB6B}.Release|ARM.Build.0 = Release|Any CPU
		{CF70F46A-6ABC-4D0E-9CC9-4AE459DBFB6B}.Release|ARM.Deploy.0 = Release|Any CPU
		{CF70F46A-6ABC-4D0E-9CC9-4AE459DBFB6B}.Release|ARM64.ActiveCfg = Release|Any CPU
		{CF70F46A-6ABC-4D0E-9CC9-4AE459DBFB6B}.Release|ARM64.Build.0 = Release|Any CPU
		{CF70F46A-6ABC-4D0E-9CC9-4AE459DBFB6B}.Release|ARM64.Deploy.0 = Release|Any CPU
		{CF70F46A-6ABC-4D0E-9CC9-4AE459DBFB6B}.Release|iPhone.ActiveCfg = Release|Any CPU
		{CF70F46A-6ABC-4D0E-9CC9-4AE459DBFB6B}.Release|iPhone.Build.0 = Release|Any CPU
		{CF70F46A-6ABC-4D0E-9CC9-4AE459DBFB6B}.Release|iPhone.Deploy.0 = Release|Any CPU
		{CF70F46A-6ABC-4D0E-9CC9-4AE459DBFB6B}.Release|iPhoneSimulator.ActiveCfg = Release|Any CPU
		{CF70F46A-6ABC-4D0E-9CC9-4AE459DBFB6B}.Release|iPhoneSimulator.Build.0 = Release|Any CPU
		{CF70F46A-6ABC-4D0E-9CC9-4AE459DBFB6B}.Release|iPhoneSimulator.Deploy.0 = Release|Any CPU
		{CF70F46A-6ABC-4D0E-9CC9-4AE459DBFB6B}.Release|x64.ActiveCfg = Release|Any CPU
		{CF70F46A-6ABC-4D0E-9CC9-4AE459DBFB6B}.Release|x64.Build.0 = Release|Any CPU
		{CF70F46A-6ABC-4D0E-9CC9-4AE459DBFB6B}.Release|x64.Deploy.0 = Release|Any CPU
		{CF70F46A-6ABC-4D0E-9CC9-4AE459DBFB6B}.Release|x86.ActiveCfg = Release|Any CPU
		{CF70F46A-6ABC-4D0E-9CC9-4AE459DBFB6B}.Release|x86.Build.0 = Release|Any CPU
		{CF70F46A-6ABC-4D0E-9CC9-4AE459DBFB6B}.Release|x86.Deploy.0 = Release|Any CPU
		{AC5BD0F6-30E3-4400-B3E2-E581CF058846}.Debug|Any CPU.ActiveCfg = Debug|iPhoneSimulator
		{AC5BD0F6-30E3-4400-B3E2-E581CF058846}.Debug|Any CPU.Build.0 = Debug|iPhoneSimulator
		{AC5BD0F6-30E3-4400-B3E2-E581CF058846}.Debug|ARM.ActiveCfg = Debug|iPhoneSimulator
		{AC5BD0F6-30E3-4400-B3E2-E581CF058846}.Debug|ARM.Build.0 = Debug|iPhoneSimulator
		{AC5BD0F6-30E3-4400-B3E2-E581CF058846}.Debug|ARM64.ActiveCfg = Debug|iPhoneSimulator
		{AC5BD0F6-30E3-4400-B3E2-E581CF058846}.Debug|ARM64.Build.0 = Debug|iPhoneSimulator
		{AC5BD0F6-30E3-4400-B3E2-E581CF058846}.Debug|iPhone.ActiveCfg = Debug|iPhone
		{AC5BD0F6-30E3-4400-B3E2-E581CF058846}.Debug|iPhone.Build.0 = Debug|iPhone
		{AC5BD0F6-30E3-4400-B3E2-E581CF058846}.Debug|iPhoneSimulator.ActiveCfg = Debug|iPhoneSimulator
		{AC5BD0F6-30E3-4400-B3E2-E581CF058846}.Debug|iPhoneSimulator.Build.0 = Debug|iPhoneSimulator
		{AC5BD0F6-30E3-4400-B3E2-E581CF058846}.Debug|x64.ActiveCfg = Debug|iPhoneSimulator
		{AC5BD0F6-30E3-4400-B3E2-E581CF058846}.Debug|x64.Build.0 = Debug|iPhoneSimulator
		{AC5BD0F6-30E3-4400-B3E2-E581CF058846}.Debug|x86.ActiveCfg = Debug|iPhoneSimulator
		{AC5BD0F6-30E3-4400-B3E2-E581CF058846}.Debug|x86.Build.0 = Debug|iPhoneSimulator
		{AC5BD0F6-30E3-4400-B3E2-E581CF058846}.Release|Any CPU.ActiveCfg = Release|iPhoneSimulator
		{AC5BD0F6-30E3-4400-B3E2-E581CF058846}.Release|Any CPU.Build.0 = Release|iPhoneSimulator
		{AC5BD0F6-30E3-4400-B3E2-E581CF058846}.Release|ARM.ActiveCfg = Release|iPhoneSimulator
		{AC5BD0F6-30E3-4400-B3E2-E581CF058846}.Release|ARM.Build.0 = Release|iPhoneSimulator
		{AC5BD0F6-30E3-4400-B3E2-E581CF058846}.Release|ARM64.ActiveCfg = Release|iPhoneSimulator
		{AC5BD0F6-30E3-4400-B3E2-E581CF058846}.Release|ARM64.Build.0 = Release|iPhoneSimulator
		{AC5BD0F6-30E3-4400-B3E2-E581CF058846}.Release|iPhone.ActiveCfg = Release|iPhone
		{AC5BD0F6-30E3-4400-B3E2-E581CF058846}.Release|iPhone.Build.0 = Release|iPhone
		{AC5BD0F6-30E3-4400-B3E2-E581CF058846}.Release|iPhoneSimulator.ActiveCfg = Release|iPhoneSimulator
		{AC5BD0F6-30E3-4400-B3E2-E581CF058846}.Release|iPhoneSimulator.Build.0 = Release|iPhoneSimulator
		{AC5BD0F6-30E3-4400-B3E2-E581CF058846}.Release|x64.ActiveCfg = Release|iPhoneSimulator
		{AC5BD0F6-30E3-4400-B3E2-E581CF058846}.Release|x64.Build.0 = Release|iPhoneSimulator
		{AC5BD0F6-30E3-4400-B3E2-E581CF058846}.Release|x86.ActiveCfg = Release|iPhoneSimulator
		{AC5BD0F6-30E3-4400-B3E2-E581CF058846}.Release|x86.Build.0 = Release|iPhoneSimulator
		{5B951A37-AF5C-48B4-BD77-3D6A7F781297}.Debug|Any CPU.ActiveCfg = Debug|x64
		{5B951A37-AF5C-48B4-BD77-3D6A7F781297}.Debug|Any CPU.Build.0 = Debug|x64
		{5B951A37-AF5C-48B4-BD77-3D6A7F781297}.Debug|Any CPU.Deploy.0 = Debug|x64
		{5B951A37-AF5C-48B4-BD77-3D6A7F781297}.Debug|ARM.ActiveCfg = Debug|ARM
		{5B951A37-AF5C-48B4-BD77-3D6A7F781297}.Debug|ARM.Build.0 = Debug|ARM
		{5B951A37-AF5C-48B4-BD77-3D6A7F781297}.Debug|ARM.Deploy.0 = Debug|ARM
		{5B951A37-AF5C-48B4-BD77-3D6A7F781297}.Debug|ARM64.ActiveCfg = Debug|x64
		{5B951A37-AF5C-48B4-BD77-3D6A7F781297}.Debug|ARM64.Build.0 = Debug|x64
		{5B951A37-AF5C-48B4-BD77-3D6A7F781297}.Debug|ARM64.Deploy.0 = Debug|x64
		{5B951A37-AF5C-48B4-BD77-3D6A7F781297}.Debug|iPhone.ActiveCfg = Debug|x64
		{5B951A37-AF5C-48B4-BD77-3D6A7F781297}.Debug|iPhone.Build.0 = Debug|x64
		{5B951A37-AF5C-48B4-BD77-3D6A7F781297}.Debug|iPhone.Deploy.0 = Debug|x64
		{5B951A37-AF5C-48B4-BD77-3D6A7F781297}.Debug|iPhoneSimulator.ActiveCfg = Debug|x64
		{5B951A37-AF5C-48B4-BD77-3D6A7F781297}.Debug|iPhoneSimulator.Build.0 = Debug|x64
		{5B951A37-AF5C-48B4-BD77-3D6A7F781297}.Debug|iPhoneSimulator.Deploy.0 = Debug|x64
		{5B951A37-AF5C-48B4-BD77-3D6A7F781297}.Debug|x64.ActiveCfg = Debug|x64
		{5B951A37-AF5C-48B4-BD77-3D6A7F781297}.Debug|x64.Build.0 = Debug|x64
		{5B951A37-AF5C-48B4-BD77-3D6A7F781297}.Debug|x64.Deploy.0 = Debug|x64
		{5B951A37-AF5C-48B4-BD77-3D6A7F781297}.Debug|x86.ActiveCfg = Debug|x86
		{5B951A37-AF5C-48B4-BD77-3D6A7F781297}.Debug|x86.Build.0 = Debug|x86
		{5B951A37-AF5C-48B4-BD77-3D6A7F781297}.Debug|x86.Deploy.0 = Debug|x86
		{5B951A37-AF5C-48B4-BD77-3D6A7F781297}.Release|Any CPU.ActiveCfg = Release|x64
		{5B951A37-AF5C-48B4-BD77-3D6A7F781297}.Release|Any CPU.Build.0 = Release|x64
		{5B951A37-AF5C-48B4-BD77-3D6A7F781297}.Release|Any CPU.Deploy.0 = Release|x64
		{5B951A37-AF5C-48B4-BD77-3D6A7F781297}.Release|ARM.ActiveCfg = Release|ARM
		{5B951A37-AF5C-48B4-BD77-3D6A7F781297}.Release|ARM.Build.0 = Release|ARM
		{5B951A37-AF5C-48B4-BD77-3D6A7F781297}.Release|ARM.Deploy.0 = Release|ARM
		{5B951A37-AF5C-48B4-BD77-3D6A7F781297}.Release|ARM64.ActiveCfg = Release|x64
		{5B951A37-AF5C-48B4-BD77-3D6A7F781297}.Release|ARM64.Build.0 = Release|x64
		{5B951A37-AF5C-48B4-BD77-3D6A7F781297}.Release|ARM64.Deploy.0 = Release|x64
		{5B951A37-AF5C-48B4-BD77-3D6A7F781297}.Release|iPhone.ActiveCfg = Release|x64
		{5B951A37-AF5C-48B4-BD77-3D6A7F781297}.Release|iPhone.Build.0 = Release|x64
		{5B951A37-AF5C-48B4-BD77-3D6A7F781297}.Release|iPhone.Deploy.0 = Release|x64
		{5B951A37-AF5C-48B4-BD77-3D6A7F781297}.Release|iPhoneSimulator.ActiveCfg = Release|x64
		{5B951A37-AF5C-48B4-BD77-3D6A7F781297}.Release|iPhoneSimulator.Build.0 = Release|x64
		{5B951A37-AF5C-48B4-BD77-3D6A7F781297}.Release|iPhoneSimulator.Deploy.0 = Release|x64
		{5B951A37-AF5C-48B4-BD77-3D6A7F781297}.Release|x64.ActiveCfg = Release|x64
		{5B951A37-AF5C-48B4-BD77-3D6A7F781297}.Release|x64.Build.0 = Release|x64
		{5B951A37-AF5C-48B4-BD77-3D6A7F781297}.Release|x64.Deploy.0 = Release|x64
		{5B951A37-AF5C-48B4-BD77-3D6A7F781297}.Release|x86.ActiveCfg = Release|x86
		{5B951A37-AF5C-48B4-BD77-3D6A7F781297}.Release|x86.Build.0 = Release|x86
		{5B951A37-AF5C-48B4-BD77-3D6A7F781297}.Release|x86.Deploy.0 = Release|x86
		{F5F994C8-6BF5-4A06-8C11-33FFC30BB39D}.Debug|Any CPU.ActiveCfg = Debug|Any CPU
		{F5F994C8-6BF5-4A06-8C11-33FFC30BB39D}.Debug|Any CPU.Build.0 = Debug|Any CPU
		{F5F994C8-6BF5-4A06-8C11-33FFC30BB39D}.Debug|ARM.ActiveCfg = Debug|Any CPU
		{F5F994C8-6BF5-4A06-8C11-33FFC30BB39D}.Debug|ARM.Build.0 = Debug|Any CPU
		{F5F994C8-6BF5-4A06-8C11-33FFC30BB39D}.Debug|ARM64.ActiveCfg = Debug|Any CPU
		{F5F994C8-6BF5-4A06-8C11-33FFC30BB39D}.Debug|ARM64.Build.0 = Debug|Any CPU
		{F5F994C8-6BF5-4A06-8C11-33FFC30BB39D}.Debug|iPhone.ActiveCfg = Debug|Any CPU
		{F5F994C8-6BF5-4A06-8C11-33FFC30BB39D}.Debug|iPhone.Build.0 = Debug|Any CPU
		{F5F994C8-6BF5-4A06-8C11-33FFC30BB39D}.Debug|iPhoneSimulator.ActiveCfg = Debug|Any CPU
		{F5F994C8-6BF5-4A06-8C11-33FFC30BB39D}.Debug|iPhoneSimulator.Build.0 = Debug|Any CPU
		{F5F994C8-6BF5-4A06-8C11-33FFC30BB39D}.Debug|x64.ActiveCfg = Debug|Any CPU
		{F5F994C8-6BF5-4A06-8C11-33FFC30BB39D}.Debug|x64.Build.0 = Debug|Any CPU
		{F5F994C8-6BF5-4A06-8C11-33FFC30BB39D}.Debug|x86.ActiveCfg = Debug|Any CPU
		{F5F994C8-6BF5-4A06-8C11-33FFC30BB39D}.Debug|x86.Build.0 = Debug|Any CPU
		{F5F994C8-6BF5-4A06-8C11-33FFC30BB39D}.Release|Any CPU.ActiveCfg = Release|Any CPU
		{F5F994C8-6BF5-4A06-8C11-33FFC30BB39D}.Release|Any CPU.Build.0 = Release|Any CPU
		{F5F994C8-6BF5-4A06-8C11-33FFC30BB39D}.Release|ARM.ActiveCfg = Release|Any CPU
		{F5F994C8-6BF5-4A06-8C11-33FFC30BB39D}.Release|ARM.Build.0 = Release|Any CPU
		{F5F994C8-6BF5-4A06-8C11-33FFC30BB39D}.Release|ARM64.ActiveCfg = Release|Any CPU
		{F5F994C8-6BF5-4A06-8C11-33FFC30BB39D}.Release|ARM64.Build.0 = Release|Any CPU
		{F5F994C8-6BF5-4A06-8C11-33FFC30BB39D}.Release|iPhone.ActiveCfg = Release|Any CPU
		{F5F994C8-6BF5-4A06-8C11-33FFC30BB39D}.Release|iPhone.Build.0 = Release|Any CPU
		{F5F994C8-6BF5-4A06-8C11-33FFC30BB39D}.Release|iPhoneSimulator.ActiveCfg = Release|Any CPU
		{F5F994C8-6BF5-4A06-8C11-33FFC30BB39D}.Release|iPhoneSimulator.Build.0 = Release|Any CPU
		{F5F994C8-6BF5-4A06-8C11-33FFC30BB39D}.Release|x64.ActiveCfg = Release|Any CPU
		{F5F994C8-6BF5-4A06-8C11-33FFC30BB39D}.Release|x64.Build.0 = Release|Any CPU
		{F5F994C8-6BF5-4A06-8C11-33FFC30BB39D}.Release|x86.ActiveCfg = Release|Any CPU
		{F5F994C8-6BF5-4A06-8C11-33FFC30BB39D}.Release|x86.Build.0 = Release|Any CPU
		{154A8E1F-CF02-4F52-889A-CCA948547BCD}.Debug|Any CPU.ActiveCfg = Debug|Any CPU
		{154A8E1F-CF02-4F52-889A-CCA948547BCD}.Debug|Any CPU.Build.0 = Debug|Any CPU
		{154A8E1F-CF02-4F52-889A-CCA948547BCD}.Debug|ARM.ActiveCfg = Debug|Any CPU
		{154A8E1F-CF02-4F52-889A-CCA948547BCD}.Debug|ARM.Build.0 = Debug|Any CPU
		{154A8E1F-CF02-4F52-889A-CCA948547BCD}.Debug|ARM64.ActiveCfg = Debug|Any CPU
		{154A8E1F-CF02-4F52-889A-CCA948547BCD}.Debug|ARM64.Build.0 = Debug|Any CPU
		{154A8E1F-CF02-4F52-889A-CCA948547BCD}.Debug|iPhone.ActiveCfg = Debug|Any CPU
		{154A8E1F-CF02-4F52-889A-CCA948547BCD}.Debug|iPhone.Build.0 = Debug|Any CPU
		{154A8E1F-CF02-4F52-889A-CCA948547BCD}.Debug|iPhoneSimulator.ActiveCfg = Debug|Any CPU
		{154A8E1F-CF02-4F52-889A-CCA948547BCD}.Debug|iPhoneSimulator.Build.0 = Debug|Any CPU
		{154A8E1F-CF02-4F52-889A-CCA948547BCD}.Debug|x64.ActiveCfg = Debug|Any CPU
		{154A8E1F-CF02-4F52-889A-CCA948547BCD}.Debug|x64.Build.0 = Debug|Any CPU
		{154A8E1F-CF02-4F52-889A-CCA948547BCD}.Debug|x86.ActiveCfg = Debug|Any CPU
		{154A8E1F-CF02-4F52-889A-CCA948547BCD}.Debug|x86.Build.0 = Debug|Any CPU
		{154A8E1F-CF02-4F52-889A-CCA948547BCD}.Release|Any CPU.ActiveCfg = Release|Any CPU
		{154A8E1F-CF02-4F52-889A-CCA948547BCD}.Release|Any CPU.Build.0 = Release|Any CPU
		{154A8E1F-CF02-4F52-889A-CCA948547BCD}.Release|ARM.ActiveCfg = Release|Any CPU
		{154A8E1F-CF02-4F52-889A-CCA948547BCD}.Release|ARM.Build.0 = Release|Any CPU
		{154A8E1F-CF02-4F52-889A-CCA948547BCD}.Release|ARM64.ActiveCfg = Release|Any CPU
		{154A8E1F-CF02-4F52-889A-CCA948547BCD}.Release|ARM64.Build.0 = Release|Any CPU
		{154A8E1F-CF02-4F52-889A-CCA948547BCD}.Release|iPhone.ActiveCfg = Release|Any CPU
		{154A8E1F-CF02-4F52-889A-CCA948547BCD}.Release|iPhone.Build.0 = Release|Any CPU
		{154A8E1F-CF02-4F52-889A-CCA948547BCD}.Release|iPhoneSimulator.ActiveCfg = Release|Any CPU
		{154A8E1F-CF02-4F52-889A-CCA948547BCD}.Release|iPhoneSimulator.Build.0 = Release|Any CPU
		{154A8E1F-CF02-4F52-889A-CCA948547BCD}.Release|x64.ActiveCfg = Release|Any CPU
		{154A8E1F-CF02-4F52-889A-CCA948547BCD}.Release|x64.Build.0 = Release|Any CPU
		{154A8E1F-CF02-4F52-889A-CCA948547BCD}.Release|x86.ActiveCfg = Release|Any CPU
		{154A8E1F-CF02-4F52-889A-CCA948547BCD}.Release|x86.Build.0 = Release|Any CPU
	EndGlobalSection
	GlobalSection(SolutionProperties) = preSolution
		HideSolutionNode = FALSE
	EndGlobalSection
	GlobalSection(NestedProjects) = preSolution
		{0D477C33-AAE8-42CE-9F62-4DB7389B39DC} = {62EBB651-BA58-4381-AE78-3B405480B258}
		{E32C8BAD-5124-43A9-A894-1134CBCEF7A8} = {43C99AEA-1FEA-4E60-BC0E-B68FFA177B10}
		{DCF1A705-7F96-4324-B070-B4021C8752A8} = {E32C8BAD-5124-43A9-A894-1134CBCEF7A8}
		{98289E97-05FA-44F3-A651-686B665E459A} = {43C99AEA-1FEA-4E60-BC0E-B68FFA177B10}
		{460E3D10-5032-4F95-85BC-85003522D363} = {98289E97-05FA-44F3-A651-686B665E459A}
		{2F58417C-425A-46C0-8BDA-94328C8535FD} = {43C99AEA-1FEA-4E60-BC0E-B68FFA177B10}
		{D3CEEA35-1770-49FC-A126-F8FFB0415A1E} = {2F58417C-425A-46C0-8BDA-94328C8535FD}
		{B974651E-A719-4566-B87E-9754735D1CF3} = {43C99AEA-1FEA-4E60-BC0E-B68FFA177B10}
		{3EE1E8CC-075A-4E54-9E65-2D0390D6C5A3} = {B974651E-A719-4566-B87E-9754735D1CF3}
		{0D436BA8-A1AD-482E-A449-D59BA03578D3} = {43C99AEA-1FEA-4E60-BC0E-B68FFA177B10}
		{7A1514AF-E40B-40D0-83E2-01EDAAF49E8E} = {0D436BA8-A1AD-482E-A449-D59BA03578D3}
		{9F0FDCF9-0C73-4B88-BC12-852CF78E8770} = {43C99AEA-1FEA-4E60-BC0E-B68FFA177B10}
		{9C0DBA3C-312C-4BDC-B537-4A173FAB45A8} = {9F0FDCF9-0C73-4B88-BC12-852CF78E8770}
		{35885ABD-DBDE-4270-A9AD-5EBC4C7229A1} = {9F0FDCF9-0C73-4B88-BC12-852CF78E8770}
		{DF409787-15A0-414E-9C98-DADDFC589A51} = {43C99AEA-1FEA-4E60-BC0E-B68FFA177B10}
		{4A145EB5-E6BC-40C9-9C5E-D15D0D1CE8FF} = {DF409787-15A0-414E-9C98-DADDFC589A51}
		{0F17E6B0-0689-4438-AE61-1E9A965C9B93} = {43C99AEA-1FEA-4E60-BC0E-B68FFA177B10}
		{2A7B34AE-A0CE-44BD-8E87-C0DF189FB8F2} = {0F17E6B0-0689-4438-AE61-1E9A965C9B93}
		{CF70F46A-6ABC-4D0E-9CC9-4AE459DBFB6B} = {0F17E6B0-0689-4438-AE61-1E9A965C9B93}
		{AC5BD0F6-30E3-4400-B3E2-E581CF058846} = {0F17E6B0-0689-4438-AE61-1E9A965C9B93}
		{5B951A37-AF5C-48B4-BD77-3D6A7F781297} = {0F17E6B0-0689-4438-AE61-1E9A965C9B93}
		{154A8E1F-CF02-4F52-889A-CCA948547BCD} = {43C99AEA-1FEA-4E60-BC0E-B68FFA177B10}
	EndGlobalSection
	GlobalSection(ExtensibilityGlobals) = postSolution
		SolutionGuid = {3BA26C46-5991-43AA-ABF6-599DA1D0F830}
	EndGlobalSection
EndGlobal
