
Microsoft Visual Studio Solution File, Format Version 12.00
# Visual Studio Version 16
VisualStudioVersion = 16.0.30804.86
MinimumVisualStudioVersion = 10.0.40219.1
Project("{9A19103F-16F7-4668-BE54-9A1E7A4F7556}") = "LiveChartsCore", "LiveCharts.Core\LiveChartsCore.csproj", "{EA89D36E-67D9-4B22-8F91-972E6CCC327A}"
EndProject
Project("{2150E333-8FDC-42A3-9474-1A3956D46DE8}") = "Samples", "Samples", "{2E9ED2C0-0C15-4890-8070-4A3B8A5C7704}"
EndProject
Project("{9A19103F-16F7-4668-BE54-9A1E7A4F7556}") = "WPFSample", "WPFSample\WPFSample.csproj", "{418763AC-A0FF-4C21-AECB-E1E505C334E7}"
EndProject
Project("{9A19103F-16F7-4668-BE54-9A1E7A4F7556}") = "LiveChartsCore.WPF", "LiveChartsCore.WPF\LiveChartsCore.WPF.csproj", "{BCACCF25-4AAE-4217-AB3D-7B676B1955F5}"
EndProject
Project("{FAE04EC0-301F-11D3-BF4B-00C04F79EFBC}") = "XamarinFormsSample.UWP", "XamarinFormsSample\XamarinFormsSample.UWP\XamarinFormsSample.UWP.csproj", "{EF87A92F-BB8A-4049-A9BD-ACE3D7636C8D}"
EndProject
Project("{FAE04EC0-301F-11D3-BF4B-00C04F79EFBC}") = "XamarinFormsSample.Android", "XamarinFormsSample\XamarinFormsSample.Android\XamarinFormsSample.Android.csproj", "{7572AA0F-F4EF-4BBB-A4CD-67D515602D39}"
EndProject
Project("{FAE04EC0-301F-11D3-BF4B-00C04F79EFBC}") = "XamarinFormsSample.iOS", "XamarinFormsSample\XamarinFormsSample.iOS\XamarinFormsSample.iOS.csproj", "{9076B162-2E2D-45AD-96C8-00E55405461F}"
EndProject
Project("{9A19103F-16F7-4668-BE54-9A1E7A4F7556}") = "XamarinFormsSample", "XamarinFormsSample\XamarinFormsSample\XamarinFormsSample.csproj", "{39BF6675-5357-4CDC-8C38-008949225538}"
EndProject
Project("{9A19103F-16F7-4668-BE54-9A1E7A4F7556}") = "LiveChartsCore.Xamarin.Forms", "LiveChartsCore.Xamarin.Forms\LiveChartsCore.Xamarin.Forms.csproj", "{2E0D555D-8CCF-4A5A-B357-B4110B4035EB}"
EndProject
Project("{9A19103F-16F7-4668-BE54-9A1E7A4F7556}") = "ViewModelsSamples", "ViewModelsSamples\ViewModelsSamples.csproj", "{8C9A180C-CA3D-4D69-AE2E-B5FBD1B264EC}"
EndProject
Project("{9A19103F-16F7-4668-BE54-9A1E7A4F7556}") = "LiveChartsCore.UnitTesting", "LiveChartsCore.UnitTesting\LiveChartsCore.UnitTesting.csproj", "{78D883C0-8E6B-4792-9688-B80C2621B17D}"
EndProject
Project("{FAE04EC0-301F-11D3-BF4B-00C04F79EFBC}") = "LiveChartsCore.WinForms", "LiveChartsCore.WinForms\LiveChartsCore.WinForms.csproj", "{FF053E8A-23C3-4B9B-80C3-C9849A007EC0}"
EndProject
Project("{FAE04EC0-301F-11D3-BF4B-00C04F79EFBC}") = "WinFormsSample", "WinFormsSample\WinFormsSample.csproj", "{D93C4BE5-EE00-4E3D-9C03-C45C7E5B3747}"
EndProject
Project("{FAE04EC0-301F-11D3-BF4B-00C04F79EFBC}") = "LiveChartsCore.SkiaSharp", "LiveChartsCore.SkiaSharp\LiveChartsCore.SkiaSharp.csproj", "{A6751ACF-717B-4B36-8004-79F27553F4C3}"
EndProject
Global
	GlobalSection(SolutionConfigurationPlatforms) = preSolution
		Debug|Any CPU = Debug|Any CPU
		Debug|ARM = Debug|ARM
		Debug|iPhone = Debug|iPhone
		Debug|iPhoneSimulator = Debug|iPhoneSimulator
		Debug|x64 = Debug|x64
		Debug|x86 = Debug|x86
		Release|Any CPU = Release|Any CPU
		Release|ARM = Release|ARM
		Release|iPhone = Release|iPhone
		Release|iPhoneSimulator = Release|iPhoneSimulator
		Release|x64 = Release|x64
		Release|x86 = Release|x86
	EndGlobalSection
	GlobalSection(ProjectConfigurationPlatforms) = postSolution
		{EA89D36E-67D9-4B22-8F91-972E6CCC327A}.Debug|Any CPU.ActiveCfg = Debug|Any CPU
		{EA89D36E-67D9-4B22-8F91-972E6CCC327A}.Debug|Any CPU.Build.0 = Debug|Any CPU
		{EA89D36E-67D9-4B22-8F91-972E6CCC327A}.Debug|ARM.ActiveCfg = Debug|Any CPU
		{EA89D36E-67D9-4B22-8F91-972E6CCC327A}.Debug|ARM.Build.0 = Debug|Any CPU
		{EA89D36E-67D9-4B22-8F91-972E6CCC327A}.Debug|iPhone.ActiveCfg = Debug|Any CPU
		{EA89D36E-67D9-4B22-8F91-972E6CCC327A}.Debug|iPhone.Build.0 = Debug|Any CPU
		{EA89D36E-67D9-4B22-8F91-972E6CCC327A}.Debug|iPhoneSimulator.ActiveCfg = Debug|Any CPU
		{EA89D36E-67D9-4B22-8F91-972E6CCC327A}.Debug|iPhoneSimulator.Build.0 = Debug|Any CPU
		{EA89D36E-67D9-4B22-8F91-972E6CCC327A}.Debug|x64.ActiveCfg = Debug|Any CPU
		{EA89D36E-67D9-4B22-8F91-972E6CCC327A}.Debug|x64.Build.0 = Debug|Any CPU
		{EA89D36E-67D9-4B22-8F91-972E6CCC327A}.Debug|x86.ActiveCfg = Debug|Any CPU
		{EA89D36E-67D9-4B22-8F91-972E6CCC327A}.Debug|x86.Build.0 = Debug|Any CPU
		{EA89D36E-67D9-4B22-8F91-972E6CCC327A}.Release|Any CPU.ActiveCfg = Release|Any CPU
		{EA89D36E-67D9-4B22-8F91-972E6CCC327A}.Release|Any CPU.Build.0 = Release|Any CPU
		{EA89D36E-67D9-4B22-8F91-972E6CCC327A}.Release|ARM.ActiveCfg = Release|Any CPU
		{EA89D36E-67D9-4B22-8F91-972E6CCC327A}.Release|ARM.Build.0 = Release|Any CPU
		{EA89D36E-67D9-4B22-8F91-972E6CCC327A}.Release|iPhone.ActiveCfg = Release|Any CPU
		{EA89D36E-67D9-4B22-8F91-972E6CCC327A}.Release|iPhone.Build.0 = Release|Any CPU
		{EA89D36E-67D9-4B22-8F91-972E6CCC327A}.Release|iPhoneSimulator.ActiveCfg = Release|Any CPU
		{EA89D36E-67D9-4B22-8F91-972E6CCC327A}.Release|iPhoneSimulator.Build.0 = Release|Any CPU
		{EA89D36E-67D9-4B22-8F91-972E6CCC327A}.Release|x64.ActiveCfg = Release|Any CPU
		{EA89D36E-67D9-4B22-8F91-972E6CCC327A}.Release|x64.Build.0 = Release|Any CPU
		{EA89D36E-67D9-4B22-8F91-972E6CCC327A}.Release|x86.ActiveCfg = Release|Any CPU
		{EA89D36E-67D9-4B22-8F91-972E6CCC327A}.Release|x86.Build.0 = Release|Any CPU
		{418763AC-A0FF-4C21-AECB-E1E505C334E7}.Debug|Any CPU.ActiveCfg = Debug|Any CPU
		{418763AC-A0FF-4C21-AECB-E1E505C334E7}.Debug|Any CPU.Build.0 = Debug|Any CPU
		{418763AC-A0FF-4C21-AECB-E1E505C334E7}.Debug|ARM.ActiveCfg = Debug|Any CPU
		{418763AC-A0FF-4C21-AECB-E1E505C334E7}.Debug|ARM.Build.0 = Debug|Any CPU
		{418763AC-A0FF-4C21-AECB-E1E505C334E7}.Debug|iPhone.ActiveCfg = Debug|Any CPU
		{418763AC-A0FF-4C21-AECB-E1E505C334E7}.Debug|iPhone.Build.0 = Debug|Any CPU
		{418763AC-A0FF-4C21-AECB-E1E505C334E7}.Debug|iPhoneSimulator.ActiveCfg = Debug|Any CPU
		{418763AC-A0FF-4C21-AECB-E1E505C334E7}.Debug|iPhoneSimulator.Build.0 = Debug|Any CPU
		{418763AC-A0FF-4C21-AECB-E1E505C334E7}.Debug|x64.ActiveCfg = Debug|Any CPU
		{418763AC-A0FF-4C21-AECB-E1E505C334E7}.Debug|x64.Build.0 = Debug|Any CPU
		{418763AC-A0FF-4C21-AECB-E1E505C334E7}.Debug|x86.ActiveCfg = Debug|Any CPU
		{418763AC-A0FF-4C21-AECB-E1E505C334E7}.Debug|x86.Build.0 = Debug|Any CPU
		{418763AC-A0FF-4C21-AECB-E1E505C334E7}.Release|Any CPU.ActiveCfg = Release|Any CPU
		{418763AC-A0FF-4C21-AECB-E1E505C334E7}.Release|Any CPU.Build.0 = Release|Any CPU
		{418763AC-A0FF-4C21-AECB-E1E505C334E7}.Release|ARM.ActiveCfg = Release|Any CPU
		{418763AC-A0FF-4C21-AECB-E1E505C334E7}.Release|ARM.Build.0 = Release|Any CPU
		{418763AC-A0FF-4C21-AECB-E1E505C334E7}.Release|iPhone.ActiveCfg = Release|Any CPU
		{418763AC-A0FF-4C21-AECB-E1E505C334E7}.Release|iPhone.Build.0 = Release|Any CPU
		{418763AC-A0FF-4C21-AECB-E1E505C334E7}.Release|iPhoneSimulator.ActiveCfg = Release|Any CPU
		{418763AC-A0FF-4C21-AECB-E1E505C334E7}.Release|iPhoneSimulator.Build.0 = Release|Any CPU
		{418763AC-A0FF-4C21-AECB-E1E505C334E7}.Release|x64.ActiveCfg = Release|Any CPU
		{418763AC-A0FF-4C21-AECB-E1E505C334E7}.Release|x64.Build.0 = Release|Any CPU
		{418763AC-A0FF-4C21-AECB-E1E505C334E7}.Release|x86.ActiveCfg = Release|Any CPU
		{418763AC-A0FF-4C21-AECB-E1E505C334E7}.Release|x86.Build.0 = Release|Any CPU
		{BCACCF25-4AAE-4217-AB3D-7B676B1955F5}.Debug|Any CPU.ActiveCfg = Debug|Any CPU
		{BCACCF25-4AAE-4217-AB3D-7B676B1955F5}.Debug|Any CPU.Build.0 = Debug|Any CPU
		{BCACCF25-4AAE-4217-AB3D-7B676B1955F5}.Debug|ARM.ActiveCfg = Debug|Any CPU
		{BCACCF25-4AAE-4217-AB3D-7B676B1955F5}.Debug|ARM.Build.0 = Debug|Any CPU
		{BCACCF25-4AAE-4217-AB3D-7B676B1955F5}.Debug|iPhone.ActiveCfg = Debug|Any CPU
		{BCACCF25-4AAE-4217-AB3D-7B676B1955F5}.Debug|iPhone.Build.0 = Debug|Any CPU
		{BCACCF25-4AAE-4217-AB3D-7B676B1955F5}.Debug|iPhoneSimulator.ActiveCfg = Debug|Any CPU
		{BCACCF25-4AAE-4217-AB3D-7B676B1955F5}.Debug|iPhoneSimulator.Build.0 = Debug|Any CPU
		{BCACCF25-4AAE-4217-AB3D-7B676B1955F5}.Debug|x64.ActiveCfg = Debug|Any CPU
		{BCACCF25-4AAE-4217-AB3D-7B676B1955F5}.Debug|x64.Build.0 = Debug|Any CPU
		{BCACCF25-4AAE-4217-AB3D-7B676B1955F5}.Debug|x86.ActiveCfg = Debug|Any CPU
		{BCACCF25-4AAE-4217-AB3D-7B676B1955F5}.Debug|x86.Build.0 = Debug|Any CPU
		{BCACCF25-4AAE-4217-AB3D-7B676B1955F5}.Release|Any CPU.ActiveCfg = Release|Any CPU
		{BCACCF25-4AAE-4217-AB3D-7B676B1955F5}.Release|Any CPU.Build.0 = Release|Any CPU
		{BCACCF25-4AAE-4217-AB3D-7B676B1955F5}.Release|ARM.ActiveCfg = Release|Any CPU
		{BCACCF25-4AAE-4217-AB3D-7B676B1955F5}.Release|ARM.Build.0 = Release|Any CPU
		{BCACCF25-4AAE-4217-AB3D-7B676B1955F5}.Release|iPhone.ActiveCfg = Release|Any CPU
		{BCACCF25-4AAE-4217-AB3D-7B676B1955F5}.Release|iPhone.Build.0 = Release|Any CPU
		{BCACCF25-4AAE-4217-AB3D-7B676B1955F5}.Release|iPhoneSimulator.ActiveCfg = Release|Any CPU
		{BCACCF25-4AAE-4217-AB3D-7B676B1955F5}.Release|iPhoneSimulator.Build.0 = Release|Any CPU
		{BCACCF25-4AAE-4217-AB3D-7B676B1955F5}.Release|x64.ActiveCfg = Release|Any CPU
		{BCACCF25-4AAE-4217-AB3D-7B676B1955F5}.Release|x64.Build.0 = Release|Any CPU
		{BCACCF25-4AAE-4217-AB3D-7B676B1955F5}.Release|x86.ActiveCfg = Release|Any CPU
		{BCACCF25-4AAE-4217-AB3D-7B676B1955F5}.Release|x86.Build.0 = Release|Any CPU
		{EF87A92F-BB8A-4049-A9BD-ACE3D7636C8D}.Debug|Any CPU.ActiveCfg = Debug|x86
		{EF87A92F-BB8A-4049-A9BD-ACE3D7636C8D}.Debug|ARM.ActiveCfg = Debug|ARM
		{EF87A92F-BB8A-4049-A9BD-ACE3D7636C8D}.Debug|ARM.Build.0 = Debug|ARM
		{EF87A92F-BB8A-4049-A9BD-ACE3D7636C8D}.Debug|ARM.Deploy.0 = Debug|ARM
		{EF87A92F-BB8A-4049-A9BD-ACE3D7636C8D}.Debug|iPhone.ActiveCfg = Debug|x86
		{EF87A92F-BB8A-4049-A9BD-ACE3D7636C8D}.Debug|iPhoneSimulator.ActiveCfg = Debug|x86
		{EF87A92F-BB8A-4049-A9BD-ACE3D7636C8D}.Debug|x64.ActiveCfg = Debug|x64
		{EF87A92F-BB8A-4049-A9BD-ACE3D7636C8D}.Debug|x64.Build.0 = Debug|x64
		{EF87A92F-BB8A-4049-A9BD-ACE3D7636C8D}.Debug|x64.Deploy.0 = Debug|x64
		{EF87A92F-BB8A-4049-A9BD-ACE3D7636C8D}.Debug|x86.ActiveCfg = Debug|x86
		{EF87A92F-BB8A-4049-A9BD-ACE3D7636C8D}.Debug|x86.Build.0 = Debug|x86
		{EF87A92F-BB8A-4049-A9BD-ACE3D7636C8D}.Debug|x86.Deploy.0 = Debug|x86
		{EF87A92F-BB8A-4049-A9BD-ACE3D7636C8D}.Release|Any CPU.ActiveCfg = Release|x86
		{EF87A92F-BB8A-4049-A9BD-ACE3D7636C8D}.Release|ARM.ActiveCfg = Release|ARM
		{EF87A92F-BB8A-4049-A9BD-ACE3D7636C8D}.Release|ARM.Build.0 = Release|ARM
		{EF87A92F-BB8A-4049-A9BD-ACE3D7636C8D}.Release|ARM.Deploy.0 = Release|ARM
		{EF87A92F-BB8A-4049-A9BD-ACE3D7636C8D}.Release|iPhone.ActiveCfg = Release|x86
		{EF87A92F-BB8A-4049-A9BD-ACE3D7636C8D}.Release|iPhoneSimulator.ActiveCfg = Release|x86
		{EF87A92F-BB8A-4049-A9BD-ACE3D7636C8D}.Release|x64.ActiveCfg = Release|x64
		{EF87A92F-BB8A-4049-A9BD-ACE3D7636C8D}.Release|x64.Build.0 = Release|x64
		{EF87A92F-BB8A-4049-A9BD-ACE3D7636C8D}.Release|x64.Deploy.0 = Release|x64
		{EF87A92F-BB8A-4049-A9BD-ACE3D7636C8D}.Release|x86.ActiveCfg = Release|x86
		{EF87A92F-BB8A-4049-A9BD-ACE3D7636C8D}.Release|x86.Build.0 = Release|x86
		{EF87A92F-BB8A-4049-A9BD-ACE3D7636C8D}.Release|x86.Deploy.0 = Release|x86
		{7572AA0F-F4EF-4BBB-A4CD-67D515602D39}.Debug|Any CPU.ActiveCfg = Debug|Any CPU
		{7572AA0F-F4EF-4BBB-A4CD-67D515602D39}.Debug|Any CPU.Build.0 = Debug|Any CPU
		{7572AA0F-F4EF-4BBB-A4CD-67D515602D39}.Debug|Any CPU.Deploy.0 = Debug|Any CPU
		{7572AA0F-F4EF-4BBB-A4CD-67D515602D39}.Debug|ARM.ActiveCfg = Debug|Any CPU
		{7572AA0F-F4EF-4BBB-A4CD-67D515602D39}.Debug|ARM.Build.0 = Debug|Any CPU
		{7572AA0F-F4EF-4BBB-A4CD-67D515602D39}.Debug|ARM.Deploy.0 = Debug|Any CPU
		{7572AA0F-F4EF-4BBB-A4CD-67D515602D39}.Debug|iPhone.ActiveCfg = Debug|Any CPU
		{7572AA0F-F4EF-4BBB-A4CD-67D515602D39}.Debug|iPhone.Build.0 = Debug|Any CPU
		{7572AA0F-F4EF-4BBB-A4CD-67D515602D39}.Debug|iPhone.Deploy.0 = Debug|Any CPU
		{7572AA0F-F4EF-4BBB-A4CD-67D515602D39}.Debug|iPhoneSimulator.ActiveCfg = Debug|Any CPU
		{7572AA0F-F4EF-4BBB-A4CD-67D515602D39}.Debug|iPhoneSimulator.Build.0 = Debug|Any CPU
		{7572AA0F-F4EF-4BBB-A4CD-67D515602D39}.Debug|iPhoneSimulator.Deploy.0 = Debug|Any CPU
		{7572AA0F-F4EF-4BBB-A4CD-67D515602D39}.Debug|x64.ActiveCfg = Debug|Any CPU
		{7572AA0F-F4EF-4BBB-A4CD-67D515602D39}.Debug|x64.Build.0 = Debug|Any CPU
		{7572AA0F-F4EF-4BBB-A4CD-67D515602D39}.Debug|x64.Deploy.0 = Debug|Any CPU
		{7572AA0F-F4EF-4BBB-A4CD-67D515602D39}.Debug|x86.ActiveCfg = Debug|Any CPU
		{7572AA0F-F4EF-4BBB-A4CD-67D515602D39}.Debug|x86.Build.0 = Debug|Any CPU
		{7572AA0F-F4EF-4BBB-A4CD-67D515602D39}.Debug|x86.Deploy.0 = Debug|Any CPU
		{7572AA0F-F4EF-4BBB-A4CD-67D515602D39}.Release|Any CPU.ActiveCfg = Release|Any CPU
		{7572AA0F-F4EF-4BBB-A4CD-67D515602D39}.Release|Any CPU.Build.0 = Release|Any CPU
		{7572AA0F-F4EF-4BBB-A4CD-67D515602D39}.Release|Any CPU.Deploy.0 = Release|Any CPU
		{7572AA0F-F4EF-4BBB-A4CD-67D515602D39}.Release|ARM.ActiveCfg = Release|Any CPU
		{7572AA0F-F4EF-4BBB-A4CD-67D515602D39}.Release|ARM.Build.0 = Release|Any CPU
		{7572AA0F-F4EF-4BBB-A4CD-67D515602D39}.Release|ARM.Deploy.0 = Release|Any CPU
		{7572AA0F-F4EF-4BBB-A4CD-67D515602D39}.Release|iPhone.ActiveCfg = Release|Any CPU
		{7572AA0F-F4EF-4BBB-A4CD-67D515602D39}.Release|iPhone.Build.0 = Release|Any CPU
		{7572AA0F-F4EF-4BBB-A4CD-67D515602D39}.Release|iPhone.Deploy.0 = Release|Any CPU
		{7572AA0F-F4EF-4BBB-A4CD-67D515602D39}.Release|iPhoneSimulator.ActiveCfg = Release|Any CPU
		{7572AA0F-F4EF-4BBB-A4CD-67D515602D39}.Release|iPhoneSimulator.Build.0 = Release|Any CPU
		{7572AA0F-F4EF-4BBB-A4CD-67D515602D39}.Release|iPhoneSimulator.Deploy.0 = Release|Any CPU
		{7572AA0F-F4EF-4BBB-A4CD-67D515602D39}.Release|x64.ActiveCfg = Release|Any CPU
		{7572AA0F-F4EF-4BBB-A4CD-67D515602D39}.Release|x64.Build.0 = Release|Any CPU
		{7572AA0F-F4EF-4BBB-A4CD-67D515602D39}.Release|x64.Deploy.0 = Release|Any CPU
		{7572AA0F-F4EF-4BBB-A4CD-67D515602D39}.Release|x86.ActiveCfg = Release|Any CPU
		{7572AA0F-F4EF-4BBB-A4CD-67D515602D39}.Release|x86.Build.0 = Release|Any CPU
		{7572AA0F-F4EF-4BBB-A4CD-67D515602D39}.Release|x86.Deploy.0 = Release|Any CPU
		{9076B162-2E2D-45AD-96C8-00E55405461F}.Debug|Any CPU.ActiveCfg = Debug|iPhoneSimulator
		{9076B162-2E2D-45AD-96C8-00E55405461F}.Debug|ARM.ActiveCfg = Debug|iPhoneSimulator
		{9076B162-2E2D-45AD-96C8-00E55405461F}.Debug|iPhone.ActiveCfg = Debug|iPhone
		{9076B162-2E2D-45AD-96C8-00E55405461F}.Debug|iPhone.Build.0 = Debug|iPhone
		{9076B162-2E2D-45AD-96C8-00E55405461F}.Debug|iPhoneSimulator.ActiveCfg = Debug|iPhoneSimulator
		{9076B162-2E2D-45AD-96C8-00E55405461F}.Debug|iPhoneSimulator.Build.0 = Debug|iPhoneSimulator
		{9076B162-2E2D-45AD-96C8-00E55405461F}.Debug|x64.ActiveCfg = Debug|iPhoneSimulator
		{9076B162-2E2D-45AD-96C8-00E55405461F}.Debug|x86.ActiveCfg = Debug|iPhoneSimulator
		{9076B162-2E2D-45AD-96C8-00E55405461F}.Release|Any CPU.ActiveCfg = Release|iPhoneSimulator
		{9076B162-2E2D-45AD-96C8-00E55405461F}.Release|ARM.ActiveCfg = Release|iPhoneSimulator
		{9076B162-2E2D-45AD-96C8-00E55405461F}.Release|iPhone.ActiveCfg = Release|iPhone
		{9076B162-2E2D-45AD-96C8-00E55405461F}.Release|iPhone.Build.0 = Release|iPhone
		{9076B162-2E2D-45AD-96C8-00E55405461F}.Release|iPhoneSimulator.ActiveCfg = Release|iPhoneSimulator
		{9076B162-2E2D-45AD-96C8-00E55405461F}.Release|iPhoneSimulator.Build.0 = Release|iPhoneSimulator
		{9076B162-2E2D-45AD-96C8-00E55405461F}.Release|x64.ActiveCfg = Release|iPhoneSimulator
		{9076B162-2E2D-45AD-96C8-00E55405461F}.Release|x86.ActiveCfg = Release|iPhoneSimulator
		{39BF6675-5357-4CDC-8C38-008949225538}.Debug|Any CPU.ActiveCfg = Debug|Any CPU
		{39BF6675-5357-4CDC-8C38-008949225538}.Debug|Any CPU.Build.0 = Debug|Any CPU
		{39BF6675-5357-4CDC-8C38-008949225538}.Debug|ARM.ActiveCfg = Debug|Any CPU
		{39BF6675-5357-4CDC-8C38-008949225538}.Debug|ARM.Build.0 = Debug|Any CPU
		{39BF6675-5357-4CDC-8C38-008949225538}.Debug|iPhone.ActiveCfg = Debug|Any CPU
		{39BF6675-5357-4CDC-8C38-008949225538}.Debug|iPhone.Build.0 = Debug|Any CPU
		{39BF6675-5357-4CDC-8C38-008949225538}.Debug|iPhoneSimulator.ActiveCfg = Debug|Any CPU
		{39BF6675-5357-4CDC-8C38-008949225538}.Debug|iPhoneSimulator.Build.0 = Debug|Any CPU
		{39BF6675-5357-4CDC-8C38-008949225538}.Debug|x64.ActiveCfg = Debug|Any CPU
		{39BF6675-5357-4CDC-8C38-008949225538}.Debug|x64.Build.0 = Debug|Any CPU
		{39BF6675-5357-4CDC-8C38-008949225538}.Debug|x86.ActiveCfg = Debug|Any CPU
		{39BF6675-5357-4CDC-8C38-008949225538}.Debug|x86.Build.0 = Debug|Any CPU
		{39BF6675-5357-4CDC-8C38-008949225538}.Release|Any CPU.ActiveCfg = Release|Any CPU
		{39BF6675-5357-4CDC-8C38-008949225538}.Release|Any CPU.Build.0 = Release|Any CPU
		{39BF6675-5357-4CDC-8C38-008949225538}.Release|ARM.ActiveCfg = Release|Any CPU
		{39BF6675-5357-4CDC-8C38-008949225538}.Release|ARM.Build.0 = Release|Any CPU
		{39BF6675-5357-4CDC-8C38-008949225538}.Release|iPhone.ActiveCfg = Release|Any CPU
		{39BF6675-5357-4CDC-8C38-008949225538}.Release|iPhone.Build.0 = Release|Any CPU
		{39BF6675-5357-4CDC-8C38-008949225538}.Release|iPhoneSimulator.ActiveCfg = Release|Any CPU
		{39BF6675-5357-4CDC-8C38-008949225538}.Release|iPhoneSimulator.Build.0 = Release|Any CPU
		{39BF6675-5357-4CDC-8C38-008949225538}.Release|x64.ActiveCfg = Release|Any CPU
		{39BF6675-5357-4CDC-8C38-008949225538}.Release|x64.Build.0 = Release|Any CPU
		{39BF6675-5357-4CDC-8C38-008949225538}.Release|x86.ActiveCfg = Release|Any CPU
		{39BF6675-5357-4CDC-8C38-008949225538}.Release|x86.Build.0 = Release|Any CPU
		{2E0D555D-8CCF-4A5A-B357-B4110B4035EB}.Debug|Any CPU.ActiveCfg = Debug|Any CPU
		{2E0D555D-8CCF-4A5A-B357-B4110B4035EB}.Debug|Any CPU.Build.0 = Debug|Any CPU
		{2E0D555D-8CCF-4A5A-B357-B4110B4035EB}.Debug|ARM.ActiveCfg = Debug|Any CPU
		{2E0D555D-8CCF-4A5A-B357-B4110B4035EB}.Debug|ARM.Build.0 = Debug|Any CPU
		{2E0D555D-8CCF-4A5A-B357-B4110B4035EB}.Debug|iPhone.ActiveCfg = Debug|Any CPU
		{2E0D555D-8CCF-4A5A-B357-B4110B4035EB}.Debug|iPhone.Build.0 = Debug|Any CPU
		{2E0D555D-8CCF-4A5A-B357-B4110B4035EB}.Debug|iPhoneSimulator.ActiveCfg = Debug|Any CPU
		{2E0D555D-8CCF-4A5A-B357-B4110B4035EB}.Debug|iPhoneSimulator.Build.0 = Debug|Any CPU
		{2E0D555D-8CCF-4A5A-B357-B4110B4035EB}.Debug|x64.ActiveCfg = Debug|Any CPU
		{2E0D555D-8CCF-4A5A-B357-B4110B4035EB}.Debug|x64.Build.0 = Debug|Any CPU
		{2E0D555D-8CCF-4A5A-B357-B4110B4035EB}.Debug|x86.ActiveCfg = Debug|Any CPU
		{2E0D555D-8CCF-4A5A-B357-B4110B4035EB}.Debug|x86.Build.0 = Debug|Any CPU
		{2E0D555D-8CCF-4A5A-B357-B4110B4035EB}.Release|Any CPU.ActiveCfg = Release|Any CPU
		{2E0D555D-8CCF-4A5A-B357-B4110B4035EB}.Release|Any CPU.Build.0 = Release|Any CPU
		{2E0D555D-8CCF-4A5A-B357-B4110B4035EB}.Release|ARM.ActiveCfg = Release|Any CPU
		{2E0D555D-8CCF-4A5A-B357-B4110B4035EB}.Release|ARM.Build.0 = Release|Any CPU
		{2E0D555D-8CCF-4A5A-B357-B4110B4035EB}.Release|iPhone.ActiveCfg = Release|Any CPU
		{2E0D555D-8CCF-4A5A-B357-B4110B4035EB}.Release|iPhone.Build.0 = Release|Any CPU
		{2E0D555D-8CCF-4A5A-B357-B4110B4035EB}.Release|iPhoneSimulator.ActiveCfg = Release|Any CPU
		{2E0D555D-8CCF-4A5A-B357-B4110B4035EB}.Release|iPhoneSimulator.Build.0 = Release|Any CPU
		{2E0D555D-8CCF-4A5A-B357-B4110B4035EB}.Release|x64.ActiveCfg = Release|Any CPU
		{2E0D555D-8CCF-4A5A-B357-B4110B4035EB}.Release|x64.Build.0 = Release|Any CPU
		{2E0D555D-8CCF-4A5A-B357-B4110B4035EB}.Release|x86.ActiveCfg = Release|Any CPU
		{2E0D555D-8CCF-4A5A-B357-B4110B4035EB}.Release|x86.Build.0 = Release|Any CPU
		{8C9A180C-CA3D-4D69-AE2E-B5FBD1B264EC}.Debug|Any CPU.ActiveCfg = Debug|Any CPU
		{8C9A180C-CA3D-4D69-AE2E-B5FBD1B264EC}.Debug|Any CPU.Build.0 = Debug|Any CPU
		{8C9A180C-CA3D-4D69-AE2E-B5FBD1B264EC}.Debug|ARM.ActiveCfg = Debug|Any CPU
		{8C9A180C-CA3D-4D69-AE2E-B5FBD1B264EC}.Debug|ARM.Build.0 = Debug|Any CPU
		{8C9A180C-CA3D-4D69-AE2E-B5FBD1B264EC}.Debug|iPhone.ActiveCfg = Debug|Any CPU
		{8C9A180C-CA3D-4D69-AE2E-B5FBD1B264EC}.Debug|iPhone.Build.0 = Debug|Any CPU
		{8C9A180C-CA3D-4D69-AE2E-B5FBD1B264EC}.Debug|iPhoneSimulator.ActiveCfg = Debug|Any CPU
		{8C9A180C-CA3D-4D69-AE2E-B5FBD1B264EC}.Debug|iPhoneSimulator.Build.0 = Debug|Any CPU
		{8C9A180C-CA3D-4D69-AE2E-B5FBD1B264EC}.Debug|x64.ActiveCfg = Debug|Any CPU
		{8C9A180C-CA3D-4D69-AE2E-B5FBD1B264EC}.Debug|x64.Build.0 = Debug|Any CPU
		{8C9A180C-CA3D-4D69-AE2E-B5FBD1B264EC}.Debug|x86.ActiveCfg = Debug|Any CPU
		{8C9A180C-CA3D-4D69-AE2E-B5FBD1B264EC}.Debug|x86.Build.0 = Debug|Any CPU
		{8C9A180C-CA3D-4D69-AE2E-B5FBD1B264EC}.Release|Any CPU.ActiveCfg = Release|Any CPU
		{8C9A180C-CA3D-4D69-AE2E-B5FBD1B264EC}.Release|Any CPU.Build.0 = Release|Any CPU
		{8C9A180C-CA3D-4D69-AE2E-B5FBD1B264EC}.Release|ARM.ActiveCfg = Release|Any CPU
		{8C9A180C-CA3D-4D69-AE2E-B5FBD1B264EC}.Release|ARM.Build.0 = Release|Any CPU
		{8C9A180C-CA3D-4D69-AE2E-B5FBD1B264EC}.Release|iPhone.ActiveCfg = Release|Any CPU
		{8C9A180C-CA3D-4D69-AE2E-B5FBD1B264EC}.Release|iPhone.Build.0 = Release|Any CPU
		{8C9A180C-CA3D-4D69-AE2E-B5FBD1B264EC}.Release|iPhoneSimulator.ActiveCfg = Release|Any CPU
		{8C9A180C-CA3D-4D69-AE2E-B5FBD1B264EC}.Release|iPhoneSimulator.Build.0 = Release|Any CPU
		{8C9A180C-CA3D-4D69-AE2E-B5FBD1B264EC}.Release|x64.ActiveCfg = Release|Any CPU
		{8C9A180C-CA3D-4D69-AE2E-B5FBD1B264EC}.Release|x64.Build.0 = Release|Any CPU
		{8C9A180C-CA3D-4D69-AE2E-B5FBD1B264EC}.Release|x86.ActiveCfg = Release|Any CPU
		{8C9A180C-CA3D-4D69-AE2E-B5FBD1B264EC}.Release|x86.Build.0 = Release|Any CPU
		{78D883C0-8E6B-4792-9688-B80C2621B17D}.Debug|Any CPU.ActiveCfg = Debug|Any CPU
		{78D883C0-8E6B-4792-9688-B80C2621B17D}.Debug|Any CPU.Build.0 = Debug|Any CPU
		{78D883C0-8E6B-4792-9688-B80C2621B17D}.Debug|ARM.ActiveCfg = Debug|Any CPU
		{78D883C0-8E6B-4792-9688-B80C2621B17D}.Debug|ARM.Build.0 = Debug|Any CPU
		{78D883C0-8E6B-4792-9688-B80C2621B17D}.Debug|iPhone.ActiveCfg = Debug|Any CPU
		{78D883C0-8E6B-4792-9688-B80C2621B17D}.Debug|iPhone.Build.0 = Debug|Any CPU
		{78D883C0-8E6B-4792-9688-B80C2621B17D}.Debug|iPhoneSimulator.ActiveCfg = Debug|Any CPU
		{78D883C0-8E6B-4792-9688-B80C2621B17D}.Debug|iPhoneSimulator.Build.0 = Debug|Any CPU
		{78D883C0-8E6B-4792-9688-B80C2621B17D}.Debug|x64.ActiveCfg = Debug|Any CPU
		{78D883C0-8E6B-4792-9688-B80C2621B17D}.Debug|x64.Build.0 = Debug|Any CPU
		{78D883C0-8E6B-4792-9688-B80C2621B17D}.Debug|x86.ActiveCfg = Debug|Any CPU
		{78D883C0-8E6B-4792-9688-B80C2621B17D}.Debug|x86.Build.0 = Debug|Any CPU
		{78D883C0-8E6B-4792-9688-B80C2621B17D}.Release|Any CPU.ActiveCfg = Release|Any CPU
		{78D883C0-8E6B-4792-9688-B80C2621B17D}.Release|Any CPU.Build.0 = Release|Any CPU
		{78D883C0-8E6B-4792-9688-B80C2621B17D}.Release|ARM.ActiveCfg = Release|Any CPU
		{78D883C0-8E6B-4792-9688-B80C2621B17D}.Release|ARM.Build.0 = Release|Any CPU
		{78D883C0-8E6B-4792-9688-B80C2621B17D}.Release|iPhone.ActiveCfg = Release|Any CPU
		{78D883C0-8E6B-4792-9688-B80C2621B17D}.Release|iPhone.Build.0 = Release|Any CPU
		{78D883C0-8E6B-4792-9688-B80C2621B17D}.Release|iPhoneSimulator.ActiveCfg = Release|Any CPU
		{78D883C0-8E6B-4792-9688-B80C2621B17D}.Release|iPhoneSimulator.Build.0 = Release|Any CPU
		{78D883C0-8E6B-4792-9688-B80C2621B17D}.Release|x64.ActiveCfg = Release|Any CPU
		{78D883C0-8E6B-4792-9688-B80C2621B17D}.Release|x64.Build.0 = Release|Any CPU
		{78D883C0-8E6B-4792-9688-B80C2621B17D}.Release|x86.ActiveCfg = Release|Any CPU
		{78D883C0-8E6B-4792-9688-B80C2621B17D}.Release|x86.Build.0 = Release|Any CPU
		{FF053E8A-23C3-4B9B-80C3-C9849A007EC0}.Debug|Any CPU.ActiveCfg = Debug|Any CPU
		{FF053E8A-23C3-4B9B-80C3-C9849A007EC0}.Debug|Any CPU.Build.0 = Debug|Any CPU
		{FF053E8A-23C3-4B9B-80C3-C9849A007EC0}.Debug|ARM.ActiveCfg = Debug|Any CPU
		{FF053E8A-23C3-4B9B-80C3-C9849A007EC0}.Debug|ARM.Build.0 = Debug|Any CPU
		{FF053E8A-23C3-4B9B-80C3-C9849A007EC0}.Debug|iPhone.ActiveCfg = Debug|Any CPU
		{FF053E8A-23C3-4B9B-80C3-C9849A007EC0}.Debug|iPhone.Build.0 = Debug|Any CPU
		{FF053E8A-23C3-4B9B-80C3-C9849A007EC0}.Debug|iPhoneSimulator.ActiveCfg = Debug|Any CPU
		{FF053E8A-23C3-4B9B-80C3-C9849A007EC0}.Debug|iPhoneSimulator.Build.0 = Debug|Any CPU
		{FF053E8A-23C3-4B9B-80C3-C9849A007EC0}.Debug|x64.ActiveCfg = Debug|Any CPU
		{FF053E8A-23C3-4B9B-80C3-C9849A007EC0}.Debug|x64.Build.0 = Debug|Any CPU
		{FF053E8A-23C3-4B9B-80C3-C9849A007EC0}.Debug|x86.ActiveCfg = Debug|Any CPU
		{FF053E8A-23C3-4B9B-80C3-C9849A007EC0}.Debug|x86.Build.0 = Debug|Any CPU
		{FF053E8A-23C3-4B9B-80C3-C9849A007EC0}.Release|Any CPU.ActiveCfg = Release|Any CPU
		{FF053E8A-23C3-4B9B-80C3-C9849A007EC0}.Release|Any CPU.Build.0 = Release|Any CPU
		{FF053E8A-23C3-4B9B-80C3-C9849A007EC0}.Release|ARM.ActiveCfg = Release|Any CPU
		{FF053E8A-23C3-4B9B-80C3-C9849A007EC0}.Release|ARM.Build.0 = Release|Any CPU
		{FF053E8A-23C3-4B9B-80C3-C9849A007EC0}.Release|iPhone.ActiveCfg = Release|Any CPU
		{FF053E8A-23C3-4B9B-80C3-C9849A007EC0}.Release|iPhone.Build.0 = Release|Any CPU
		{FF053E8A-23C3-4B9B-80C3-C9849A007EC0}.Release|iPhoneSimulator.ActiveCfg = Release|Any CPU
		{FF053E8A-23C3-4B9B-80C3-C9849A007EC0}.Release|iPhoneSimulator.Build.0 = Release|Any CPU
		{FF053E8A-23C3-4B9B-80C3-C9849A007EC0}.Release|x64.ActiveCfg = Release|Any CPU
		{FF053E8A-23C3-4B9B-80C3-C9849A007EC0}.Release|x64.Build.0 = Release|Any CPU
		{FF053E8A-23C3-4B9B-80C3-C9849A007EC0}.Release|x86.ActiveCfg = Release|Any CPU
		{FF053E8A-23C3-4B9B-80C3-C9849A007EC0}.Release|x86.Build.0 = Release|Any CPU
		{D93C4BE5-EE00-4E3D-9C03-C45C7E5B3747}.Debug|Any CPU.ActiveCfg = Debug|Any CPU
		{D93C4BE5-EE00-4E3D-9C03-C45C7E5B3747}.Debug|Any CPU.Build.0 = Debug|Any CPU
		{D93C4BE5-EE00-4E3D-9C03-C45C7E5B3747}.Debug|ARM.ActiveCfg = Debug|Any CPU
		{D93C4BE5-EE00-4E3D-9C03-C45C7E5B3747}.Debug|ARM.Build.0 = Debug|Any CPU
		{D93C4BE5-EE00-4E3D-9C03-C45C7E5B3747}.Debug|iPhone.ActiveCfg = Debug|Any CPU
		{D93C4BE5-EE00-4E3D-9C03-C45C7E5B3747}.Debug|iPhone.Build.0 = Debug|Any CPU
		{D93C4BE5-EE00-4E3D-9C03-C45C7E5B3747}.Debug|iPhoneSimulator.ActiveCfg = Debug|Any CPU
		{D93C4BE5-EE00-4E3D-9C03-C45C7E5B3747}.Debug|iPhoneSimulator.Build.0 = Debug|Any CPU
		{D93C4BE5-EE00-4E3D-9C03-C45C7E5B3747}.Debug|x64.ActiveCfg = Debug|Any CPU
		{D93C4BE5-EE00-4E3D-9C03-C45C7E5B3747}.Debug|x64.Build.0 = Debug|Any CPU
		{D93C4BE5-EE00-4E3D-9C03-C45C7E5B3747}.Debug|x86.ActiveCfg = Debug|Any CPU
		{D93C4BE5-EE00-4E3D-9C03-C45C7E5B3747}.Debug|x86.Build.0 = Debug|Any CPU
		{D93C4BE5-EE00-4E3D-9C03-C45C7E5B3747}.Release|Any CPU.ActiveCfg = Release|Any CPU
		{D93C4BE5-EE00-4E3D-9C03-C45C7E5B3747}.Release|Any CPU.Build.0 = Release|Any CPU
		{D93C4BE5-EE00-4E3D-9C03-C45C7E5B3747}.Release|ARM.ActiveCfg = Release|Any CPU
		{D93C4BE5-EE00-4E3D-9C03-C45C7E5B3747}.Release|ARM.Build.0 = Release|Any CPU
		{D93C4BE5-EE00-4E3D-9C03-C45C7E5B3747}.Release|iPhone.ActiveCfg = Release|Any CPU
		{D93C4BE5-EE00-4E3D-9C03-C45C7E5B3747}.Release|iPhone.Build.0 = Release|Any CPU
		{D93C4BE5-EE00-4E3D-9C03-C45C7E5B3747}.Release|iPhoneSimulator.ActiveCfg = Release|Any CPU
		{D93C4BE5-EE00-4E3D-9C03-C45C7E5B3747}.Release|iPhoneSimulator.Build.0 = Release|Any CPU
		{D93C4BE5-EE00-4E3D-9C03-C45C7E5B3747}.Release|x64.ActiveCfg = Release|Any CPU
		{D93C4BE5-EE00-4E3D-9C03-C45C7E5B3747}.Release|x64.Build.0 = Release|Any CPU
		{D93C4BE5-EE00-4E3D-9C03-C45C7E5B3747}.Release|x86.ActiveCfg = Release|Any CPU
		{D93C4BE5-EE00-4E3D-9C03-C45C7E5B3747}.Release|x86.Build.0 = Release|Any CPU
		{A6751ACF-717B-4B36-8004-79F27553F4C3}.Debug|Any CPU.ActiveCfg = Debug|Any CPU
		{A6751ACF-717B-4B36-8004-79F27553F4C3}.Debug|Any CPU.Build.0 = Debug|Any CPU
		{A6751ACF-717B-4B36-8004-79F27553F4C3}.Debug|ARM.ActiveCfg = Debug|Any CPU
		{A6751ACF-717B-4B36-8004-79F27553F4C3}.Debug|ARM.Build.0 = Debug|Any CPU
		{A6751ACF-717B-4B36-8004-79F27553F4C3}.Debug|iPhone.ActiveCfg = Debug|Any CPU
		{A6751ACF-717B-4B36-8004-79F27553F4C3}.Debug|iPhone.Build.0 = Debug|Any CPU
		{A6751ACF-717B-4B36-8004-79F27553F4C3}.Debug|iPhoneSimulator.ActiveCfg = Debug|Any CPU
		{A6751ACF-717B-4B36-8004-79F27553F4C3}.Debug|iPhoneSimulator.Build.0 = Debug|Any CPU
		{A6751ACF-717B-4B36-8004-79F27553F4C3}.Debug|x64.ActiveCfg = Debug|Any CPU
		{A6751ACF-717B-4B36-8004-79F27553F4C3}.Debug|x64.Build.0 = Debug|Any CPU
		{A6751ACF-717B-4B36-8004-79F27553F4C3}.Debug|x86.ActiveCfg = Debug|Any CPU
		{A6751ACF-717B-4B36-8004-79F27553F4C3}.Debug|x86.Build.0 = Debug|Any CPU
		{A6751ACF-717B-4B36-8004-79F27553F4C3}.Release|Any CPU.ActiveCfg = Release|Any CPU
		{A6751ACF-717B-4B36-8004-79F27553F4C3}.Release|Any CPU.Build.0 = Release|Any CPU
		{A6751ACF-717B-4B36-8004-79F27553F4C3}.Release|ARM.ActiveCfg = Release|Any CPU
		{A6751ACF-717B-4B36-8004-79F27553F4C3}.Release|ARM.Build.0 = Release|Any CPU
		{A6751ACF-717B-4B36-8004-79F27553F4C3}.Release|iPhone.ActiveCfg = Release|Any CPU
		{A6751ACF-717B-4B36-8004-79F27553F4C3}.Release|iPhone.Build.0 = Release|Any CPU
		{A6751ACF-717B-4B36-8004-79F27553F4C3}.Release|iPhoneSimulator.ActiveCfg = Release|Any CPU
		{A6751ACF-717B-4B36-8004-79F27553F4C3}.Release|iPhoneSimulator.Build.0 = Release|Any CPU
		{A6751ACF-717B-4B36-8004-79F27553F4C3}.Release|x64.ActiveCfg = Release|Any CPU
		{A6751ACF-717B-4B36-8004-79F27553F4C3}.Release|x64.Build.0 = Release|Any CPU
		{A6751ACF-717B-4B36-8004-79F27553F4C3}.Release|x86.ActiveCfg = Release|Any CPU
		{A6751ACF-717B-4B36-8004-79F27553F4C3}.Release|x86.Build.0 = Release|Any CPU
	EndGlobalSection
	GlobalSection(SolutionProperties) = preSolution
		HideSolutionNode = FALSE
	EndGlobalSection
	GlobalSection(NestedProjects) = preSolution
		{418763AC-A0FF-4C21-AECB-E1E505C334E7} = {2E9ED2C0-0C15-4890-8070-4A3B8A5C7704}
		{EF87A92F-BB8A-4049-A9BD-ACE3D7636C8D} = {2E9ED2C0-0C15-4890-8070-4A3B8A5C7704}
		{7572AA0F-F4EF-4BBB-A4CD-67D515602D39} = {2E9ED2C0-0C15-4890-8070-4A3B8A5C7704}
		{9076B162-2E2D-45AD-96C8-00E55405461F} = {2E9ED2C0-0C15-4890-8070-4A3B8A5C7704}
		{39BF6675-5357-4CDC-8C38-008949225538} = {2E9ED2C0-0C15-4890-8070-4A3B8A5C7704}
		{8C9A180C-CA3D-4D69-AE2E-B5FBD1B264EC} = {2E9ED2C0-0C15-4890-8070-4A3B8A5C7704}
		{D93C4BE5-EE00-4E3D-9C03-C45C7E5B3747} = {2E9ED2C0-0C15-4890-8070-4A3B8A5C7704}
	EndGlobalSection
	GlobalSection(ExtensibilityGlobals) = postSolution
		SolutionGuid = {2040E57B-591B-4849-BD29-B4583C81F167}
	EndGlobalSection
EndGlobal
