
Microsoft Visual Studio Solution File, Format Version 12.00
# Visual Studio Version 17
VisualStudioVersion = 17.6.33829.357
MinimumVisualStudioVersion = 10.0.40219.1
Project("{9A19103F-16F7-4668-BE54-9A1E7A4F7556}") = "LiveChartsCore", "src\LiveChartsCore\LiveChartsCore.csproj", "{4DCE597B-B1B1-4412-8A7C-CEF15A1E6971}"
EndProject
Project("{9A19103F-16F7-4668-BE54-9A1E7A4F7556}") = "LiveChartsCore.SkiaSharpView", "src\skiasharp\LiveChartsCore.SkiaSharp\LiveChartsCore.SkiaSharpView.csproj", "{5B1F657B-FE7E-4BEE-B2EA-E806874BE8E6}"
EndProject
Project("{9A19103F-16F7-4668-BE54-9A1E7A4F7556}") = "LiveChartsCore.SkiaSharpView.Xamarin.Forms", "src\skiasharp\LiveChartsCore.SkiaSharp.Xamarin.Forms\LiveChartsCore.SkiaSharpView.Xamarin.Forms.csproj", "{550AD8E4-F466-44D7-A9DF-89A6594E222A}"
EndProject
Project("{9A19103F-16F7-4668-BE54-9A1E7A4F7556}") = "XamarinSample", "samples\XamarinSample\XamarinSample\XamarinSample\XamarinSample.csproj", "{3C2BC302-9E4C-4024-8E7A-5FE724B227A2}"
EndProject
Project("{FAE04EC0-301F-11D3-BF4B-00C04F79EFBC}") = "XamarinSample.Android", "samples\XamarinSample\XamarinSample\XamarinSample.Android\XamarinSample.Android.csproj", "{CF70F46A-6ABC-4D0E-9CC9-4AE459DBFB6B}"
EndProject
Project("{FAE04EC0-301F-11D3-BF4B-00C04F79EFBC}") = "XamarinSample.iOS", "samples\XamarinSample\XamarinSample\XamarinSample.iOS\XamarinSample.iOS.csproj", "{AC5BD0F6-30E3-4400-B3E2-E581CF058846}"
EndProject
Project("{FAE04EC0-301F-11D3-BF4B-00C04F79EFBC}") = "XamarinSample.UWP", "samples\XamarinSample\XamarinSample\XamarinSample.UWP\XamarinSample.UWP.csproj", "{5B951A37-AF5C-48B4-BD77-3D6A7F781297}"
EndProject
Project("{9A19103F-16F7-4668-BE54-9A1E7A4F7556}") = "ViewModelsSamples", "samples\ViewModelsSamples\ViewModelsSamples.csproj", "{91D30361-2B2E-4C0F-A931-81F1343A54C7}"
EndProject
Global
	GlobalSection(SolutionConfigurationPlatforms) = preSolution
		Debug|Any CPU = Debug|Any CPU
		Debug|ARM = Debug|ARM
		Debug|iPhone = Debug|iPhone
		Debug|iPhoneSimulator = Debug|iPhoneSimulator
		Debug|x64 = Debug|x64
		Debug|x86 = Debug|x86
		Release|Any CPU = Release|Any CPU
		Release|ARM = Release|ARM
		Release|iPhone = Release|iPhone
		Release|iPhoneSimulator = Release|iPhoneSimulator
		Release|x64 = Release|x64
		Release|x86 = Release|x86
	EndGlobalSection
	GlobalSection(ProjectConfigurationPlatforms) = postSolution
		{4DCE597B-B1B1-4412-8A7C-CEF15A1E6971}.Debug|Any CPU.ActiveCfg = Debug|Any CPU
		{4DCE597B-B1B1-4412-8A7C-CEF15A1E6971}.Debug|Any CPU.Build.0 = Debug|Any CPU
		{4DCE597B-B1B1-4412-8A7C-CEF15A1E6971}.Debug|ARM.ActiveCfg = Debug|Any CPU
		{4DCE597B-B1B1-4412-8A7C-CEF15A1E6971}.Debug|ARM.Build.0 = Debug|Any CPU
		{4DCE597B-B1B1-4412-8A7C-CEF15A1E6971}.Debug|iPhone.ActiveCfg = Debug|Any CPU
		{4DCE597B-B1B1-4412-8A7C-CEF15A1E6971}.Debug|iPhone.Build.0 = Debug|Any CPU
		{4DCE597B-B1B1-4412-8A7C-CEF15A1E6971}.Debug|iPhoneSimulator.ActiveCfg = Debug|Any CPU
		{4DCE597B-B1B1-4412-8A7C-CEF15A1E6971}.Debug|iPhoneSimulator.Build.0 = Debug|Any CPU
		{4DCE597B-B1B1-4412-8A7C-CEF15A1E6971}.Debug|x64.ActiveCfg = Debug|Any CPU
		{4DCE597B-B1B1-4412-8A7C-CEF15A1E6971}.Debug|x64.Build.0 = Debug|Any CPU
		{4DCE597B-B1B1-4412-8A7C-CEF15A1E6971}.Debug|x86.ActiveCfg = Debug|Any CPU
		{4DCE597B-B1B1-4412-8A7C-CEF15A1E6971}.Debug|x86.Build.0 = Debug|Any CPU
		{4DCE597B-B1B1-4412-8A7C-CEF15A1E6971}.Release|Any CPU.ActiveCfg = Release|Any CPU
		{4DCE597B-B1B1-4412-8A7C-CEF15A1E6971}.Release|Any CPU.Build.0 = Release|Any CPU
		{4DCE597B-B1B1-4412-8A7C-CEF15A1E6971}.Release|ARM.ActiveCfg = Release|Any CPU
		{4DCE597B-B1B1-4412-8A7C-CEF15A1E6971}.Release|ARM.Build.0 = Release|Any CPU
		{4DCE597B-B1B1-4412-8A7C-CEF15A1E6971}.Release|iPhone.ActiveCfg = Release|Any CPU
		{4DCE597B-B1B1-4412-8A7C-CEF15A1E6971}.Release|iPhone.Build.0 = Release|Any CPU
		{4DCE597B-B1B1-4412-8A7C-CEF15A1E6971}.Release|iPhoneSimulator.ActiveCfg = Release|Any CPU
		{4DCE597B-B1B1-4412-8A7C-CEF15A1E6971}.Release|iPhoneSimulator.Build.0 = Release|Any CPU
		{4DCE597B-B1B1-4412-8A7C-CEF15A1E6971}.Release|x64.ActiveCfg = Release|Any CPU
		{4DCE597B-B1B1-4412-8A7C-CEF15A1E6971}.Release|x64.Build.0 = Release|Any CPU
		{4DCE597B-B1B1-4412-8A7C-CEF15A1E6971}.Release|x86.ActiveCfg = Release|Any CPU
		{4DCE597B-B1B1-4412-8A7C-CEF15A1E6971}.Release|x86.Build.0 = Release|Any CPU
		{5B1F657B-FE7E-4BEE-B2EA-E806874BE8E6}.Debug|Any CPU.ActiveCfg = Debug|Any CPU
		{5B1F657B-FE7E-4BEE-B2EA-E806874BE8E6}.Debug|Any CPU.Build.0 = Debug|Any CPU
		{5B1F657B-FE7E-4BEE-B2EA-E806874BE8E6}.Debug|ARM.ActiveCfg = Debug|Any CPU
		{5B1F657B-FE7E-4BEE-B2EA-E806874BE8E6}.Debug|ARM.Build.0 = Debug|Any CPU
		{5B1F657B-FE7E-4BEE-B2EA-E806874BE8E6}.Debug|iPhone.ActiveCfg = Debug|Any CPU
		{5B1F657B-FE7E-4BEE-B2EA-E806874BE8E6}.Debug|iPhone.Build.0 = Debug|Any CPU
		{5B1F657B-FE7E-4BEE-B2EA-E806874BE8E6}.Debug|iPhoneSimulator.ActiveCfg = Debug|Any CPU
		{5B1F657B-FE7E-4BEE-B2EA-E806874BE8E6}.Debug|iPhoneSimulator.Build.0 = Debug|Any CPU
		{5B1F657B-FE7E-4BEE-B2EA-E806874BE8E6}.Debug|x64.ActiveCfg = Debug|Any CPU
		{5B1F657B-FE7E-4BEE-B2EA-E806874BE8E6}.Debug|x64.Build.0 = Debug|Any CPU
		{5B1F657B-FE7E-4BEE-B2EA-E806874BE8E6}.Debug|x86.ActiveCfg = Debug|Any CPU
		{5B1F657B-FE7E-4BEE-B2EA-E806874BE8E6}.Debug|x86.Build.0 = Debug|Any CPU
		{5B1F657B-FE7E-4BEE-B2EA-E806874BE8E6}.Release|Any CPU.ActiveCfg = Release|Any CPU
		{5B1F657B-FE7E-4BEE-B2EA-E806874BE8E6}.Release|Any CPU.Build.0 = Release|Any CPU
		{5B1F657B-FE7E-4BEE-B2EA-E806874BE8E6}.Release|ARM.ActiveCfg = Release|Any CPU
		{5B1F657B-FE7E-4BEE-B2EA-E806874BE8E6}.Release|ARM.Build.0 = Release|Any CPU
		{5B1F657B-FE7E-4BEE-B2EA-E806874BE8E6}.Release|iPhone.ActiveCfg = Release|Any CPU
		{5B1F657B-FE7E-4BEE-B2EA-E806874BE8E6}.Release|iPhone.Build.0 = Release|Any CPU
		{5B1F657B-FE7E-4BEE-B2EA-E806874BE8E6}.Release|iPhoneSimulator.ActiveCfg = Release|Any CPU
		{5B1F657B-FE7E-4BEE-B2EA-E806874BE8E6}.Release|iPhoneSimulator.Build.0 = Release|Any CPU
		{5B1F657B-FE7E-4BEE-B2EA-E806874BE8E6}.Release|x64.ActiveCfg = Release|Any CPU
		{5B1F657B-FE7E-4BEE-B2EA-E806874BE8E6}.Release|x64.Build.0 = Release|Any CPU
		{5B1F657B-FE7E-4BEE-B2EA-E806874BE8E6}.Release|x86.ActiveCfg = Release|Any CPU
		{5B1F657B-FE7E-4BEE-B2EA-E806874BE8E6}.Release|x86.Build.0 = Release|Any CPU
		{550AD8E4-F466-44D7-A9DF-89A6594E222A}.Debug|Any CPU.ActiveCfg = Debug|Any CPU
		{550AD8E4-F466-44D7-A9DF-89A6594E222A}.Debug|Any CPU.Build.0 = Debug|Any CPU
		{550AD8E4-F466-44D7-A9DF-89A6594E222A}.Debug|ARM.ActiveCfg = Debug|Any CPU
		{550AD8E4-F466-44D7-A9DF-89A6594E222A}.Debug|ARM.Build.0 = Debug|Any CPU
		{550AD8E4-F466-44D7-A9DF-89A6594E222A}.Debug|iPhone.ActiveCfg = Debug|Any CPU
		{550AD8E4-F466-44D7-A9DF-89A6594E222A}.Debug|iPhone.Build.0 = Debug|Any CPU
		{550AD8E4-F466-44D7-A9DF-89A6594E222A}.Debug|iPhoneSimulator.ActiveCfg = Debug|Any CPU
		{550AD8E4-F466-44D7-A9DF-89A6594E222A}.Debug|iPhoneSimulator.Build.0 = Debug|Any CPU
		{550AD8E4-F466-44D7-A9DF-89A6594E222A}.Debug|x64.ActiveCfg = Debug|Any CPU
		{550AD8E4-F466-44D7-A9DF-89A6594E222A}.Debug|x64.Build.0 = Debug|Any CPU
		{550AD8E4-F466-44D7-A9DF-89A6594E222A}.Debug|x86.ActiveCfg = Debug|Any CPU
		{550AD8E4-F466-44D7-A9DF-89A6594E222A}.Debug|x86.Build.0 = Debug|Any CPU
		{550AD8E4-F466-44D7-A9DF-89A6594E222A}.Release|Any CPU.ActiveCfg = Release|Any CPU
		{550AD8E4-F466-44D7-A9DF-89A6594E222A}.Release|Any CPU.Build.0 = Release|Any CPU
		{550AD8E4-F466-44D7-A9DF-89A6594E222A}.Release|ARM.ActiveCfg = Release|Any CPU
		{550AD8E4-F466-44D7-A9DF-89A6594E222A}.Release|ARM.Build.0 = Release|Any CPU
		{550AD8E4-F466-44D7-A9DF-89A6594E222A}.Release|iPhone.ActiveCfg = Release|Any CPU
		{550AD8E4-F466-44D7-A9DF-89A6594E222A}.Release|iPhone.Build.0 = Release|Any CPU
		{550AD8E4-F466-44D7-A9DF-89A6594E222A}.Release|iPhoneSimulator.ActiveCfg = Release|Any CPU
		{550AD8E4-F466-44D7-A9DF-89A6594E222A}.Release|iPhoneSimulator.Build.0 = Release|Any CPU
		{550AD8E4-F466-44D7-A9DF-89A6594E222A}.Release|x64.ActiveCfg = Release|Any CPU
		{550AD8E4-F466-44D7-A9DF-89A6594E222A}.Release|x64.Build.0 = Release|Any CPU
		{550AD8E4-F466-44D7-A9DF-89A6594E222A}.Release|x86.ActiveCfg = Release|Any CPU
		{550AD8E4-F466-44D7-A9DF-89A6594E222A}.Release|x86.Build.0 = Release|Any CPU
		{3C2BC302-9E4C-4024-8E7A-5FE724B227A2}.Debug|Any CPU.ActiveCfg = Debug|Any CPU
		{3C2BC302-9E4C-4024-8E7A-5FE724B227A2}.Debug|Any CPU.Build.0 = Debug|Any CPU
		{3C2BC302-9E4C-4024-8E7A-5FE724B227A2}.Debug|ARM.ActiveCfg = Debug|Any CPU
		{3C2BC302-9E4C-4024-8E7A-5FE724B227A2}.Debug|ARM.Build.0 = Debug|Any CPU
		{3C2BC302-9E4C-4024-8E7A-5FE724B227A2}.Debug|iPhone.ActiveCfg = Debug|Any CPU
		{3C2BC302-9E4C-4024-8E7A-5FE724B227A2}.Debug|iPhone.Build.0 = Debug|Any CPU
		{3C2BC302-9E4C-4024-8E7A-5FE724B227A2}.Debug|iPhoneSimulator.ActiveCfg = Debug|Any CPU
		{3C2BC302-9E4C-4024-8E7A-5FE724B227A2}.Debug|iPhoneSimulator.Build.0 = Debug|Any CPU
		{3C2BC302-9E4C-4024-8E7A-5FE724B227A2}.Debug|x64.ActiveCfg = Debug|Any CPU
		{3C2BC302-9E4C-4024-8E7A-5FE724B227A2}.Debug|x64.Build.0 = Debug|Any CPU
		{3C2BC302-9E4C-4024-8E7A-5FE724B227A2}.Debug|x86.ActiveCfg = Debug|Any CPU
		{3C2BC302-9E4C-4024-8E7A-5FE724B227A2}.Debug|x86.Build.0 = Debug|Any CPU
		{3C2BC302-9E4C-4024-8E7A-5FE724B227A2}.Release|Any CPU.ActiveCfg = Release|Any CPU
		{3C2BC302-9E4C-4024-8E7A-5FE724B227A2}.Release|Any CPU.Build.0 = Release|Any CPU
		{3C2BC302-9E4C-4024-8E7A-5FE724B227A2}.Release|ARM.ActiveCfg = Release|Any CPU
		{3C2BC302-9E4C-4024-8E7A-5FE724B227A2}.Release|ARM.Build.0 = Release|Any CPU
		{3C2BC302-9E4C-4024-8E7A-5FE724B227A2}.Release|iPhone.ActiveCfg = Release|Any CPU
		{3C2BC302-9E4C-4024-8E7A-5FE724B227A2}.Release|iPhone.Build.0 = Release|Any CPU
		{3C2BC302-9E4C-4024-8E7A-5FE724B227A2}.Release|iPhoneSimulator.ActiveCfg = Release|Any CPU
		{3C2BC302-9E4C-4024-8E7A-5FE724B227A2}.Release|iPhoneSimulator.Build.0 = Release|Any CPU
		{3C2BC302-9E4C-4024-8E7A-5FE724B227A2}.Release|x64.ActiveCfg = Release|Any CPU
		{3C2BC302-9E4C-4024-8E7A-5FE724B227A2}.Release|x64.Build.0 = Release|Any CPU
		{3C2BC302-9E4C-4024-8E7A-5FE724B227A2}.Release|x86.ActiveCfg = Release|Any CPU
		{3C2BC302-9E4C-4024-8E7A-5FE724B227A2}.Release|x86.Build.0 = Release|Any CPU
		{CF70F46A-6ABC-4D0E-9CC9-4AE459DBFB6B}.Debug|Any CPU.ActiveCfg = Debug|Any CPU
		{CF70F46A-6ABC-4D0E-9CC9-4AE459DBFB6B}.Debug|Any CPU.Build.0 = Debug|Any CPU
		{CF70F46A-6ABC-4D0E-9CC9-4AE459DBFB6B}.Debug|Any CPU.Deploy.0 = Debug|Any CPU
		{CF70F46A-6ABC-4D0E-9CC9-4AE459DBFB6B}.Debug|ARM.ActiveCfg = Debug|Any CPU
		{CF70F46A-6ABC-4D0E-9CC9-4AE459DBFB6B}.Debug|ARM.Build.0 = Debug|Any CPU
		{CF70F46A-6ABC-4D0E-9CC9-4AE459DBFB6B}.Debug|ARM.Deploy.0 = Debug|Any CPU
		{CF70F46A-6ABC-4D0E-9CC9-4AE459DBFB6B}.Debug|iPhone.ActiveCfg = Debug|Any CPU
		{CF70F46A-6ABC-4D0E-9CC9-4AE459DBFB6B}.Debug|iPhone.Build.0 = Debug|Any CPU
		{CF70F46A-6ABC-4D0E-9CC9-4AE459DBFB6B}.Debug|iPhone.Deploy.0 = Debug|Any CPU
		{CF70F46A-6ABC-4D0E-9CC9-4AE459DBFB6B}.Debug|iPhoneSimulator.ActiveCfg = Debug|Any CPU
		{CF70F46A-6ABC-4D0E-9CC9-4AE459DBFB6B}.Debug|iPhoneSimulator.Build.0 = Debug|Any CPU
		{CF70F46A-6ABC-4D0E-9CC9-4AE459DBFB6B}.Debug|iPhoneSimulator.Deploy.0 = Debug|Any CPU
		{CF70F46A-6ABC-4D0E-9CC9-4AE459DBFB6B}.Debug|x64.ActiveCfg = Debug|Any CPU
		{CF70F46A-6ABC-4D0E-9CC9-4AE459DBFB6B}.Debug|x64.Build.0 = Debug|Any CPU
		{CF70F46A-6ABC-4D0E-9CC9-4AE459DBFB6B}.Debug|x64.Deploy.0 = Debug|Any CPU
		{CF70F46A-6ABC-4D0E-9CC9-4AE459DBFB6B}.Debug|x86.ActiveCfg = Debug|Any CPU
		{CF70F46A-6ABC-4D0E-9CC9-4AE459DBFB6B}.Debug|x86.Build.0 = Debug|Any CPU
		{CF70F46A-6ABC-4D0E-9CC9-4AE459DBFB6B}.Debug|x86.Deploy.0 = Debug|Any CPU
		{CF70F46A-6ABC-4D0E-9CC9-4AE459DBFB6B}.Release|Any CPU.ActiveCfg = Release|Any CPU
		{CF70F46A-6ABC-4D0E-9CC9-4AE459DBFB6B}.Release|Any CPU.Build.0 = Release|Any CPU
		{CF70F46A-6ABC-4D0E-9CC9-4AE459DBFB6B}.Release|Any CPU.Deploy.0 = Release|Any CPU
		{CF70F46A-6ABC-4D0E-9CC9-4AE459DBFB6B}.Release|ARM.ActiveCfg = Release|Any CPU
		{CF70F46A-6ABC-4D0E-9CC9-4AE459DBFB6B}.Release|ARM.Build.0 = Release|Any CPU
		{CF70F46A-6ABC-4D0E-9CC9-4AE459DBFB6B}.Release|ARM.Deploy.0 = Release|Any CPU
		{CF70F46A-6ABC-4D0E-9CC9-4AE459DBFB6B}.Release|iPhone.ActiveCfg = Release|Any CPU
		{CF70F46A-6ABC-4D0E-9CC9-4AE459DBFB6B}.Release|iPhone.Build.0 = Release|Any CPU
		{CF70F46A-6ABC-4D0E-9CC9-4AE459DBFB6B}.Release|iPhone.Deploy.0 = Release|Any CPU
		{CF70F46A-6ABC-4D0E-9CC9-4AE459DBFB6B}.Release|iPhoneSimulator.ActiveCfg = Release|Any CPU
		{CF70F46A-6ABC-4D0E-9CC9-4AE459DBFB6B}.Release|iPhoneSimulator.Build.0 = Release|Any CPU
		{CF70F46A-6ABC-4D0E-9CC9-4AE459DBFB6B}.Release|iPhoneSimulator.Deploy.0 = Release|Any CPU
		{CF70F46A-6ABC-4D0E-9CC9-4AE459DBFB6B}.Release|x64.ActiveCfg = Release|Any CPU
		{CF70F46A-6ABC-4D0E-9CC9-4AE459DBFB6B}.Release|x64.Build.0 = Release|Any CPU
		{CF70F46A-6ABC-4D0E-9CC9-4AE459DBFB6B}.Release|x64.Deploy.0 = Release|Any CPU
		{CF70F46A-6ABC-4D0E-9CC9-4AE459DBFB6B}.Release|x86.ActiveCfg = Release|Any CPU
		{CF70F46A-6ABC-4D0E-9CC9-4AE459DBFB6B}.Release|x86.Build.0 = Release|Any CPU
		{CF70F46A-6ABC-4D0E-9CC9-4AE459DBFB6B}.Release|x86.Deploy.0 = Release|Any CPU
		{AC5BD0F6-30E3-4400-B3E2-E581CF058846}.Debug|Any CPU.ActiveCfg = Debug|iPhoneSimulator
		{AC5BD0F6-30E3-4400-B3E2-E581CF058846}.Debug|Any CPU.Build.0 = Debug|iPhoneSimulator
		{AC5BD0F6-30E3-4400-B3E2-E581CF058846}.Debug|ARM.ActiveCfg = Debug|iPhoneSimulator
		{AC5BD0F6-30E3-4400-B3E2-E581CF058846}.Debug|ARM.Build.0 = Debug|iPhoneSimulator
		{AC5BD0F6-30E3-4400-B3E2-E581CF058846}.Debug|iPhone.ActiveCfg = Debug|iPhone
		{AC5BD0F6-30E3-4400-B3E2-E581CF058846}.Debug|iPhone.Build.0 = Debug|iPhone
		{AC5BD0F6-30E3-4400-B3E2-E581CF058846}.Debug|iPhoneSimulator.ActiveCfg = Debug|iPhoneSimulator
		{AC5BD0F6-30E3-4400-B3E2-E581CF058846}.Debug|iPhoneSimulator.Build.0 = Debug|iPhoneSimulator
		{AC5BD0F6-30E3-4400-B3E2-E581CF058846}.Debug|x64.ActiveCfg = Debug|iPhoneSimulator
		{AC5BD0F6-30E3-4400-B3E2-E581CF058846}.Debug|x64.Build.0 = Debug|iPhoneSimulator
		{AC5BD0F6-30E3-4400-B3E2-E581CF058846}.Debug|x86.ActiveCfg = Debug|iPhoneSimulator
		{AC5BD0F6-30E3-4400-B3E2-E581CF058846}.Debug|x86.Build.0 = Debug|iPhoneSimulator
		{AC5BD0F6-30E3-4400-B3E2-E581CF058846}.Release|Any CPU.ActiveCfg = Release|iPhoneSimulator
		{AC5BD0F6-30E3-4400-B3E2-E581CF058846}.Release|Any CPU.Build.0 = Release|iPhoneSimulator
		{AC5BD0F6-30E3-4400-B3E2-E581CF058846}.Release|ARM.ActiveCfg = Release|iPhoneSimulator
		{AC5BD0F6-30E3-4400-B3E2-E581CF058846}.Release|ARM.Build.0 = Release|iPhoneSimulator
		{AC5BD0F6-30E3-4400-B3E2-E581CF058846}.Release|iPhone.ActiveCfg = Release|iPhone
		{AC5BD0F6-30E3-4400-B3E2-E581CF058846}.Release|iPhone.Build.0 = Release|iPhone
		{AC5BD0F6-30E3-4400-B3E2-E581CF058846}.Release|iPhoneSimulator.ActiveCfg = Release|iPhoneSimulator
		{AC5BD0F6-30E3-4400-B3E2-E581CF058846}.Release|iPhoneSimulator.Build.0 = Release|iPhoneSimulator
		{AC5BD0F6-30E3-4400-B3E2-E581CF058846}.Release|x64.ActiveCfg = Release|iPhoneSimulator
		{AC5BD0F6-30E3-4400-B3E2-E581CF058846}.Release|x64.Build.0 = Release|iPhoneSimulator
		{AC5BD0F6-30E3-4400-B3E2-E581CF058846}.Release|x86.ActiveCfg = Release|iPhoneSimulator
		{AC5BD0F6-30E3-4400-B3E2-E581CF058846}.Release|x86.Build.0 = Release|iPhoneSimulator
		{5B951A37-AF5C-48B4-BD77-3D6A7F781297}.Debug|Any CPU.ActiveCfg = Debug|x64
		{5B951A37-AF5C-48B4-BD77-3D6A7F781297}.Debug|Any CPU.Build.0 = Debug|x64
		{5B951A37-AF5C-48B4-BD77-3D6A7F781297}.Debug|Any CPU.Deploy.0 = Debug|x64
		{5B951A37-AF5C-48B4-BD77-3D6A7F781297}.Debug|ARM.ActiveCfg = Debug|ARM
		{5B951A37-AF5C-48B4-BD77-3D6A7F781297}.Debug|ARM.Build.0 = Debug|ARM
		{5B951A37-AF5C-48B4-BD77-3D6A7F781297}.Debug|ARM.Deploy.0 = Debug|ARM
		{5B951A37-AF5C-48B4-BD77-3D6A7F781297}.Debug|iPhone.ActiveCfg = Debug|x64
		{5B951A37-AF5C-48B4-BD77-3D6A7F781297}.Debug|iPhone.Build.0 = Debug|x64
		{5B951A37-AF5C-48B4-BD77-3D6A7F781297}.Debug|iPhone.Deploy.0 = Debug|x64
		{5B951A37-AF5C-48B4-BD77-3D6A7F781297}.Debug|iPhoneSimulator.ActiveCfg = Debug|x64
		{5B951A37-AF5C-48B4-BD77-3D6A7F781297}.Debug|iPhoneSimulator.Build.0 = Debug|x64
		{5B951A37-AF5C-48B4-BD77-3D6A7F781297}.Debug|iPhoneSimulator.Deploy.0 = Debug|x64
		{5B951A37-AF5C-48B4-BD77-3D6A7F781297}.Debug|x64.ActiveCfg = Debug|x64
		{5B951A37-AF5C-48B4-BD77-3D6A7F781297}.Debug|x64.Build.0 = Debug|x64
		{5B951A37-AF5C-48B4-BD77-3D6A7F781297}.Debug|x64.Deploy.0 = Debug|x64
		{5B951A37-AF5C-48B4-BD77-3D6A7F781297}.Debug|x86.ActiveCfg = Debug|x86
		{5B951A37-AF5C-48B4-BD77-3D6A7F781297}.Debug|x86.Build.0 = Debug|x86
		{5B951A37-AF5C-48B4-BD77-3D6A7F781297}.Debug|x86.Deploy.0 = Debug|x86
		{5B951A37-AF5C-48B4-BD77-3D6A7F781297}.Release|Any CPU.ActiveCfg = Release|x64
		{5B951A37-AF5C-48B4-BD77-3D6A7F781297}.Release|Any CPU.Build.0 = Release|x64
		{5B951A37-AF5C-48B4-BD77-3D6A7F781297}.Release|Any CPU.Deploy.0 = Release|x64
		{5B951A37-AF5C-48B4-BD77-3D6A7F781297}.Release|ARM.ActiveCfg = Release|ARM
		{5B951A37-AF5C-48B4-BD77-3D6A7F781297}.Release|ARM.Build.0 = Release|ARM
		{5B951A37-AF5C-48B4-BD77-3D6A7F781297}.Release|ARM.Deploy.0 = Release|ARM
		{5B951A37-AF5C-48B4-BD77-3D6A7F781297}.Release|iPhone.ActiveCfg = Release|x64
		{5B951A37-AF5C-48B4-BD77-3D6A7F781297}.Release|iPhone.Build.0 = Release|x64
		{5B951A37-AF5C-48B4-BD77-3D6A7F781297}.Release|iPhone.Deploy.0 = Release|x64
		{5B951A37-AF5C-48B4-BD77-3D6A7F781297}.Release|iPhoneSimulator.ActiveCfg = Release|x64
		{5B951A37-AF5C-48B4-BD77-3D6A7F781297}.Release|iPhoneSimulator.Build.0 = Release|x64
		{5B951A37-AF5C-48B4-BD77-3D6A7F781297}.Release|iPhoneSimulator.Deploy.0 = Release|x64
		{5B951A37-AF5C-48B4-BD77-3D6A7F781297}.Release|x64.ActiveCfg = Release|x64
		{5B951A37-AF5C-48B4-BD77-3D6A7F781297}.Release|x64.Build.0 = Release|x64
		{5B951A37-AF5C-48B4-BD77-3D6A7F781297}.Release|x64.Deploy.0 = Release|x64
		{5B951A37-AF5C-48B4-BD77-3D6A7F781297}.Release|x86.ActiveCfg = Release|x86
		{5B951A37-AF5C-48B4-BD77-3D6A7F781297}.Release|x86.Build.0 = Release|x86
		{5B951A37-AF5C-48B4-BD77-3D6A7F781297}.Release|x86.Deploy.0 = Release|x86
		{91D30361-2B2E-4C0F-A931-81F1343A54C7}.Debug|Any CPU.ActiveCfg = Debug|Any CPU
		{91D30361-2B2E-4C0F-A931-81F1343A54C7}.Debug|Any CPU.Build.0 = Debug|Any CPU
		{91D30361-2B2E-4C0F-A931-81F1343A54C7}.Debug|ARM.ActiveCfg = Debug|Any CPU
		{91D30361-2B2E-4C0F-A931-81F1343A54C7}.Debug|ARM.Build.0 = Debug|Any CPU
		{91D30361-2B2E-4C0F-A931-81F1343A54C7}.Debug|iPhone.ActiveCfg = Debug|Any CPU
		{91D30361-2B2E-4C0F-A931-81F1343A54C7}.Debug|iPhone.Build.0 = Debug|Any CPU
		{91D30361-2B2E-4C0F-A931-81F1343A54C7}.Debug|iPhoneSimulator.ActiveCfg = Debug|Any CPU
		{91D30361-2B2E-4C0F-A931-81F1343A54C7}.Debug|iPhoneSimulator.Build.0 = Debug|Any CPU
		{91D30361-2B2E-4C0F-A931-81F1343A54C7}.Debug|x64.ActiveCfg = Debug|Any CPU
		{91D30361-2B2E-4C0F-A931-81F1343A54C7}.Debug|x64.Build.0 = Debug|Any CPU
		{91D30361-2B2E-4C0F-A931-81F1343A54C7}.Debug|x86.ActiveCfg = Debug|Any CPU
		{91D30361-2B2E-4C0F-A931-81F1343A54C7}.Debug|x86.Build.0 = Debug|Any CPU
		{91D30361-2B2E-4C0F-A931-81F1343A54C7}.Release|Any CPU.ActiveCfg = Release|Any CPU
		{91D30361-2B2E-4C0F-A931-81F1343A54C7}.Release|Any CPU.Build.0 = Release|Any CPU
		{91D30361-2B2E-4C0F-A931-81F1343A54C7}.Release|ARM.ActiveCfg = Release|Any CPU
		{91D30361-2B2E-4C0F-A931-81F1343A54C7}.Release|ARM.Build.0 = Release|Any CPU
		{91D30361-2B2E-4C0F-A931-81F1343A54C7}.Release|iPhone.ActiveCfg = Release|Any CPU
		{91D30361-2B2E-4C0F-A931-81F1343A54C7}.Release|iPhone.Build.0 = Release|Any CPU
		{91D30361-2B2E-4C0F-A931-81F1343A54C7}.Release|iPhoneSimulator.ActiveCfg = Release|Any CPU
		{91D30361-2B2E-4C0F-A931-81F1343A54C7}.Release|iPhoneSimulator.Build.0 = Release|Any CPU
		{91D30361-2B2E-4C0F-A931-81F1343A54C7}.Release|x64.ActiveCfg = Release|Any CPU
		{91D30361-2B2E-4C0F-A931-81F1343A54C7}.Release|x64.Build.0 = Release|Any CPU
		{91D30361-2B2E-4C0F-A931-81F1343A54C7}.Release|x86.ActiveCfg = Release|Any CPU
		{91D30361-2B2E-4C0F-A931-81F1343A54C7}.Release|x86.Build.0 = Release|Any CPU
	EndGlobalSection
	GlobalSection(SolutionProperties) = preSolution
		HideSolutionNode = FALSE
	EndGlobalSection
	GlobalSection(ExtensibilityGlobals) = postSolution
		SolutionGuid = {D1519D11-CECD-476D-A2CD-D502F1766217}
	EndGlobalSection
EndGlobal
