<Solution>
  <Folder Name="/Sample/">
    <Project Path="samples/ViewModelsSamples/ViewModelsSamples.csproj" />
    <Project Path="samples/WinUISample/WinUISample/WinUISample.csproj">
      <Platform Project="x64" />
      <Deploy />
    </Project>
  </Folder>
  <Project Path="generators/LiveChartsGenerators/LiveChartsGenerators.csproj" />
  <Project Path="src/LiveChartsCore/LiveChartsCore.csproj" />
  <Project Path="src/skiasharp/LiveChartsCore.SkiaSharp/LiveChartsCore.SkiaSharpView.csproj" />
  <Project Path="src/skiasharp/LiveChartsCore.SkiaSharpView.WinUI/LiveChartsCore.SkiaSharpView.WinUI.csproj" />
  <Project Path="src/skiasharp/_Shared.WinUI/_Shared.WinUI.shproj" Id="e98bb79a-300e-4556-ac59-47a9aaf1d5f1" />
  <Project Path="src/skiasharp/_Shared.Xaml/_Shared.Xaml.shproj" Id="8f2bb38b-163c-43af-9dee-6f5438ba87b0" />
  <Project Path="src/skiasharp/_Shared/_Shared.shproj" Id="2ad18dd8-c567-4bcf-a4fa-42519466d6a3" />
  <Project Path="src/_Shared.Native/_Shared.Native.shproj" Id="ebf70b6d-1416-4cc6-a540-f4ebf2371819" />
</Solution>
