
Microsoft Visual Studio Solution File, Format Version 12.00
# Visual Studio Version 17
VisualStudioVersion = 17.1.31911.260
MinimumVisualStudioVersion = 10.0.40219.1
Project("{9A19103F-16F7-4668-BE54-9A1E7A4F7556}") = "LiveChartsCore", "src\LiveChartsCore\LiveChartsCore.csproj", "{B4853153-B34F-4909-9B8F-A0AD00A3EE85}"
EndProject
Project("{9A19103F-16F7-4668-BE54-9A1E7A4F7556}") = "LiveChartsCore.SkiaSharpView", "src\skiasharp\LiveChartsCore.SkiaSharp\LiveChartsCore.SkiaSharpView.csproj", "{3B6F3FA0-D35D-49DB-90DA-709CC481CEEE}"
EndProject
Project("{2150E333-8FDC-42A3-9474-1A3956D46DE8}") = "Solution Items", "Solution Items", "{6C85F7EC-A3CB-4DBD-A9B1-3D43F70EFADD}"
	ProjectSection(SolutionItems) = preProject
		.editorconfig = .editorconfig
	EndProjectSection
EndProject
Project("{9A19103F-16F7-4668-BE54-9A1E7A4F7556}") = "LiveChartsCore.SkiaSharpView.WinUI", "src\skiasharp\LiveChartsCore.SkiaSharpView.WinUI\LiveChartsCore.SkiaSharpView.WinUI.csproj", "{E050FFE3-98AC-4D3E-99CC-136443921B6F}"
EndProject
Project("{9A19103F-16F7-4668-BE54-9A1E7A4F7556}") = "LiveChartsCore.Behaviours", "src\LiveChartsCore.Behaviours\LiveChartsCore.Behaviours.csproj", "{F7B300BA-687D-4420-B658-0D1FA7F981EB}"
EndProject
Global
	GlobalSection(SolutionConfigurationPlatforms) = preSolution
		Ad-Hoc|Any CPU = Ad-Hoc|Any CPU
		Ad-Hoc|ARM = Ad-Hoc|ARM
		Ad-Hoc|ARM64 = Ad-Hoc|ARM64
		Ad-Hoc|iPhone = Ad-Hoc|iPhone
		Ad-Hoc|iPhoneSimulator = Ad-Hoc|iPhoneSimulator
		Ad-Hoc|x64 = Ad-Hoc|x64
		Ad-Hoc|x86 = Ad-Hoc|x86
		AppStore|Any CPU = AppStore|Any CPU
		AppStore|ARM = AppStore|ARM
		AppStore|ARM64 = AppStore|ARM64
		AppStore|iPhone = AppStore|iPhone
		AppStore|iPhoneSimulator = AppStore|iPhoneSimulator
		AppStore|x64 = AppStore|x64
		AppStore|x86 = AppStore|x86
		Debug|Any CPU = Debug|Any CPU
		Debug|ARM = Debug|ARM
		Debug|ARM64 = Debug|ARM64
		Debug|iPhone = Debug|iPhone
		Debug|iPhoneSimulator = Debug|iPhoneSimulator
		Debug|x64 = Debug|x64
		Debug|x86 = Debug|x86
		Release|Any CPU = Release|Any CPU
		Release|ARM = Release|ARM
		Release|ARM64 = Release|ARM64
		Release|iPhone = Release|iPhone
		Release|iPhoneSimulator = Release|iPhoneSimulator
		Release|x64 = Release|x64
		Release|x86 = Release|x86
	EndGlobalSection
	GlobalSection(ProjectConfigurationPlatforms) = postSolution
		{B4853153-B34F-4909-9B8F-A0AD00A3EE85}.Ad-Hoc|Any CPU.ActiveCfg = Release|Any CPU
		{B4853153-B34F-4909-9B8F-A0AD00A3EE85}.Ad-Hoc|Any CPU.Build.0 = Release|Any CPU
		{B4853153-B34F-4909-9B8F-A0AD00A3EE85}.Ad-Hoc|ARM.ActiveCfg = Release|Any CPU
		{B4853153-B34F-4909-9B8F-A0AD00A3EE85}.Ad-Hoc|ARM.Build.0 = Release|Any CPU
		{B4853153-B34F-4909-9B8F-A0AD00A3EE85}.Ad-Hoc|ARM64.ActiveCfg = Release|Any CPU
		{B4853153-B34F-4909-9B8F-A0AD00A3EE85}.Ad-Hoc|ARM64.Build.0 = Release|Any CPU
		{B4853153-B34F-4909-9B8F-A0AD00A3EE85}.Ad-Hoc|iPhone.ActiveCfg = Release|Any CPU
		{B4853153-B34F-4909-9B8F-A0AD00A3EE85}.Ad-Hoc|iPhone.Build.0 = Release|Any CPU
		{B4853153-B34F-4909-9B8F-A0AD00A3EE85}.Ad-Hoc|iPhoneSimulator.ActiveCfg = Release|Any CPU
		{B4853153-B34F-4909-9B8F-A0AD00A3EE85}.Ad-Hoc|iPhoneSimulator.Build.0 = Release|Any CPU
		{B4853153-B34F-4909-9B8F-A0AD00A3EE85}.Ad-Hoc|x64.ActiveCfg = Release|Any CPU
		{B4853153-B34F-4909-9B8F-A0AD00A3EE85}.Ad-Hoc|x64.Build.0 = Release|Any CPU
		{B4853153-B34F-4909-9B8F-A0AD00A3EE85}.Ad-Hoc|x86.ActiveCfg = Release|Any CPU
		{B4853153-B34F-4909-9B8F-A0AD00A3EE85}.Ad-Hoc|x86.Build.0 = Release|Any CPU
		{B4853153-B34F-4909-9B8F-A0AD00A3EE85}.AppStore|Any CPU.ActiveCfg = Release|Any CPU
		{B4853153-B34F-4909-9B8F-A0AD00A3EE85}.AppStore|Any CPU.Build.0 = Release|Any CPU
		{B4853153-B34F-4909-9B8F-A0AD00A3EE85}.AppStore|ARM.ActiveCfg = Release|Any CPU
		{B4853153-B34F-4909-9B8F-A0AD00A3EE85}.AppStore|ARM.Build.0 = Release|Any CPU
		{B4853153-B34F-4909-9B8F-A0AD00A3EE85}.AppStore|ARM64.ActiveCfg = Release|Any CPU
		{B4853153-B34F-4909-9B8F-A0AD00A3EE85}.AppStore|ARM64.Build.0 = Release|Any CPU
		{B4853153-B34F-4909-9B8F-A0AD00A3EE85}.AppStore|iPhone.ActiveCfg = Release|Any CPU
		{B4853153-B34F-4909-9B8F-A0AD00A3EE85}.AppStore|iPhone.Build.0 = Release|Any CPU
		{B4853153-B34F-4909-9B8F-A0AD00A3EE85}.AppStore|iPhoneSimulator.ActiveCfg = Release|Any CPU
		{B4853153-B34F-4909-9B8F-A0AD00A3EE85}.AppStore|iPhoneSimulator.Build.0 = Release|Any CPU
		{B4853153-B34F-4909-9B8F-A0AD00A3EE85}.AppStore|x64.ActiveCfg = Release|Any CPU
		{B4853153-B34F-4909-9B8F-A0AD00A3EE85}.AppStore|x64.Build.0 = Release|Any CPU
		{B4853153-B34F-4909-9B8F-A0AD00A3EE85}.AppStore|x86.ActiveCfg = Release|Any CPU
		{B4853153-B34F-4909-9B8F-A0AD00A3EE85}.AppStore|x86.Build.0 = Release|Any CPU
		{B4853153-B34F-4909-9B8F-A0AD00A3EE85}.Debug|Any CPU.ActiveCfg = Debug|Any CPU
		{B4853153-B34F-4909-9B8F-A0AD00A3EE85}.Debug|Any CPU.Build.0 = Debug|Any CPU
		{B4853153-B34F-4909-9B8F-A0AD00A3EE85}.Debug|ARM.ActiveCfg = Debug|Any CPU
		{B4853153-B34F-4909-9B8F-A0AD00A3EE85}.Debug|ARM.Build.0 = Debug|Any CPU
		{B4853153-B34F-4909-9B8F-A0AD00A3EE85}.Debug|ARM64.ActiveCfg = Debug|Any CPU
		{B4853153-B34F-4909-9B8F-A0AD00A3EE85}.Debug|ARM64.Build.0 = Debug|Any CPU
		{B4853153-B34F-4909-9B8F-A0AD00A3EE85}.Debug|iPhone.ActiveCfg = Debug|Any CPU
		{B4853153-B34F-4909-9B8F-A0AD00A3EE85}.Debug|iPhone.Build.0 = Debug|Any CPU
		{B4853153-B34F-4909-9B8F-A0AD00A3EE85}.Debug|iPhoneSimulator.ActiveCfg = Debug|Any CPU
		{B4853153-B34F-4909-9B8F-A0AD00A3EE85}.Debug|iPhoneSimulator.Build.0 = Debug|Any CPU
		{B4853153-B34F-4909-9B8F-A0AD00A3EE85}.Debug|x64.ActiveCfg = Debug|Any CPU
		{B4853153-B34F-4909-9B8F-A0AD00A3EE85}.Debug|x64.Build.0 = Debug|Any CPU
		{B4853153-B34F-4909-9B8F-A0AD00A3EE85}.Debug|x86.ActiveCfg = Debug|Any CPU
		{B4853153-B34F-4909-9B8F-A0AD00A3EE85}.Debug|x86.Build.0 = Debug|Any CPU
		{B4853153-B34F-4909-9B8F-A0AD00A3EE85}.Release|Any CPU.ActiveCfg = Release|Any CPU
		{B4853153-B34F-4909-9B8F-A0AD00A3EE85}.Release|Any CPU.Build.0 = Release|Any CPU
		{B4853153-B34F-4909-9B8F-A0AD00A3EE85}.Release|ARM.ActiveCfg = Release|Any CPU
		{B4853153-B34F-4909-9B8F-A0AD00A3EE85}.Release|ARM.Build.0 = Release|Any CPU
		{B4853153-B34F-4909-9B8F-A0AD00A3EE85}.Release|ARM64.ActiveCfg = Release|Any CPU
		{B4853153-B34F-4909-9B8F-A0AD00A3EE85}.Release|ARM64.Build.0 = Release|Any CPU
		{B4853153-B34F-4909-9B8F-A0AD00A3EE85}.Release|iPhone.ActiveCfg = Release|Any CPU
		{B4853153-B34F-4909-9B8F-A0AD00A3EE85}.Release|iPhone.Build.0 = Release|Any CPU
		{B4853153-B34F-4909-9B8F-A0AD00A3EE85}.Release|iPhoneSimulator.ActiveCfg = Release|Any CPU
		{B4853153-B34F-4909-9B8F-A0AD00A3EE85}.Release|iPhoneSimulator.Build.0 = Release|Any CPU
		{B4853153-B34F-4909-9B8F-A0AD00A3EE85}.Release|x64.ActiveCfg = Release|Any CPU
		{B4853153-B34F-4909-9B8F-A0AD00A3EE85}.Release|x64.Build.0 = Release|Any CPU
		{B4853153-B34F-4909-9B8F-A0AD00A3EE85}.Release|x86.ActiveCfg = Release|Any CPU
		{B4853153-B34F-4909-9B8F-A0AD00A3EE85}.Release|x86.Build.0 = Release|Any CPU
		{3B6F3FA0-D35D-49DB-90DA-709CC481CEEE}.Ad-Hoc|Any CPU.ActiveCfg = Release|Any CPU
		{3B6F3FA0-D35D-49DB-90DA-709CC481CEEE}.Ad-Hoc|Any CPU.Build.0 = Release|Any CPU
		{3B6F3FA0-D35D-49DB-90DA-709CC481CEEE}.Ad-Hoc|ARM.ActiveCfg = Release|Any CPU
		{3B6F3FA0-D35D-49DB-90DA-709CC481CEEE}.Ad-Hoc|ARM.Build.0 = Release|Any CPU
		{3B6F3FA0-D35D-49DB-90DA-709CC481CEEE}.Ad-Hoc|ARM64.ActiveCfg = Release|Any CPU
		{3B6F3FA0-D35D-49DB-90DA-709CC481CEEE}.Ad-Hoc|ARM64.Build.0 = Release|Any CPU
		{3B6F3FA0-D35D-49DB-90DA-709CC481CEEE}.Ad-Hoc|iPhone.ActiveCfg = Release|Any CPU
		{3B6F3FA0-D35D-49DB-90DA-709CC481CEEE}.Ad-Hoc|iPhone.Build.0 = Release|Any CPU
		{3B6F3FA0-D35D-49DB-90DA-709CC481CEEE}.Ad-Hoc|iPhoneSimulator.ActiveCfg = Release|Any CPU
		{3B6F3FA0-D35D-49DB-90DA-709CC481CEEE}.Ad-Hoc|iPhoneSimulator.Build.0 = Release|Any CPU
		{3B6F3FA0-D35D-49DB-90DA-709CC481CEEE}.Ad-Hoc|x64.ActiveCfg = Release|Any CPU
		{3B6F3FA0-D35D-49DB-90DA-709CC481CEEE}.Ad-Hoc|x64.Build.0 = Release|Any CPU
		{3B6F3FA0-D35D-49DB-90DA-709CC481CEEE}.Ad-Hoc|x86.ActiveCfg = Release|Any CPU
		{3B6F3FA0-D35D-49DB-90DA-709CC481CEEE}.Ad-Hoc|x86.Build.0 = Release|Any CPU
		{3B6F3FA0-D35D-49DB-90DA-709CC481CEEE}.AppStore|Any CPU.ActiveCfg = Release|Any CPU
		{3B6F3FA0-D35D-49DB-90DA-709CC481CEEE}.AppStore|Any CPU.Build.0 = Release|Any CPU
		{3B6F3FA0-D35D-49DB-90DA-709CC481CEEE}.AppStore|ARM.ActiveCfg = Release|Any CPU
		{3B6F3FA0-D35D-49DB-90DA-709CC481CEEE}.AppStore|ARM.Build.0 = Release|Any CPU
		{3B6F3FA0-D35D-49DB-90DA-709CC481CEEE}.AppStore|ARM64.ActiveCfg = Release|Any CPU
		{3B6F3FA0-D35D-49DB-90DA-709CC481CEEE}.AppStore|ARM64.Build.0 = Release|Any CPU
		{3B6F3FA0-D35D-49DB-90DA-709CC481CEEE}.AppStore|iPhone.ActiveCfg = Release|Any CPU
		{3B6F3FA0-D35D-49DB-90DA-709CC481CEEE}.AppStore|iPhone.Build.0 = Release|Any CPU
		{3B6F3FA0-D35D-49DB-90DA-709CC481CEEE}.AppStore|iPhoneSimulator.ActiveCfg = Release|Any CPU
		{3B6F3FA0-D35D-49DB-90DA-709CC481CEEE}.AppStore|iPhoneSimulator.Build.0 = Release|Any CPU
		{3B6F3FA0-D35D-49DB-90DA-709CC481CEEE}.AppStore|x64.ActiveCfg = Release|Any CPU
		{3B6F3FA0-D35D-49DB-90DA-709CC481CEEE}.AppStore|x64.Build.0 = Release|Any CPU
		{3B6F3FA0-D35D-49DB-90DA-709CC481CEEE}.AppStore|x86.ActiveCfg = Release|Any CPU
		{3B6F3FA0-D35D-49DB-90DA-709CC481CEEE}.AppStore|x86.Build.0 = Release|Any CPU
		{3B6F3FA0-D35D-49DB-90DA-709CC481CEEE}.Debug|Any CPU.ActiveCfg = Debug|Any CPU
		{3B6F3FA0-D35D-49DB-90DA-709CC481CEEE}.Debug|Any CPU.Build.0 = Debug|Any CPU
		{3B6F3FA0-D35D-49DB-90DA-709CC481CEEE}.Debug|ARM.ActiveCfg = Debug|Any CPU
		{3B6F3FA0-D35D-49DB-90DA-709CC481CEEE}.Debug|ARM.Build.0 = Debug|Any CPU
		{3B6F3FA0-D35D-49DB-90DA-709CC481CEEE}.Debug|ARM64.ActiveCfg = Debug|Any CPU
		{3B6F3FA0-D35D-49DB-90DA-709CC481CEEE}.Debug|ARM64.Build.0 = Debug|Any CPU
		{3B6F3FA0-D35D-49DB-90DA-709CC481CEEE}.Debug|iPhone.ActiveCfg = Debug|Any CPU
		{3B6F3FA0-D35D-49DB-90DA-709CC481CEEE}.Debug|iPhone.Build.0 = Debug|Any CPU
		{3B6F3FA0-D35D-49DB-90DA-709CC481CEEE}.Debug|iPhoneSimulator.ActiveCfg = Debug|Any CPU
		{3B6F3FA0-D35D-49DB-90DA-709CC481CEEE}.Debug|iPhoneSimulator.Build.0 = Debug|Any CPU
		{3B6F3FA0-D35D-49DB-90DA-709CC481CEEE}.Debug|x64.ActiveCfg = Debug|Any CPU
		{3B6F3FA0-D35D-49DB-90DA-709CC481CEEE}.Debug|x64.Build.0 = Debug|Any CPU
		{3B6F3FA0-D35D-49DB-90DA-709CC481CEEE}.Debug|x86.ActiveCfg = Debug|Any CPU
		{3B6F3FA0-D35D-49DB-90DA-709CC481CEEE}.Debug|x86.Build.0 = Debug|Any CPU
		{3B6F3FA0-D35D-49DB-90DA-709CC481CEEE}.Release|Any CPU.ActiveCfg = Release|Any CPU
		{3B6F3FA0-D35D-49DB-90DA-709CC481CEEE}.Release|Any CPU.Build.0 = Release|Any CPU
		{3B6F3FA0-D35D-49DB-90DA-709CC481CEEE}.Release|ARM.ActiveCfg = Release|Any CPU
		{3B6F3FA0-D35D-49DB-90DA-709CC481CEEE}.Release|ARM.Build.0 = Release|Any CPU
		{3B6F3FA0-D35D-49DB-90DA-709CC481CEEE}.Release|ARM64.ActiveCfg = Release|Any CPU
		{3B6F3FA0-D35D-49DB-90DA-709CC481CEEE}.Release|ARM64.Build.0 = Release|Any CPU
		{3B6F3FA0-D35D-49DB-90DA-709CC481CEEE}.Release|iPhone.ActiveCfg = Release|Any CPU
		{3B6F3FA0-D35D-49DB-90DA-709CC481CEEE}.Release|iPhone.Build.0 = Release|Any CPU
		{3B6F3FA0-D35D-49DB-90DA-709CC481CEEE}.Release|iPhoneSimulator.ActiveCfg = Release|Any CPU
		{3B6F3FA0-D35D-49DB-90DA-709CC481CEEE}.Release|iPhoneSimulator.Build.0 = Release|Any CPU
		{3B6F3FA0-D35D-49DB-90DA-709CC481CEEE}.Release|x64.ActiveCfg = Release|Any CPU
		{3B6F3FA0-D35D-49DB-90DA-709CC481CEEE}.Release|x64.Build.0 = Release|Any CPU
		{3B6F3FA0-D35D-49DB-90DA-709CC481CEEE}.Release|x86.ActiveCfg = Release|Any CPU
		{3B6F3FA0-D35D-49DB-90DA-709CC481CEEE}.Release|x86.Build.0 = Release|Any CPU
		{E050FFE3-98AC-4D3E-99CC-136443921B6F}.Ad-Hoc|Any CPU.ActiveCfg = Debug|Any CPU
		{E050FFE3-98AC-4D3E-99CC-136443921B6F}.Ad-Hoc|Any CPU.Build.0 = Debug|Any CPU
		{E050FFE3-98AC-4D3E-99CC-136443921B6F}.Ad-Hoc|ARM.ActiveCfg = Debug|Any CPU
		{E050FFE3-98AC-4D3E-99CC-136443921B6F}.Ad-Hoc|ARM.Build.0 = Debug|Any CPU
		{E050FFE3-98AC-4D3E-99CC-136443921B6F}.Ad-Hoc|ARM64.ActiveCfg = Debug|Any CPU
		{E050FFE3-98AC-4D3E-99CC-136443921B6F}.Ad-Hoc|ARM64.Build.0 = Debug|Any CPU
		{E050FFE3-98AC-4D3E-99CC-136443921B6F}.Ad-Hoc|iPhone.ActiveCfg = Debug|Any CPU
		{E050FFE3-98AC-4D3E-99CC-136443921B6F}.Ad-Hoc|iPhone.Build.0 = Debug|Any CPU
		{E050FFE3-98AC-4D3E-99CC-136443921B6F}.Ad-Hoc|iPhoneSimulator.ActiveCfg = Debug|Any CPU
		{E050FFE3-98AC-4D3E-99CC-136443921B6F}.Ad-Hoc|iPhoneSimulator.Build.0 = Debug|Any CPU
		{E050FFE3-98AC-4D3E-99CC-136443921B6F}.Ad-Hoc|x64.ActiveCfg = Debug|Any CPU
		{E050FFE3-98AC-4D3E-99CC-136443921B6F}.Ad-Hoc|x64.Build.0 = Debug|Any CPU
		{E050FFE3-98AC-4D3E-99CC-136443921B6F}.Ad-Hoc|x86.ActiveCfg = Debug|Any CPU
		{E050FFE3-98AC-4D3E-99CC-136443921B6F}.Ad-Hoc|x86.Build.0 = Debug|Any CPU
		{E050FFE3-98AC-4D3E-99CC-136443921B6F}.AppStore|Any CPU.ActiveCfg = Debug|Any CPU
		{E050FFE3-98AC-4D3E-99CC-136443921B6F}.AppStore|Any CPU.Build.0 = Debug|Any CPU
		{E050FFE3-98AC-4D3E-99CC-136443921B6F}.AppStore|ARM.ActiveCfg = Debug|Any CPU
		{E050FFE3-98AC-4D3E-99CC-136443921B6F}.AppStore|ARM.Build.0 = Debug|Any CPU
		{E050FFE3-98AC-4D3E-99CC-136443921B6F}.AppStore|ARM64.ActiveCfg = Debug|Any CPU
		{E050FFE3-98AC-4D3E-99CC-136443921B6F}.AppStore|ARM64.Build.0 = Debug|Any CPU
		{E050FFE3-98AC-4D3E-99CC-136443921B6F}.AppStore|iPhone.ActiveCfg = Debug|Any CPU
		{E050FFE3-98AC-4D3E-99CC-136443921B6F}.AppStore|iPhone.Build.0 = Debug|Any CPU
		{E050FFE3-98AC-4D3E-99CC-136443921B6F}.AppStore|iPhoneSimulator.ActiveCfg = Debug|Any CPU
		{E050FFE3-98AC-4D3E-99CC-136443921B6F}.AppStore|iPhoneSimulator.Build.0 = Debug|Any CPU
		{E050FFE3-98AC-4D3E-99CC-136443921B6F}.AppStore|x64.ActiveCfg = Debug|Any CPU
		{E050FFE3-98AC-4D3E-99CC-136443921B6F}.AppStore|x64.Build.0 = Debug|Any CPU
		{E050FFE3-98AC-4D3E-99CC-136443921B6F}.AppStore|x86.ActiveCfg = Debug|Any CPU
		{E050FFE3-98AC-4D3E-99CC-136443921B6F}.AppStore|x86.Build.0 = Debug|Any CPU
		{E050FFE3-98AC-4D3E-99CC-136443921B6F}.Debug|Any CPU.ActiveCfg = Debug|Any CPU
		{E050FFE3-98AC-4D3E-99CC-136443921B6F}.Debug|Any CPU.Build.0 = Debug|Any CPU
		{E050FFE3-98AC-4D3E-99CC-136443921B6F}.Debug|ARM.ActiveCfg = Debug|Any CPU
		{E050FFE3-98AC-4D3E-99CC-136443921B6F}.Debug|ARM.Build.0 = Debug|Any CPU
		{E050FFE3-98AC-4D3E-99CC-136443921B6F}.Debug|ARM64.ActiveCfg = Debug|Any CPU
		{E050FFE3-98AC-4D3E-99CC-136443921B6F}.Debug|ARM64.Build.0 = Debug|Any CPU
		{E050FFE3-98AC-4D3E-99CC-136443921B6F}.Debug|iPhone.ActiveCfg = Debug|Any CPU
		{E050FFE3-98AC-4D3E-99CC-136443921B6F}.Debug|iPhone.Build.0 = Debug|Any CPU
		{E050FFE3-98AC-4D3E-99CC-136443921B6F}.Debug|iPhoneSimulator.ActiveCfg = Debug|Any CPU
		{E050FFE3-98AC-4D3E-99CC-136443921B6F}.Debug|iPhoneSimulator.Build.0 = Debug|Any CPU
		{E050FFE3-98AC-4D3E-99CC-136443921B6F}.Debug|x64.ActiveCfg = Debug|Any CPU
		{E050FFE3-98AC-4D3E-99CC-136443921B6F}.Debug|x64.Build.0 = Debug|Any CPU
		{E050FFE3-98AC-4D3E-99CC-136443921B6F}.Debug|x86.ActiveCfg = Debug|Any CPU
		{E050FFE3-98AC-4D3E-99CC-136443921B6F}.Debug|x86.Build.0 = Debug|Any CPU
		{E050FFE3-98AC-4D3E-99CC-136443921B6F}.Release|Any CPU.ActiveCfg = Release|Any CPU
		{E050FFE3-98AC-4D3E-99CC-136443921B6F}.Release|Any CPU.Build.0 = Release|Any CPU
		{E050FFE3-98AC-4D3E-99CC-136443921B6F}.Release|ARM.ActiveCfg = Release|Any CPU
		{E050FFE3-98AC-4D3E-99CC-136443921B6F}.Release|ARM.Build.0 = Release|Any CPU
		{E050FFE3-98AC-4D3E-99CC-136443921B6F}.Release|ARM64.ActiveCfg = Release|Any CPU
		{E050FFE3-98AC-4D3E-99CC-136443921B6F}.Release|ARM64.Build.0 = Release|Any CPU
		{E050FFE3-98AC-4D3E-99CC-136443921B6F}.Release|iPhone.ActiveCfg = Release|Any CPU
		{E050FFE3-98AC-4D3E-99CC-136443921B6F}.Release|iPhone.Build.0 = Release|Any CPU
		{E050FFE3-98AC-4D3E-99CC-136443921B6F}.Release|iPhoneSimulator.ActiveCfg = Release|Any CPU
		{E050FFE3-98AC-4D3E-99CC-136443921B6F}.Release|iPhoneSimulator.Build.0 = Release|Any CPU
		{E050FFE3-98AC-4D3E-99CC-136443921B6F}.Release|x64.ActiveCfg = Release|Any CPU
		{E050FFE3-98AC-4D3E-99CC-136443921B6F}.Release|x64.Build.0 = Release|Any CPU
		{E050FFE3-98AC-4D3E-99CC-136443921B6F}.Release|x86.ActiveCfg = Release|Any CPU
		{E050FFE3-98AC-4D3E-99CC-136443921B6F}.Release|x86.Build.0 = Release|Any CPU
		{F7B300BA-687D-4420-B658-0D1FA7F981EB}.Ad-Hoc|Any CPU.ActiveCfg = Debug|Any CPU
		{F7B300BA-687D-4420-B658-0D1FA7F981EB}.Ad-Hoc|Any CPU.Build.0 = Debug|Any CPU
		{F7B300BA-687D-4420-B658-0D1FA7F981EB}.Ad-Hoc|ARM.ActiveCfg = Debug|Any CPU
		{F7B300BA-687D-4420-B658-0D1FA7F981EB}.Ad-Hoc|ARM.Build.0 = Debug|Any CPU
		{F7B300BA-687D-4420-B658-0D1FA7F981EB}.Ad-Hoc|ARM64.ActiveCfg = Debug|Any CPU
		{F7B300BA-687D-4420-B658-0D1FA7F981EB}.Ad-Hoc|ARM64.Build.0 = Debug|Any CPU
		{F7B300BA-687D-4420-B658-0D1FA7F981EB}.Ad-Hoc|iPhone.ActiveCfg = Debug|Any CPU
		{F7B300BA-687D-4420-B658-0D1FA7F981EB}.Ad-Hoc|iPhone.Build.0 = Debug|Any CPU
		{F7B300BA-687D-4420-B658-0D1FA7F981EB}.Ad-Hoc|iPhoneSimulator.ActiveCfg = Debug|Any CPU
		{F7B300BA-687D-4420-B658-0D1FA7F981EB}.Ad-Hoc|iPhoneSimulator.Build.0 = Debug|Any CPU
		{F7B300BA-687D-4420-B658-0D1FA7F981EB}.Ad-Hoc|x64.ActiveCfg = Debug|Any CPU
		{F7B300BA-687D-4420-B658-0D1FA7F981EB}.Ad-Hoc|x64.Build.0 = Debug|Any CPU
		{F7B300BA-687D-4420-B658-0D1FA7F981EB}.Ad-Hoc|x86.ActiveCfg = Debug|Any CPU
		{F7B300BA-687D-4420-B658-0D1FA7F981EB}.Ad-Hoc|x86.Build.0 = Debug|Any CPU
		{F7B300BA-687D-4420-B658-0D1FA7F981EB}.AppStore|Any CPU.ActiveCfg = Debug|Any CPU
		{F7B300BA-687D-4420-B658-0D1FA7F981EB}.AppStore|Any CPU.Build.0 = Debug|Any CPU
		{F7B300BA-687D-4420-B658-0D1FA7F981EB}.AppStore|ARM.ActiveCfg = Debug|Any CPU
		{F7B300BA-687D-4420-B658-0D1FA7F981EB}.AppStore|ARM.Build.0 = Debug|Any CPU
		{F7B300BA-687D-4420-B658-0D1FA7F981EB}.AppStore|ARM64.ActiveCfg = Debug|Any CPU
		{F7B300BA-687D-4420-B658-0D1FA7F981EB}.AppStore|ARM64.Build.0 = Debug|Any CPU
		{F7B300BA-687D-4420-B658-0D1FA7F981EB}.AppStore|iPhone.ActiveCfg = Debug|Any CPU
		{F7B300BA-687D-4420-B658-0D1FA7F981EB}.AppStore|iPhone.Build.0 = Debug|Any CPU
		{F7B300BA-687D-4420-B658-0D1FA7F981EB}.AppStore|iPhoneSimulator.ActiveCfg = Debug|Any CPU
		{F7B300BA-687D-4420-B658-0D1FA7F981EB}.AppStore|iPhoneSimulator.Build.0 = Debug|Any CPU
		{F7B300BA-687D-4420-B658-0D1FA7F981EB}.AppStore|x64.ActiveCfg = Debug|Any CPU
		{F7B300BA-687D-4420-B658-0D1FA7F981EB}.AppStore|x64.Build.0 = Debug|Any CPU
		{F7B300BA-687D-4420-B658-0D1FA7F981EB}.AppStore|x86.ActiveCfg = Debug|Any CPU
		{F7B300BA-687D-4420-B658-0D1FA7F981EB}.AppStore|x86.Build.0 = Debug|Any CPU
		{F7B300BA-687D-4420-B658-0D1FA7F981EB}.Debug|Any CPU.ActiveCfg = Debug|Any CPU
		{F7B300BA-687D-4420-B658-0D1FA7F981EB}.Debug|Any CPU.Build.0 = Debug|Any CPU
		{F7B300BA-687D-4420-B658-0D1FA7F981EB}.Debug|ARM.ActiveCfg = Debug|Any CPU
		{F7B300BA-687D-4420-B658-0D1FA7F981EB}.Debug|ARM.Build.0 = Debug|Any CPU
		{F7B300BA-687D-4420-B658-0D1FA7F981EB}.Debug|ARM64.ActiveCfg = Debug|Any CPU
		{F7B300BA-687D-4420-B658-0D1FA7F981EB}.Debug|ARM64.Build.0 = Debug|Any CPU
		{F7B300BA-687D-4420-B658-0D1FA7F981EB}.Debug|iPhone.ActiveCfg = Debug|Any CPU
		{F7B300BA-687D-4420-B658-0D1FA7F981EB}.Debug|iPhone.Build.0 = Debug|Any CPU
		{F7B300BA-687D-4420-B658-0D1FA7F981EB}.Debug|iPhoneSimulator.ActiveCfg = Debug|Any CPU
		{F7B300BA-687D-4420-B658-0D1FA7F981EB}.Debug|iPhoneSimulator.Build.0 = Debug|Any CPU
		{F7B300BA-687D-4420-B658-0D1FA7F981EB}.Debug|x64.ActiveCfg = Debug|Any CPU
		{F7B300BA-687D-4420-B658-0D1FA7F981EB}.Debug|x64.Build.0 = Debug|Any CPU
		{F7B300BA-687D-4420-B658-0D1FA7F981EB}.Debug|x86.ActiveCfg = Debug|Any CPU
		{F7B300BA-687D-4420-B658-0D1FA7F981EB}.Debug|x86.Build.0 = Debug|Any CPU
		{F7B300BA-687D-4420-B658-0D1FA7F981EB}.Release|Any CPU.ActiveCfg = Release|Any CPU
		{F7B300BA-687D-4420-B658-0D1FA7F981EB}.Release|Any CPU.Build.0 = Release|Any CPU
		{F7B300BA-687D-4420-B658-0D1FA7F981EB}.Release|ARM.ActiveCfg = Release|Any CPU
		{F7B300BA-687D-4420-B658-0D1FA7F981EB}.Release|ARM.Build.0 = Release|Any CPU
		{F7B300BA-687D-4420-B658-0D1FA7F981EB}.Release|ARM64.ActiveCfg = Release|Any CPU
		{F7B300BA-687D-4420-B658-0D1FA7F981EB}.Release|ARM64.Build.0 = Release|Any CPU
		{F7B300BA-687D-4420-B658-0D1FA7F981EB}.Release|iPhone.ActiveCfg = Release|Any CPU
		{F7B300BA-687D-4420-B658-0D1FA7F981EB}.Release|iPhone.Build.0 = Release|Any CPU
		{F7B300BA-687D-4420-B658-0D1FA7F981EB}.Release|iPhoneSimulator.ActiveCfg = Release|Any CPU
		{F7B300BA-687D-4420-B658-0D1FA7F981EB}.Release|iPhoneSimulator.Build.0 = Release|Any CPU
		{F7B300BA-687D-4420-B658-0D1FA7F981EB}.Release|x64.ActiveCfg = Release|Any CPU
		{F7B300BA-687D-4420-B658-0D1FA7F981EB}.Release|x64.Build.0 = Release|Any CPU
		{F7B300BA-687D-4420-B658-0D1FA7F981EB}.Release|x86.ActiveCfg = Release|Any CPU
		{F7B300BA-687D-4420-B658-0D1FA7F981EB}.Release|x86.Build.0 = Release|Any CPU
	EndGlobalSection
	GlobalSection(SolutionProperties) = preSolution
		HideSolutionNode = FALSE
	EndGlobalSection
	GlobalSection(ExtensibilityGlobals) = postSolution
		SolutionGuid = {2040E57B-591B-4849-BD29-B4583C81F167}
	EndGlobalSection
EndGlobal
