
Microsoft Visual Studio Solution File, Format Version 12.00
# Visual Studio Version 17
VisualStudioVersion = 17.7.34024.191
MinimumVisualStudioVersion = 10.0.40219.1
Project("{2150E333-8FDC-42A3-9474-1A3956D46DE8}") = "Source", "Source", "{B9B91410-6F69-4DB0-A917-646B729F2467}"
EndProject
Project("{2150E333-8FDC-42A3-9474-1A3956D46DE8}") = "Backend", "Backend", "{F075631F-6FB6-476C-8007-491F72A70B15}"
EndProject
Project("{2150E333-8FDC-42A3-9474-1A3956D46DE8}") = "Platforms", "Platforms", "{9852BF4B-DB31-4279-94C1-95343B48AD74}"
EndProject
Project("{2150E333-8FDC-42A3-9474-1A3956D46DE8}") = "Tests", "Tests", "{E58CD4B4-2B35-4D47-9AAD-34016C194D3F}"
EndProject
Project("{9A19103F-16F7-4668-BE54-9A1E7A4F7556}") = "UnoPlatformSample.DataContracts", "UnoPlatformSample.DataContracts\UnoPlatformSample.DataContracts.csproj", "{B6C4869B-599D-441C-8AE2-83AA0BFB2107}"
EndProject
Project("{9A19103F-16F7-4668-BE54-9A1E7A4F7556}") = "UnoPlatformSample", "UnoPlatformSample\UnoPlatformSample.csproj", "{5C5CC19E-F676-4440-82E3-B95B2761AFCF}"
EndProject
Project("{9A19103F-16F7-4668-BE54-9A1E7A4F7556}") = "UnoPlatformSample.Tests", "UnoPlatformSample.Tests\UnoPlatformSample.Tests.csproj", "{02579EDA-3AF9-42FE-9074-A8F45C51B1D4}"
EndProject
Project("{9A19103F-16F7-4668-BE54-9A1E7A4F7556}") = "UnoPlatformSample.UITests", "UnoPlatformSample.UITests\UnoPlatformSample.UITests.csproj", "{CD652080-C1B8-4A5F-B97B-7E8C6B9D5028}"
EndProject
Project("{9A19103F-16F7-4668-BE54-9A1E7A4F7556}") = "UnoPlatformSample.Mobile", "UnoPlatformSample.Mobile\UnoPlatformSample.Mobile.csproj", "{84726BD4-BB63-476E-9BD5-8FEC6F773DF5}"
EndProject
Project("{9A19103F-16F7-4668-BE54-9A1E7A4F7556}") = "UnoPlatformSample.Windows", "UnoPlatformSample.Windows\UnoPlatformSample.Windows.csproj", "{0DDEDE21-68A8-4DE4-A001-68AB730EF7EA}"
EndProject
Project("{9A19103F-16F7-4668-BE54-9A1E7A4F7556}") = "UnoPlatformSample.Wasm", "UnoPlatformSample.Wasm\UnoPlatformSample.Wasm.csproj", "{8DF1ECC6-36DC-45FE-8A5E-10A9E1123F64}"
EndProject
Project("{9A19103F-16F7-4668-BE54-9A1E7A4F7556}") = "UnoPlatformSample.Skia.Gtk", "UnoPlatformSample.Skia.Gtk\UnoPlatformSample.Skia.Gtk.csproj", "{420D448C-C768-4844-BD49-485B9CD3116D}"
EndProject
Project("{9A19103F-16F7-4668-BE54-9A1E7A4F7556}") = "UnoPlatformSample.Server", "UnoPlatformSample.Server\UnoPlatformSample.Server.csproj", "{0DDD817E-0368-4477-AEA0-7760F8B22C70}"
EndProject
Project("{2150E333-8FDC-42A3-9474-1A3956D46DE8}") = "LiveChartsSource", "LiveChartsSource", "{98754DD8-C793-49EF-A506-F120FEBA666A}"
EndProject
Project("{9A19103F-16F7-4668-BE54-9A1E7A4F7556}") = "LiveChartsCore", "..\..\src\LiveChartsCore\LiveChartsCore.csproj", "{BB328359-ECAC-4B7F-A2FE-972CC2C4944F}"
EndProject
Project("{9A19103F-16F7-4668-BE54-9A1E7A4F7556}") = "LiveChartsCore.SkiaSharpView", "..\..\src\skiasharp\LiveChartsCore.SkiaSharp\LiveChartsCore.SkiaSharpView.csproj", "{C3C321D8-3CA3-4714-AFF3-B71A3B819E08}"
EndProject
Project("{9A19103F-16F7-4668-BE54-9A1E7A4F7556}") = "LiveChartsCore.SkiaSharpView.Uno.WinUI", "..\..\src\skiasharp\LiveChartsCore.SkiaSharpView.UnoWinUI\LiveChartsCore.SkiaSharpView.Uno.WinUI.csproj", "{5BAB4FCE-2CD8-4733-9F7D-1B31BEA6DCF2}"
EndProject
Project("{9A19103F-16F7-4668-BE54-9A1E7A4F7556}") = "ViewModelsSamples", "..\ViewModelsSamples\ViewModelsSamples.csproj", "{EE2EB14F-01BB-4A01-89F4-0CF88CBD0669}"
EndProject
Global
	GlobalSection(SolutionConfigurationPlatforms) = preSolution
		Debug|Any CPU = Debug|Any CPU
		Debug|arm64 = Debug|arm64
		Debug|x64 = Debug|x64
		Debug|x86 = Debug|x86
		Release|Any CPU = Release|Any CPU
		Release|arm64 = Release|arm64
		Release|x64 = Release|x64
		Release|x86 = Release|x86
	EndGlobalSection
	GlobalSection(ProjectConfigurationPlatforms) = postSolution
		{B6C4869B-599D-441C-8AE2-83AA0BFB2107}.Debug|Any CPU.ActiveCfg = Debug|Any CPU
		{B6C4869B-599D-441C-8AE2-83AA0BFB2107}.Debug|Any CPU.Build.0 = Debug|Any CPU
		{B6C4869B-599D-441C-8AE2-83AA0BFB2107}.Debug|arm64.ActiveCfg = Debug|Any CPU
		{B6C4869B-599D-441C-8AE2-83AA0BFB2107}.Debug|arm64.Build.0 = Debug|Any CPU
		{B6C4869B-599D-441C-8AE2-83AA0BFB2107}.Debug|x64.ActiveCfg = Debug|Any CPU
		{B6C4869B-599D-441C-8AE2-83AA0BFB2107}.Debug|x64.Build.0 = Debug|Any CPU
		{B6C4869B-599D-441C-8AE2-83AA0BFB2107}.Debug|x86.ActiveCfg = Debug|Any CPU
		{B6C4869B-599D-441C-8AE2-83AA0BFB2107}.Debug|x86.Build.0 = Debug|Any CPU
		{B6C4869B-599D-441C-8AE2-83AA0BFB2107}.Release|Any CPU.ActiveCfg = Release|Any CPU
		{B6C4869B-599D-441C-8AE2-83AA0BFB2107}.Release|Any CPU.Build.0 = Release|Any CPU
		{B6C4869B-599D-441C-8AE2-83AA0BFB2107}.Release|arm64.ActiveCfg = Release|Any CPU
		{B6C4869B-599D-441C-8AE2-83AA0BFB2107}.Release|arm64.Build.0 = Release|Any CPU
		{B6C4869B-599D-441C-8AE2-83AA0BFB2107}.Release|x64.ActiveCfg = Release|Any CPU
		{B6C4869B-599D-441C-8AE2-83AA0BFB2107}.Release|x64.Build.0 = Release|Any CPU
		{B6C4869B-599D-441C-8AE2-83AA0BFB2107}.Release|x86.ActiveCfg = Release|Any CPU
		{B6C4869B-599D-441C-8AE2-83AA0BFB2107}.Release|x86.Build.0 = Release|Any CPU
		{5C5CC19E-F676-4440-82E3-B95B2761AFCF}.Debug|Any CPU.ActiveCfg = Debug|Any CPU
		{5C5CC19E-F676-4440-82E3-B95B2761AFCF}.Debug|Any CPU.Build.0 = Debug|Any CPU
		{5C5CC19E-F676-4440-82E3-B95B2761AFCF}.Debug|arm64.ActiveCfg = Debug|Any CPU
		{5C5CC19E-F676-4440-82E3-B95B2761AFCF}.Debug|arm64.Build.0 = Debug|Any CPU
		{5C5CC19E-F676-4440-82E3-B95B2761AFCF}.Debug|x64.ActiveCfg = Debug|Any CPU
		{5C5CC19E-F676-4440-82E3-B95B2761AFCF}.Debug|x64.Build.0 = Debug|Any CPU
		{5C5CC19E-F676-4440-82E3-B95B2761AFCF}.Debug|x86.ActiveCfg = Debug|Any CPU
		{5C5CC19E-F676-4440-82E3-B95B2761AFCF}.Debug|x86.Build.0 = Debug|Any CPU
		{5C5CC19E-F676-4440-82E3-B95B2761AFCF}.Release|Any CPU.ActiveCfg = Release|Any CPU
		{5C5CC19E-F676-4440-82E3-B95B2761AFCF}.Release|Any CPU.Build.0 = Release|Any CPU
		{5C5CC19E-F676-4440-82E3-B95B2761AFCF}.Release|arm64.ActiveCfg = Release|Any CPU
		{5C5CC19E-F676-4440-82E3-B95B2761AFCF}.Release|arm64.Build.0 = Release|Any CPU
		{5C5CC19E-F676-4440-82E3-B95B2761AFCF}.Release|x64.ActiveCfg = Release|Any CPU
		{5C5CC19E-F676-4440-82E3-B95B2761AFCF}.Release|x64.Build.0 = Release|Any CPU
		{5C5CC19E-F676-4440-82E3-B95B2761AFCF}.Release|x86.ActiveCfg = Release|Any CPU
		{5C5CC19E-F676-4440-82E3-B95B2761AFCF}.Release|x86.Build.0 = Release|Any CPU
		{02579EDA-3AF9-42FE-9074-A8F45C51B1D4}.Debug|Any CPU.ActiveCfg = Debug|Any CPU
		{02579EDA-3AF9-42FE-9074-A8F45C51B1D4}.Debug|Any CPU.Build.0 = Debug|Any CPU
		{02579EDA-3AF9-42FE-9074-A8F45C51B1D4}.Debug|arm64.ActiveCfg = Debug|Any CPU
		{02579EDA-3AF9-42FE-9074-A8F45C51B1D4}.Debug|arm64.Build.0 = Debug|Any CPU
		{02579EDA-3AF9-42FE-9074-A8F45C51B1D4}.Debug|x64.ActiveCfg = Debug|Any CPU
		{02579EDA-3AF9-42FE-9074-A8F45C51B1D4}.Debug|x64.Build.0 = Debug|Any CPU
		{02579EDA-3AF9-42FE-9074-A8F45C51B1D4}.Debug|x86.ActiveCfg = Debug|Any CPU
		{02579EDA-3AF9-42FE-9074-A8F45C51B1D4}.Debug|x86.Build.0 = Debug|Any CPU
		{02579EDA-3AF9-42FE-9074-A8F45C51B1D4}.Release|Any CPU.ActiveCfg = Release|Any CPU
		{02579EDA-3AF9-42FE-9074-A8F45C51B1D4}.Release|Any CPU.Build.0 = Release|Any CPU
		{02579EDA-3AF9-42FE-9074-A8F45C51B1D4}.Release|arm64.ActiveCfg = Release|Any CPU
		{02579EDA-3AF9-42FE-9074-A8F45C51B1D4}.Release|arm64.Build.0 = Release|Any CPU
		{02579EDA-3AF9-42FE-9074-A8F45C51B1D4}.Release|x64.ActiveCfg = Release|Any CPU
		{02579EDA-3AF9-42FE-9074-A8F45C51B1D4}.Release|x64.Build.0 = Release|Any CPU
		{02579EDA-3AF9-42FE-9074-A8F45C51B1D4}.Release|x86.ActiveCfg = Release|Any CPU
		{02579EDA-3AF9-42FE-9074-A8F45C51B1D4}.Release|x86.Build.0 = Release|Any CPU
		{CD652080-C1B8-4A5F-B97B-7E8C6B9D5028}.Debug|Any CPU.ActiveCfg = Debug|Any CPU
		{CD652080-C1B8-4A5F-B97B-7E8C6B9D5028}.Debug|Any CPU.Build.0 = Debug|Any CPU
		{CD652080-C1B8-4A5F-B97B-7E8C6B9D5028}.Debug|arm64.ActiveCfg = Debug|Any CPU
		{CD652080-C1B8-4A5F-B97B-7E8C6B9D5028}.Debug|arm64.Build.0 = Debug|Any CPU
		{CD652080-C1B8-4A5F-B97B-7E8C6B9D5028}.Debug|x64.ActiveCfg = Debug|Any CPU
		{CD652080-C1B8-4A5F-B97B-7E8C6B9D5028}.Debug|x64.Build.0 = Debug|Any CPU
		{CD652080-C1B8-4A5F-B97B-7E8C6B9D5028}.Debug|x86.ActiveCfg = Debug|Any CPU
		{CD652080-C1B8-4A5F-B97B-7E8C6B9D5028}.Debug|x86.Build.0 = Debug|Any CPU
		{CD652080-C1B8-4A5F-B97B-7E8C6B9D5028}.Release|Any CPU.ActiveCfg = Release|Any CPU
		{CD652080-C1B8-4A5F-B97B-7E8C6B9D5028}.Release|Any CPU.Build.0 = Release|Any CPU
		{CD652080-C1B8-4A5F-B97B-7E8C6B9D5028}.Release|arm64.ActiveCfg = Release|Any CPU
		{CD652080-C1B8-4A5F-B97B-7E8C6B9D5028}.Release|arm64.Build.0 = Release|Any CPU
		{CD652080-C1B8-4A5F-B97B-7E8C6B9D5028}.Release|x64.ActiveCfg = Release|Any CPU
		{CD652080-C1B8-4A5F-B97B-7E8C6B9D5028}.Release|x64.Build.0 = Release|Any CPU
		{CD652080-C1B8-4A5F-B97B-7E8C6B9D5028}.Release|x86.ActiveCfg = Release|Any CPU
		{CD652080-C1B8-4A5F-B97B-7E8C6B9D5028}.Release|x86.Build.0 = Release|Any CPU
		{84726BD4-BB63-476E-9BD5-8FEC6F773DF5}.Debug|Any CPU.ActiveCfg = Debug|Any CPU
		{84726BD4-BB63-476E-9BD5-8FEC6F773DF5}.Debug|Any CPU.Build.0 = Debug|Any CPU
		{84726BD4-BB63-476E-9BD5-8FEC6F773DF5}.Debug|Any CPU.Deploy.0 = Debug|Any CPU
		{84726BD4-BB63-476E-9BD5-8FEC6F773DF5}.Debug|arm64.ActiveCfg = Debug|Any CPU
		{84726BD4-BB63-476E-9BD5-8FEC6F773DF5}.Debug|arm64.Build.0 = Debug|Any CPU
		{84726BD4-BB63-476E-9BD5-8FEC6F773DF5}.Debug|arm64.Deploy.0 = Debug|Any CPU
		{84726BD4-BB63-476E-9BD5-8FEC6F773DF5}.Debug|x64.ActiveCfg = Debug|Any CPU
		{84726BD4-BB63-476E-9BD5-8FEC6F773DF5}.Debug|x64.Build.0 = Debug|Any CPU
		{84726BD4-BB63-476E-9BD5-8FEC6F773DF5}.Debug|x64.Deploy.0 = Debug|Any CPU
		{84726BD4-BB63-476E-9BD5-8FEC6F773DF5}.Debug|x86.ActiveCfg = Debug|Any CPU
		{84726BD4-BB63-476E-9BD5-8FEC6F773DF5}.Debug|x86.Build.0 = Debug|Any CPU
		{84726BD4-BB63-476E-9BD5-8FEC6F773DF5}.Debug|x86.Deploy.0 = Debug|Any CPU
		{84726BD4-BB63-476E-9BD5-8FEC6F773DF5}.Release|Any CPU.ActiveCfg = Release|Any CPU
		{84726BD4-BB63-476E-9BD5-8FEC6F773DF5}.Release|Any CPU.Build.0 = Release|Any CPU
		{84726BD4-BB63-476E-9BD5-8FEC6F773DF5}.Release|Any CPU.Deploy.0 = Release|Any CPU
		{84726BD4-BB63-476E-9BD5-8FEC6F773DF5}.Release|arm64.ActiveCfg = Release|Any CPU
		{84726BD4-BB63-476E-9BD5-8FEC6F773DF5}.Release|arm64.Build.0 = Release|Any CPU
		{84726BD4-BB63-476E-9BD5-8FEC6F773DF5}.Release|arm64.Deploy.0 = Release|Any CPU
		{84726BD4-BB63-476E-9BD5-8FEC6F773DF5}.Release|x64.ActiveCfg = Release|Any CPU
		{84726BD4-BB63-476E-9BD5-8FEC6F773DF5}.Release|x64.Build.0 = Release|Any CPU
		{84726BD4-BB63-476E-9BD5-8FEC6F773DF5}.Release|x64.Deploy.0 = Release|Any CPU
		{84726BD4-BB63-476E-9BD5-8FEC6F773DF5}.Release|x86.ActiveCfg = Release|Any CPU
		{84726BD4-BB63-476E-9BD5-8FEC6F773DF5}.Release|x86.Build.0 = Release|Any CPU
		{84726BD4-BB63-476E-9BD5-8FEC6F773DF5}.Release|x86.Deploy.0 = Release|Any CPU
		{0DDEDE21-68A8-4DE4-A001-68AB730EF7EA}.Debug|Any CPU.ActiveCfg = Debug|x64
		{0DDEDE21-68A8-4DE4-A001-68AB730EF7EA}.Debug|Any CPU.Build.0 = Debug|x64
		{0DDEDE21-68A8-4DE4-A001-68AB730EF7EA}.Debug|Any CPU.Deploy.0 = Debug|x64
		{0DDEDE21-68A8-4DE4-A001-68AB730EF7EA}.Debug|arm64.ActiveCfg = Debug|arm64
		{0DDEDE21-68A8-4DE4-A001-68AB730EF7EA}.Debug|arm64.Build.0 = Debug|arm64
		{0DDEDE21-68A8-4DE4-A001-68AB730EF7EA}.Debug|arm64.Deploy.0 = Debug|arm64
		{0DDEDE21-68A8-4DE4-A001-68AB730EF7EA}.Debug|x64.ActiveCfg = Debug|x64
		{0DDEDE21-68A8-4DE4-A001-68AB730EF7EA}.Debug|x64.Build.0 = Debug|x64
		{0DDEDE21-68A8-4DE4-A001-68AB730EF7EA}.Debug|x64.Deploy.0 = Debug|x64
		{0DDEDE21-68A8-4DE4-A001-68AB730EF7EA}.Debug|x86.ActiveCfg = Debug|x86
		{0DDEDE21-68A8-4DE4-A001-68AB730EF7EA}.Debug|x86.Build.0 = Debug|x86
		{0DDEDE21-68A8-4DE4-A001-68AB730EF7EA}.Debug|x86.Deploy.0 = Debug|x86
		{0DDEDE21-68A8-4DE4-A001-68AB730EF7EA}.Release|Any CPU.ActiveCfg = Release|x64
		{0DDEDE21-68A8-4DE4-A001-68AB730EF7EA}.Release|Any CPU.Build.0 = Release|x64
		{0DDEDE21-68A8-4DE4-A001-68AB730EF7EA}.Release|Any CPU.Deploy.0 = Release|x64
		{0DDEDE21-68A8-4DE4-A001-68AB730EF7EA}.Release|arm64.ActiveCfg = Release|arm64
		{0DDEDE21-68A8-4DE4-A001-68AB730EF7EA}.Release|arm64.Build.0 = Release|arm64
		{0DDEDE21-68A8-4DE4-A001-68AB730EF7EA}.Release|arm64.Deploy.0 = Release|arm64
		{0DDEDE21-68A8-4DE4-A001-68AB730EF7EA}.Release|x64.ActiveCfg = Release|x64
		{0DDEDE21-68A8-4DE4-A001-68AB730EF7EA}.Release|x64.Build.0 = Release|x64
		{0DDEDE21-68A8-4DE4-A001-68AB730EF7EA}.Release|x64.Deploy.0 = Release|x64
		{0DDEDE21-68A8-4DE4-A001-68AB730EF7EA}.Release|x86.ActiveCfg = Release|x86
		{0DDEDE21-68A8-4DE4-A001-68AB730EF7EA}.Release|x86.Build.0 = Release|x86
		{0DDEDE21-68A8-4DE4-A001-68AB730EF7EA}.Release|x86.Deploy.0 = Release|x86
		{8DF1ECC6-36DC-45FE-8A5E-10A9E1123F64}.Debug|Any CPU.ActiveCfg = Debug|Any CPU
		{8DF1ECC6-36DC-45FE-8A5E-10A9E1123F64}.Debug|Any CPU.Build.0 = Debug|Any CPU
		{8DF1ECC6-36DC-45FE-8A5E-10A9E1123F64}.Debug|arm64.ActiveCfg = Debug|Any CPU
		{8DF1ECC6-36DC-45FE-8A5E-10A9E1123F64}.Debug|arm64.Build.0 = Debug|Any CPU
		{8DF1ECC6-36DC-45FE-8A5E-10A9E1123F64}.Debug|x64.ActiveCfg = Debug|Any CPU
		{8DF1ECC6-36DC-45FE-8A5E-10A9E1123F64}.Debug|x64.Build.0 = Debug|Any CPU
		{8DF1ECC6-36DC-45FE-8A5E-10A9E1123F64}.Debug|x86.ActiveCfg = Debug|Any CPU
		{8DF1ECC6-36DC-45FE-8A5E-10A9E1123F64}.Debug|x86.Build.0 = Debug|Any CPU
		{8DF1ECC6-36DC-45FE-8A5E-10A9E1123F64}.Release|Any CPU.ActiveCfg = Release|Any CPU
		{8DF1ECC6-36DC-45FE-8A5E-10A9E1123F64}.Release|Any CPU.Build.0 = Release|Any CPU
		{8DF1ECC6-36DC-45FE-8A5E-10A9E1123F64}.Release|arm64.ActiveCfg = Release|Any CPU
		{8DF1ECC6-36DC-45FE-8A5E-10A9E1123F64}.Release|arm64.Build.0 = Release|Any CPU
		{8DF1ECC6-36DC-45FE-8A5E-10A9E1123F64}.Release|x64.ActiveCfg = Release|Any CPU
		{8DF1ECC6-36DC-45FE-8A5E-10A9E1123F64}.Release|x64.Build.0 = Release|Any CPU
		{8DF1ECC6-36DC-45FE-8A5E-10A9E1123F64}.Release|x86.ActiveCfg = Release|Any CPU
		{8DF1ECC6-36DC-45FE-8A5E-10A9E1123F64}.Release|x86.Build.0 = Release|Any CPU
		{420D448C-C768-4844-BD49-485B9CD3116D}.Debug|Any CPU.ActiveCfg = Debug|Any CPU
		{420D448C-C768-4844-BD49-485B9CD3116D}.Debug|Any CPU.Build.0 = Debug|Any CPU
		{420D448C-C768-4844-BD49-485B9CD3116D}.Debug|arm64.ActiveCfg = Debug|Any CPU
		{420D448C-C768-4844-BD49-485B9CD3116D}.Debug|arm64.Build.0 = Debug|Any CPU
		{420D448C-C768-4844-BD49-485B9CD3116D}.Debug|x64.ActiveCfg = Debug|Any CPU
		{420D448C-C768-4844-BD49-485B9CD3116D}.Debug|x64.Build.0 = Debug|Any CPU
		{420D448C-C768-4844-BD49-485B9CD3116D}.Debug|x86.ActiveCfg = Debug|Any CPU
		{420D448C-C768-4844-BD49-485B9CD3116D}.Debug|x86.Build.0 = Debug|Any CPU
		{420D448C-C768-4844-BD49-485B9CD3116D}.Release|Any CPU.ActiveCfg = Release|Any CPU
		{420D448C-C768-4844-BD49-485B9CD3116D}.Release|Any CPU.Build.0 = Release|Any CPU
		{420D448C-C768-4844-BD49-485B9CD3116D}.Release|arm64.ActiveCfg = Release|Any CPU
		{420D448C-C768-4844-BD49-485B9CD3116D}.Release|arm64.Build.0 = Release|Any CPU
		{420D448C-C768-4844-BD49-485B9CD3116D}.Release|x64.ActiveCfg = Release|Any CPU
		{420D448C-C768-4844-BD49-485B9CD3116D}.Release|x64.Build.0 = Release|Any CPU
		{420D448C-C768-4844-BD49-485B9CD3116D}.Release|x86.ActiveCfg = Release|Any CPU
		{420D448C-C768-4844-BD49-485B9CD3116D}.Release|x86.Build.0 = Release|Any CPU
		{0DDD817E-0368-4477-AEA0-7760F8B22C70}.Debug|Any CPU.ActiveCfg = Debug|Any CPU
		{0DDD817E-0368-4477-AEA0-7760F8B22C70}.Debug|Any CPU.Build.0 = Debug|Any CPU
		{0DDD817E-0368-4477-AEA0-7760F8B22C70}.Debug|arm64.ActiveCfg = Debug|Any CPU
		{0DDD817E-0368-4477-AEA0-7760F8B22C70}.Debug|arm64.Build.0 = Debug|Any CPU
		{0DDD817E-0368-4477-AEA0-7760F8B22C70}.Debug|x64.ActiveCfg = Debug|Any CPU
		{0DDD817E-0368-4477-AEA0-7760F8B22C70}.Debug|x64.Build.0 = Debug|Any CPU
		{0DDD817E-0368-4477-AEA0-7760F8B22C70}.Debug|x86.ActiveCfg = Debug|Any CPU
		{0DDD817E-0368-4477-AEA0-7760F8B22C70}.Debug|x86.Build.0 = Debug|Any CPU
		{0DDD817E-0368-4477-AEA0-7760F8B22C70}.Release|Any CPU.ActiveCfg = Release|Any CPU
		{0DDD817E-0368-4477-AEA0-7760F8B22C70}.Release|Any CPU.Build.0 = Release|Any CPU
		{0DDD817E-0368-4477-AEA0-7760F8B22C70}.Release|arm64.ActiveCfg = Release|Any CPU
		{0DDD817E-0368-4477-AEA0-7760F8B22C70}.Release|arm64.Build.0 = Release|Any CPU
		{0DDD817E-0368-4477-AEA0-7760F8B22C70}.Release|x64.ActiveCfg = Release|Any CPU
		{0DDD817E-0368-4477-AEA0-7760F8B22C70}.Release|x64.Build.0 = Release|Any CPU
		{0DDD817E-0368-4477-AEA0-7760F8B22C70}.Release|x86.ActiveCfg = Release|Any CPU
		{0DDD817E-0368-4477-AEA0-7760F8B22C70}.Release|x86.Build.0 = Release|Any CPU
		{BB328359-ECAC-4B7F-A2FE-972CC2C4944F}.Debug|Any CPU.ActiveCfg = Debug|Any CPU
		{BB328359-ECAC-4B7F-A2FE-972CC2C4944F}.Debug|Any CPU.Build.0 = Debug|Any CPU
		{BB328359-ECAC-4B7F-A2FE-972CC2C4944F}.Debug|arm64.ActiveCfg = Debug|Any CPU
		{BB328359-ECAC-4B7F-A2FE-972CC2C4944F}.Debug|arm64.Build.0 = Debug|Any CPU
		{BB328359-ECAC-4B7F-A2FE-972CC2C4944F}.Debug|x64.ActiveCfg = Debug|Any CPU
		{BB328359-ECAC-4B7F-A2FE-972CC2C4944F}.Debug|x64.Build.0 = Debug|Any CPU
		{BB328359-ECAC-4B7F-A2FE-972CC2C4944F}.Debug|x86.ActiveCfg = Debug|Any CPU
		{BB328359-ECAC-4B7F-A2FE-972CC2C4944F}.Debug|x86.Build.0 = Debug|Any CPU
		{BB328359-ECAC-4B7F-A2FE-972CC2C4944F}.Release|Any CPU.ActiveCfg = Release|Any CPU
		{BB328359-ECAC-4B7F-A2FE-972CC2C4944F}.Release|Any CPU.Build.0 = Release|Any CPU
		{BB328359-ECAC-4B7F-A2FE-972CC2C4944F}.Release|arm64.ActiveCfg = Release|Any CPU
		{BB328359-ECAC-4B7F-A2FE-972CC2C4944F}.Release|arm64.Build.0 = Release|Any CPU
		{BB328359-ECAC-4B7F-A2FE-972CC2C4944F}.Release|x64.ActiveCfg = Release|Any CPU
		{BB328359-ECAC-4B7F-A2FE-972CC2C4944F}.Release|x64.Build.0 = Release|Any CPU
		{BB328359-ECAC-4B7F-A2FE-972CC2C4944F}.Release|x86.ActiveCfg = Release|Any CPU
		{BB328359-ECAC-4B7F-A2FE-972CC2C4944F}.Release|x86.Build.0 = Release|Any CPU
		{C3C321D8-3CA3-4714-AFF3-B71A3B819E08}.Debug|Any CPU.ActiveCfg = Debug|Any CPU
		{C3C321D8-3CA3-4714-AFF3-B71A3B819E08}.Debug|Any CPU.Build.0 = Debug|Any CPU
		{C3C321D8-3CA3-4714-AFF3-B71A3B819E08}.Debug|arm64.ActiveCfg = Debug|Any CPU
		{C3C321D8-3CA3-4714-AFF3-B71A3B819E08}.Debug|arm64.Build.0 = Debug|Any CPU
		{C3C321D8-3CA3-4714-AFF3-B71A3B819E08}.Debug|x64.ActiveCfg = Debug|Any CPU
		{C3C321D8-3CA3-4714-AFF3-B71A3B819E08}.Debug|x64.Build.0 = Debug|Any CPU
		{C3C321D8-3CA3-4714-AFF3-B71A3B819E08}.Debug|x86.ActiveCfg = Debug|Any CPU
		{C3C321D8-3CA3-4714-AFF3-B71A3B819E08}.Debug|x86.Build.0 = Debug|Any CPU
		{C3C321D8-3CA3-4714-AFF3-B71A3B819E08}.Release|Any CPU.ActiveCfg = Release|Any CPU
		{C3C321D8-3CA3-4714-AFF3-B71A3B819E08}.Release|Any CPU.Build.0 = Release|Any CPU
		{C3C321D8-3CA3-4714-AFF3-B71A3B819E08}.Release|arm64.ActiveCfg = Release|Any CPU
		{C3C321D8-3CA3-4714-AFF3-B71A3B819E08}.Release|arm64.Build.0 = Release|Any CPU
		{C3C321D8-3CA3-4714-AFF3-B71A3B819E08}.Release|x64.ActiveCfg = Release|Any CPU
		{C3C321D8-3CA3-4714-AFF3-B71A3B819E08}.Release|x64.Build.0 = Release|Any CPU
		{C3C321D8-3CA3-4714-AFF3-B71A3B819E08}.Release|x86.ActiveCfg = Release|Any CPU
		{C3C321D8-3CA3-4714-AFF3-B71A3B819E08}.Release|x86.Build.0 = Release|Any CPU
		{5BAB4FCE-2CD8-4733-9F7D-1B31BEA6DCF2}.Debug|Any CPU.ActiveCfg = Debug|Any CPU
		{5BAB4FCE-2CD8-4733-9F7D-1B31BEA6DCF2}.Debug|Any CPU.Build.0 = Debug|Any CPU
		{5BAB4FCE-2CD8-4733-9F7D-1B31BEA6DCF2}.Debug|arm64.ActiveCfg = Debug|Any CPU
		{5BAB4FCE-2CD8-4733-9F7D-1B31BEA6DCF2}.Debug|arm64.Build.0 = Debug|Any CPU
		{5BAB4FCE-2CD8-4733-9F7D-1B31BEA6DCF2}.Debug|x64.ActiveCfg = Debug|Any CPU
		{5BAB4FCE-2CD8-4733-9F7D-1B31BEA6DCF2}.Debug|x64.Build.0 = Debug|Any CPU
		{5BAB4FCE-2CD8-4733-9F7D-1B31BEA6DCF2}.Debug|x86.ActiveCfg = Debug|Any CPU
		{5BAB4FCE-2CD8-4733-9F7D-1B31BEA6DCF2}.Debug|x86.Build.0 = Debug|Any CPU
		{5BAB4FCE-2CD8-4733-9F7D-1B31BEA6DCF2}.Release|Any CPU.ActiveCfg = Release|Any CPU
		{5BAB4FCE-2CD8-4733-9F7D-1B31BEA6DCF2}.Release|Any CPU.Build.0 = Release|Any CPU
		{5BAB4FCE-2CD8-4733-9F7D-1B31BEA6DCF2}.Release|arm64.ActiveCfg = Release|Any CPU
		{5BAB4FCE-2CD8-4733-9F7D-1B31BEA6DCF2}.Release|arm64.Build.0 = Release|Any CPU
		{5BAB4FCE-2CD8-4733-9F7D-1B31BEA6DCF2}.Release|x64.ActiveCfg = Release|Any CPU
		{5BAB4FCE-2CD8-4733-9F7D-1B31BEA6DCF2}.Release|x64.Build.0 = Release|Any CPU
		{5BAB4FCE-2CD8-4733-9F7D-1B31BEA6DCF2}.Release|x86.ActiveCfg = Release|Any CPU
		{5BAB4FCE-2CD8-4733-9F7D-1B31BEA6DCF2}.Release|x86.Build.0 = Release|Any CPU
		{EE2EB14F-01BB-4A01-89F4-0CF88CBD0669}.Debug|Any CPU.ActiveCfg = Debug|Any CPU
		{EE2EB14F-01BB-4A01-89F4-0CF88CBD0669}.Debug|Any CPU.Build.0 = Debug|Any CPU
		{EE2EB14F-01BB-4A01-89F4-0CF88CBD0669}.Debug|arm64.ActiveCfg = Debug|Any CPU
		{EE2EB14F-01BB-4A01-89F4-0CF88CBD0669}.Debug|arm64.Build.0 = Debug|Any CPU
		{EE2EB14F-01BB-4A01-89F4-0CF88CBD0669}.Debug|x64.ActiveCfg = Debug|Any CPU
		{EE2EB14F-01BB-4A01-89F4-0CF88CBD0669}.Debug|x64.Build.0 = Debug|Any CPU
		{EE2EB14F-01BB-4A01-89F4-0CF88CBD0669}.Debug|x86.ActiveCfg = Debug|Any CPU
		{EE2EB14F-01BB-4A01-89F4-0CF88CBD0669}.Debug|x86.Build.0 = Debug|Any CPU
		{EE2EB14F-01BB-4A01-89F4-0CF88CBD0669}.Release|Any CPU.ActiveCfg = Release|Any CPU
		{EE2EB14F-01BB-4A01-89F4-0CF88CBD0669}.Release|Any CPU.Build.0 = Release|Any CPU
		{EE2EB14F-01BB-4A01-89F4-0CF88CBD0669}.Release|arm64.ActiveCfg = Release|Any CPU
		{EE2EB14F-01BB-4A01-89F4-0CF88CBD0669}.Release|arm64.Build.0 = Release|Any CPU
		{EE2EB14F-01BB-4A01-89F4-0CF88CBD0669}.Release|x64.ActiveCfg = Release|Any CPU
		{EE2EB14F-01BB-4A01-89F4-0CF88CBD0669}.Release|x64.Build.0 = Release|Any CPU
		{EE2EB14F-01BB-4A01-89F4-0CF88CBD0669}.Release|x86.ActiveCfg = Release|Any CPU
		{EE2EB14F-01BB-4A01-89F4-0CF88CBD0669}.Release|x86.Build.0 = Release|Any CPU
	EndGlobalSection
	GlobalSection(SolutionProperties) = preSolution
		HideSolutionNode = FALSE
	EndGlobalSection
	GlobalSection(NestedProjects) = preSolution
		{F075631F-6FB6-476C-8007-491F72A70B15} = {B9B91410-6F69-4DB0-A917-646B729F2467}
		{9852BF4B-DB31-4279-94C1-95343B48AD74} = {B9B91410-6F69-4DB0-A917-646B729F2467}
		{B6C4869B-599D-441C-8AE2-83AA0BFB2107} = {B9B91410-6F69-4DB0-A917-646B729F2467}
		{5C5CC19E-F676-4440-82E3-B95B2761AFCF} = {B9B91410-6F69-4DB0-A917-646B729F2467}
		{02579EDA-3AF9-42FE-9074-A8F45C51B1D4} = {E58CD4B4-2B35-4D47-9AAD-34016C194D3F}
		{CD652080-C1B8-4A5F-B97B-7E8C6B9D5028} = {E58CD4B4-2B35-4D47-9AAD-34016C194D3F}
		{84726BD4-BB63-476E-9BD5-8FEC6F773DF5} = {9852BF4B-DB31-4279-94C1-95343B48AD74}
		{0DDEDE21-68A8-4DE4-A001-68AB730EF7EA} = {9852BF4B-DB31-4279-94C1-95343B48AD74}
		{8DF1ECC6-36DC-45FE-8A5E-10A9E1123F64} = {9852BF4B-DB31-4279-94C1-95343B48AD74}
		{420D448C-C768-4844-BD49-485B9CD3116D} = {9852BF4B-DB31-4279-94C1-95343B48AD74}
		{0DDD817E-0368-4477-AEA0-7760F8B22C70} = {F075631F-6FB6-476C-8007-491F72A70B15}
		{BB328359-ECAC-4B7F-A2FE-972CC2C4944F} = {98754DD8-C793-49EF-A506-F120FEBA666A}
		{C3C321D8-3CA3-4714-AFF3-B71A3B819E08} = {98754DD8-C793-49EF-A506-F120FEBA666A}
		{5BAB4FCE-2CD8-4733-9F7D-1B31BEA6DCF2} = {98754DD8-C793-49EF-A506-F120FEBA666A}
		{EE2EB14F-01BB-4A01-89F4-0CF88CBD0669} = {B9B91410-6F69-4DB0-A917-646B729F2467}
	EndGlobalSection
	GlobalSection(ExtensibilityGlobals) = postSolution
		SolutionGuid = {4C6F8CF1-CF97-4BED-9F5B-F97F15C166EC}
	EndGlobalSection
EndGlobal
